// !$*UTF8*$!
{
	archiveVersion = 1;
	classes = {
	};
	objectVersion = 63;
	objects = {

/* Begin PBXBuildFile section */
		2F20FDE02BE431B600B30302 /* WidgetKit.framework in Frameworks */ = {isa = PBXBuildFile; fileRef = 2F47730C2BE430FC00EC6E07 /* WidgetKit.framework */; };
		2F20FDE12BE431B600B30302 /* SwiftUI.framework in Frameworks */ = {isa = PBXBuildFile; fileRef = 2F47730E2BE430FC00EC6E07 /* SwiftUI.framework */; };
		2F20FDE42BE431B600B30302 /* MissionInfoBundle.swift in Sources */ = {isa = PBXBuildFile; fileRef = 2F20FDE32BE431B600B30302 /* MissionInfoBundle.swift */; };
		2F20FDE62BE431B600B30302 /* MissionInfo.swift in Sources */ = {isa = PBXBuildFile; fileRef = 2F20FDE52BE431B600B30302 /* MissionInfo.swift */; };
		2F20FDEA2BE431B700B30302 /* Assets.xcassets in Resources */ = {isa = PBXBuildFile; fileRef = 2F20FDE92BE431B700B30302 /* Assets.xcassets */; };
		2F20FDEF2BE431B700B30302 /* MissionInfoExtension.appex in Embed Foundation Extensions */ = {isa = PBXBuildFile; fileRef = 2F20FDDF2BE431B600B30302 /* MissionInfoExtension.appex */; settings = {ATTRIBUTES = (RemoveHeadersOnCopy, ); }; };
		2F20FDF32BE432FF00B30302 /* ei.pb.swift in Sources */ = {isa = PBXBuildFile; fileRef = 2F4772EA2BE4231F00EC6E07 /* ei.pb.swift */; };
		2F20FDF92BE43CAF00B30302 /* API.swift in Sources */ = {isa = PBXBuildFile; fileRef = 2F20FDF82BE43C1700B30302 /* API.swift */; };
		2F22B0E52BEAD47300627D5F /* WhatNext.swift in Sources */ = {isa = PBXBuildFile; fileRef = 2F22B0E42BEAD47300627D5F /* WhatNext.swift */; };
		2F22B0E92BEBF24A00627D5F /* FuelList.swift in Sources */ = {isa = PBXBuildFile; fileRef = 2F22B0E82BEBF24A00627D5F /* FuelList.swift */; };
		2F4772DA2BE41E9600EC6E07 /* WidgetEggApp.swift in Sources */ = {isa = PBXBuildFile; fileRef = 2F4772D92BE41E9600EC6E07 /* WidgetEggApp.swift */; };
		2F4772DC2BE41E9600EC6E07 /* HomeView.swift in Sources */ = {isa = PBXBuildFile; fileRef = 2F4772DB2BE41E9600EC6E07 /* HomeView.swift */; };
		2F4772EB2BE4231F00EC6E07 /* ei.pb.swift in Sources */ = {isa = PBXBuildFile; fileRef = 2F4772EA2BE4231F00EC6E07 /* ei.pb.swift */; };
		2F4A7F742BE55BB900AD68A0 /* Provider.swift in Sources */ = {isa = PBXBuildFile; fileRef = 2F4A7F722BE55B9C00AD68A0 /* Provider.swift */; };
		2F4A7F772BE55BE500AD68A0 /* MissionInfoEntry.swift in Sources */ = {isa = PBXBuildFile; fileRef = 2F4A7F752BE55BE100AD68A0 /* MissionInfoEntry.swift */; };
		2F4A7F7C2BE55C6B00AD68A0 /* Extensions.swift in Sources */ = {isa = PBXBuildFile; fileRef = 2F4A7F782BE55BFF00AD68A0 /* Extensions.swift */; };
		2F4A7F7D2BE55C6F00AD68A0 /* MissionInfoEntryView.swift in Sources */ = {isa = PBXBuildFile; fileRef = 2F4A7F7A2BE55C5800AD68A0 /* MissionInfoEntryView.swift */; };
		2F4A7F7F2BE55C8A00AD68A0 /* MissionInfoSmall.swift in Sources */ = {isa = PBXBuildFile; fileRef = 2F4A7F7E2BE55C8A00AD68A0 /* MissionInfoSmall.swift */; };
		2F4A7F812BE55CA400AD68A0 /* MissionInfoMedium.swift in Sources */ = {isa = PBXBuildFile; fileRef = 2F4A7F802BE55CA400AD68A0 /* MissionInfoMedium.swift */; };
		2F4A7F832BE55CCA00AD68A0 /* MissionInfoEmpty.swift in Sources */ = {isa = PBXBuildFile; fileRef = 2F4A7F822BE55CCA00AD68A0 /* MissionInfoEmpty.swift */; };
		2F4A7F852BE55D2700AD68A0 /* CustomGauge.swift in Sources */ = {isa = PBXBuildFile; fileRef = 2F4A7F842BE55D2700AD68A0 /* CustomGauge.swift */; };
		2F4A7F872BE55E6500AD68A0 /* SignedOutView.swift in Sources */ = {isa = PBXBuildFile; fileRef = 2F4A7F862BE55E6500AD68A0 /* SignedOutView.swift */; };
		2F4A7F8B2BE56DE200AD68A0 /* Extensions.swift in Sources */ = {isa = PBXBuildFile; fileRef = 2F4A7F782BE55BFF00AD68A0 /* Extensions.swift */; };
		2F4A7F8D2BE5780700AD68A0 /* EIDHelp.swift in Sources */ = {isa = PBXBuildFile; fileRef = 2F4A7F8C2BE5780700AD68A0 /* EIDHelp.swift */; };
		2F4D91442BEE803700C6899F /* Numbers.swift in Sources */ = {isa = PBXBuildFile; fileRef = 2F4D91432BEE803700C6899F /* Numbers.swift */; };
		2F4D91452BEE803A00C6899F /* ArtifactInfo.swift in Sources */ = {isa = PBXBuildFile; fileRef = 2F4D91412BEE7F9A00C6899F /* ArtifactInfo.swift */; };
		2F4D91462BEE805600C6899F /* API.swift in Sources */ = {isa = PBXBuildFile; fileRef = 2F20FDF82BE43C1700B30302 /* API.swift */; };
		2F4D91472BEE805D00C6899F /* ArtifactInfo.swift in Sources */ = {isa = PBXBuildFile; fileRef = 2F4D91412BEE7F9A00C6899F /* ArtifactInfo.swift */; };
		2F4D91492BEE80A600C6899F /* UI.swift in Sources */ = {isa = PBXBuildFile; fileRef = 2F4D91482BEE80A600C6899F /* UI.swift */; };
		2F4D914A2BEE815200C6899F /* UI.swift in Sources */ = {isa = PBXBuildFile; fileRef = 2F4D91482BEE80A600C6899F /* UI.swift */; };
		2F4D914B2BEE815400C6899F /* Numbers.swift in Sources */ = {isa = PBXBuildFile; fileRef = 2F4D91432BEE803700C6899F /* Numbers.swift */; };
		2F4D914E2BEE823E00C6899F /* MediumGauge.swift in Sources */ = {isa = PBXBuildFile; fileRef = 2F4D914D2BEE823E00C6899F /* MediumGauge.swift */; };
		2F544BCE2BE5BE7500A83B15 /* Assets.xcassets in Resources */ = {isa = PBXBuildFile; fileRef = 2F544BCD2BE5BE7500A83B15 /* Assets.xcassets */; };
		2F544BCF2BE5CE6200A83B15 /* Assets.xcassets in Resources */ = {isa = PBXBuildFile; fileRef = 2F544BCD2BE5BE7500A83B15 /* Assets.xcassets */; };
		2F546F0C2BE487860009DBEF /* SwiftProtobuf in Frameworks */ = {isa = PBXBuildFile; productRef = 2F546F0B2BE487860009DBEF /* SwiftProtobuf */; };
		2F546F0E2BE487860009DBEF /* SwiftProtobufPluginLibrary in Frameworks */ = {isa = PBXBuildFile; productRef = 2F546F0D2BE487860009DBEF /* SwiftProtobufPluginLibrary */; };
		2F546F102BE487FC0009DBEF /* SwiftProtobuf in Frameworks */ = {isa = PBXBuildFile; productRef = 2F546F0F2BE487FC0009DBEF /* SwiftProtobuf */; };
		2F546F122BE487FC0009DBEF /* SwiftProtobufPluginLibrary in Frameworks */ = {isa = PBXBuildFile; productRef = 2F546F112BE487FC0009DBEF /* SwiftProtobufPluginLibrary */; };
		2F96C9C12C195DDF008C7708 /* SecureAPI.swift in Sources */ = {isa = PBXBuildFile; fileRef = 2F96C9C02C195DDF008C7708 /* SecureAPI.swift */; };
		2F96C9C22C195DDF008C7708 /* SecureAPI.swift in Sources */ = {isa = PBXBuildFile; fileRef = 2F96C9C02C195DDF008C7708 /* SecureAPI.swift */; };
		2F96C9C32C195DDF008C7708 /* SecureAPI.swift in Sources */ = {isa = PBXBuildFile; fileRef = 2F96C9C02C195DDF008C7708 /* SecureAPI.swift */; };
		2F96C9C42C195DDF008C7708 /* SecureAPI.swift in Sources */ = {isa = PBXBuildFile; fileRef = 2F96C9C02C195DDF008C7708 /* SecureAPI.swift */; };
		2FA3474F2BE7D0FA00C30E7B /* SettingsView.swift in Sources */ = {isa = PBXBuildFile; fileRef = 2FA3474E2BE7D0FA00C30E7B /* SettingsView.swift */; };
		2FE6749F2C18C12700B0D2E1 /* WidgetEggWatchApp.swift in Sources */ = {isa = PBXBuildFile; fileRef = 2FE6749E2C18C12700B0D2E1 /* WidgetEggWatchApp.swift */; };
		2FE674AA2C18C12800B0D2E1 /* WidgetEggWatch.app in Embed Watch Content */ = {isa = PBXBuildFile; fileRef = 2FE6749C2C18C12700B0D2E1 /* WidgetEggWatch.app */; settings = {ATTRIBUTES = (RemoveHeadersOnCopy, ); }; };
		2FE674B32C18C16D00B0D2E1 /* CustomGauge.swift in Sources */ = {isa = PBXBuildFile; fileRef = 2F4A7F842BE55D2700AD68A0 /* CustomGauge.swift */; };
		2FE674B42C18C16D00B0D2E1 /* FuelList.swift in Sources */ = {isa = PBXBuildFile; fileRef = 2F22B0E82BEBF24A00627D5F /* FuelList.swift */; };
		2FE674B52C18C16D00B0D2E1 /* Numbers.swift in Sources */ = {isa = PBXBuildFile; fileRef = 2F4D91432BEE803700C6899F /* Numbers.swift */; };
		2FE674B62C18C16D00B0D2E1 /* ei.pb.swift in Sources */ = {isa = PBXBuildFile; fileRef = 2F4772EA2BE4231F00EC6E07 /* ei.pb.swift */; };
		2FE674B72C18C16D00B0D2E1 /* MissionInfoEmpty.swift in Sources */ = {isa = PBXBuildFile; fileRef = 2F4A7F822BE55CCA00AD68A0 /* MissionInfoEmpty.swift */; };
		2FE674B82C18C16D00B0D2E1 /* MissionInfoEntryView.swift in Sources */ = {isa = PBXBuildFile; fileRef = 2F4A7F7A2BE55C5800AD68A0 /* MissionInfoEntryView.swift */; };
		2FE674B92C18C16D00B0D2E1 /* UI.swift in Sources */ = {isa = PBXBuildFile; fileRef = 2F4D91482BEE80A600C6899F /* UI.swift */; };
		2FE674BA2C18C16D00B0D2E1 /* MissionInfo.swift in Sources */ = {isa = PBXBuildFile; fileRef = 2F20FDE52BE431B600B30302 /* MissionInfo.swift */; };
		2FE674BB2C18C16D00B0D2E1 /* ArtifactInfo.swift in Sources */ = {isa = PBXBuildFile; fileRef = 2F4D91412BEE7F9A00C6899F /* ArtifactInfo.swift */; };
		2FE674BC2C18C16D00B0D2E1 /* SignedOutView.swift in Sources */ = {isa = PBXBuildFile; fileRef = 2F4A7F862BE55E6500AD68A0 /* SignedOutView.swift */; };
		2FE674BD2C18C16D00B0D2E1 /* MissionInfoBundle.swift in Sources */ = {isa = PBXBuildFile; fileRef = 2F20FDE32BE431B600B30302 /* MissionInfoBundle.swift */; };
		2FE674BE2C18C16D00B0D2E1 /* MissionInfoEntry.swift in Sources */ = {isa = PBXBuildFile; fileRef = 2F4A7F752BE55BE100AD68A0 /* MissionInfoEntry.swift */; };
		2FE674BF2C18C16D00B0D2E1 /* Provider.swift in Sources */ = {isa = PBXBuildFile; fileRef = 2F4A7F722BE55B9C00AD68A0 /* Provider.swift */; };
		2FE674C02C18C16D00B0D2E1 /* MediumGauge.swift in Sources */ = {isa = PBXBuildFile; fileRef = 2F4D914D2BEE823E00C6899F /* MediumGauge.swift */; };
		2FE674C12C18C16D00B0D2E1 /* MissionInfoMedium.swift in Sources */ = {isa = PBXBuildFile; fileRef = 2F4A7F802BE55CA400AD68A0 /* MissionInfoMedium.swift */; };
		2FE674C22C18C16D00B0D2E1 /* API.swift in Sources */ = {isa = PBXBuildFile; fileRef = 2F20FDF82BE43C1700B30302 /* API.swift */; };
		2FE674C42C18C16D00B0D2E1 /* Extensions.swift in Sources */ = {isa = PBXBuildFile; fileRef = 2F4A7F782BE55BFF00AD68A0 /* Extensions.swift */; };
		2FE674C52C18C16D00B0D2E1 /* MissionInfoSmall.swift in Sources */ = {isa = PBXBuildFile; fileRef = 2F4A7F7E2BE55C8A00AD68A0 /* MissionInfoSmall.swift */; };
		2FE674C72C18C16D00B0D2E1 /* SwiftProtobufPluginLibrary in Frameworks */ = {isa = PBXBuildFile; productRef = 2FE674B12C18C16D00B0D2E1 /* SwiftProtobufPluginLibrary */; };
		2FE674C82C18C16D00B0D2E1 /* SwiftUI.framework in Frameworks */ = {isa = PBXBuildFile; fileRef = 2F47730E2BE430FC00EC6E07 /* SwiftUI.framework */; };
		2FE674C92C18C16D00B0D2E1 /* WidgetKit.framework in Frameworks */ = {isa = PBXBuildFile; fileRef = 2F47730C2BE430FC00EC6E07 /* WidgetKit.framework */; };
		2FE674CA2C18C16D00B0D2E1 /* SwiftProtobuf in Frameworks */ = {isa = PBXBuildFile; productRef = 2FE674AF2C18C16D00B0D2E1 /* SwiftProtobuf */; };
		2FE674CC2C18C16D00B0D2E1 /* Assets.xcassets in Resources */ = {isa = PBXBuildFile; fileRef = 2F544BCD2BE5BE7500A83B15 /* Assets.xcassets */; };
		2FE674CD2C18C16D00B0D2E1 /* Assets.xcassets in Resources */ = {isa = PBXBuildFile; fileRef = 2F20FDE92BE431B700B30302 /* Assets.xcassets */; };
		2FE674D32C18C21100B0D2E1 /* MissionInfoWatchExtension.appex in Embed Foundation Extensions */ = {isa = PBXBuildFile; fileRef = 2FE674D12C18C16D00B0D2E1 /* MissionInfoWatchExtension.appex */; settings = {ATTRIBUTES = (RemoveHeadersOnCopy, ); }; };
		2FE674DF2C18CA0200B0D2E1 /* HomeView.swift in Sources */ = {isa = PBXBuildFile; fileRef = 2F4772DB2BE41E9600EC6E07 /* HomeView.swift */; };
		2FE674E02C18CA0800B0D2E1 /* SettingsView.swift in Sources */ = {isa = PBXBuildFile; fileRef = 2FA3474E2BE7D0FA00C30E7B /* SettingsView.swift */; };
		2FE674E12C18CA0E00B0D2E1 /* WhatNext.swift in Sources */ = {isa = PBXBuildFile; fileRef = 2F22B0E42BEAD47300627D5F /* WhatNext.swift */; };
		2FE674E22C18CA1200B0D2E1 /* EIDHelp.swift in Sources */ = {isa = PBXBuildFile; fileRef = 2F4A7F8C2BE5780700AD68A0 /* EIDHelp.swift */; };
		2FE674E32C18CA4500B0D2E1 /* API.swift in Sources */ = {isa = PBXBuildFile; fileRef = 2F20FDF82BE43C1700B30302 /* API.swift */; };
		2FE674E42C18CAB800B0D2E1 /* Assets.xcassets in Resources */ = {isa = PBXBuildFile; fileRef = 2F544BCD2BE5BE7500A83B15 /* Assets.xcassets */; };
		2FE674E52C18CACB00B0D2E1 /* ei.pb.swift in Sources */ = {isa = PBXBuildFile; fileRef = 2F4772EA2BE4231F00EC6E07 /* ei.pb.swift */; };
		2FE674E62C18CAD900B0D2E1 /* Numbers.swift in Sources */ = {isa = PBXBuildFile; fileRef = 2F4D91432BEE803700C6899F /* Numbers.swift */; };
		2FE674E82C18CAF000B0D2E1 /* ArtifactInfo.swift in Sources */ = {isa = PBXBuildFile; fileRef = 2F4D91412BEE7F9A00C6899F /* ArtifactInfo.swift */; };
		2FE674E92C18CB5100B0D2E1 /* Extensions.swift in Sources */ = {isa = PBXBuildFile; fileRef = 2F4A7F782BE55BFF00AD68A0 /* Extensions.swift */; };
		2FE674EB2C18CBE800B0D2E1 /* SwiftProtobuf in Frameworks */ = {isa = PBXBuildFile; productRef = 2FE674EA2C18CBE800B0D2E1 /* SwiftProtobuf */; };
		2FE674ED2C18CBE800B0D2E1 /* SwiftProtobufPluginLibrary in Frameworks */ = {isa = PBXBuildFile; productRef = 2FE674EC2C18CBE800B0D2E1 /* SwiftProtobufPluginLibrary */; };
		2FE674EF2C18CCB100B0D2E1 /* MissionInfoAccessoryRectangular.swift in Sources */ = {isa = PBXBuildFile; fileRef = 2FE674EE2C18CCA300B0D2E1 /* MissionInfoAccessoryRectangular.swift */; };
		2FE674F02C18CCB100B0D2E1 /* MissionInfoAccessoryRectangular.swift in Sources */ = {isa = PBXBuildFile; fileRef = 2FE674EE2C18CCA300B0D2E1 /* MissionInfoAccessoryRectangular.swift */; };
		2FE674F22C18D66200B0D2E1 /* UI.swift in Sources */ = {isa = PBXBuildFile; fileRef = 2F4D91482BEE80A600C6899F /* UI.swift */; };
		2FE674F72C18FC8800B0D2E1 /* MissionInfoAccessoryCircular.swift in Sources */ = {isa = PBXBuildFile; fileRef = 2FE674F62C18FC8300B0D2E1 /* MissionInfoAccessoryCircular.swift */; };
		2FE674F82C18FC8800B0D2E1 /* MissionInfoAccessoryCircular.swift in Sources */ = {isa = PBXBuildFile; fileRef = 2FE674F62C18FC8300B0D2E1 /* MissionInfoAccessoryCircular.swift */; };
		2FE674FA2C190DB600B0D2E1 /* MissionInfoAccessoryCorner.swift in Sources */ = {isa = PBXBuildFile; fileRef = 2FE674F92C190DB200B0D2E1 /* MissionInfoAccessoryCorner.swift */; };
		2FE674FB2C190DB600B0D2E1 /* MissionInfoAccessoryCorner.swift in Sources */ = {isa = PBXBuildFile; fileRef = 2FE674F92C190DB200B0D2E1 /* MissionInfoAccessoryCorner.swift */; };
/* End PBXBuildFile section */

/* Begin PBXContainerItemProxy section */
		2F20FDED2BE431B700B30302 /* PBXContainerItemProxy */ = {
			isa = PBXContainerItemProxy;
			containerPortal = 2F4772CE2BE41E9600EC6E07 /* Project object */;
			proxyType = 1;
			remoteGlobalIDString = 2F20FDDE2BE431B600B30302;
			remoteInfo = MissionInfoExtension;
		};
		2FE674A72C18C12800B0D2E1 /* PBXContainerItemProxy */ = {
			isa = PBXContainerItemProxy;
			containerPortal = 2F4772CE2BE41E9600EC6E07 /* Project object */;
			proxyType = 1;
			remoteGlobalIDString = 2FE6749B2C18C12700B0D2E1;
			remoteInfo = "WidgetEggWatch Watch App";
		};
		2FE674D42C18C21100B0D2E1 /* PBXContainerItemProxy */ = {
			isa = PBXContainerItemProxy;
			containerPortal = 2F4772CE2BE41E9600EC6E07 /* Project object */;
			proxyType = 1;
			remoteGlobalIDString = 2FE674AE2C18C16D00B0D2E1;
			remoteInfo = MissionInfoWatchExtension;
		};
/* End PBXContainerItemProxy section */

/* Begin PBXCopyFilesBuildPhase section */
		2F4773212BE430FD00EC6E07 /* Embed Foundation Extensions */ = {
			isa = PBXCopyFilesBuildPhase;
			buildActionMask = 2147483647;
			dstPath = "";
			dstSubfolderSpec = 13;
			files = (
				2F20FDEF2BE431B700B30302 /* MissionInfoExtension.appex in Embed Foundation Extensions */,
			);
			name = "Embed Foundation Extensions";
			runOnlyForDeploymentPostprocessing = 0;
		};
		2FE674A92C18C12800B0D2E1 /* Embed Watch Content */ = {
			isa = PBXCopyFilesBuildPhase;
			buildActionMask = 2147483647;
			dstPath = "$(CONTENTS_FOLDER_PATH)/Watch";
			dstSubfolderSpec = 16;
			files = (
				2FE674AA2C18C12800B0D2E1 /* WidgetEggWatch.app in Embed Watch Content */,
			);
			name = "Embed Watch Content";
			runOnlyForDeploymentPostprocessing = 0;
		};
		2FE674D62C18C21100B0D2E1 /* Embed Foundation Extensions */ = {
			isa = PBXCopyFilesBuildPhase;
			buildActionMask = 2147483647;
			dstPath = "";
			dstSubfolderSpec = 13;
			files = (
				2FE674D32C18C21100B0D2E1 /* MissionInfoWatchExtension.appex in Embed Foundation Extensions */,
			);
			name = "Embed Foundation Extensions";
			runOnlyForDeploymentPostprocessing = 0;
		};
/* End PBXCopyFilesBuildPhase section */

/* Begin PBXFileReference section */
		2F117C2F2C1A2FF500226CEF /* Info.plist */ = {isa = PBXFileReference; lastKnownFileType = text.plist.xml; path = Info.plist; sourceTree = "<group>"; };
		2F1830112C1A0B5000119A88 /* ci_pre_xcodebuild.sh */ = {isa = PBXFileReference; lastKnownFileType = text.script.sh; path = ci_pre_xcodebuild.sh; sourceTree = "<group>"; };
		2F20FDDF2BE431B600B30302 /* MissionInfoExtension.appex */ = {isa = PBXFileReference; explicitFileType = "wrapper.app-extension"; includeInIndex = 0; path = MissionInfoExtension.appex; sourceTree = BUILT_PRODUCTS_DIR; };
		2F20FDE32BE431B600B30302 /* MissionInfoBundle.swift */ = {isa = PBXFileReference; lastKnownFileType = sourcecode.swift; path = MissionInfoBundle.swift; sourceTree = "<group>"; };
		2F20FDE52BE431B600B30302 /* MissionInfo.swift */ = {isa = PBXFileReference; lastKnownFileType = sourcecode.swift; path = MissionInfo.swift; sourceTree = "<group>"; };
		2F20FDE92BE431B700B30302 /* Assets.xcassets */ = {isa = PBXFileReference; lastKnownFileType = folder.assetcatalog; path = Assets.xcassets; sourceTree = "<group>"; };
		2F20FDEC2BE431B700B30302 /* MissionInfo.entitlements */ = {isa = PBXFileReference; lastKnownFileType = text.plist.entitlements; path = MissionInfo.entitlements; sourceTree = "<group>"; };
		2F20FDF82BE43C1700B30302 /* API.swift */ = {isa = PBXFileReference; lastKnownFileType = sourcecode.swift; path = API.swift; sourceTree = "<group>"; };
		2F22B0E42BEAD47300627D5F /* WhatNext.swift */ = {isa = PBXFileReference; lastKnownFileType = sourcecode.swift; path = WhatNext.swift; sourceTree = "<group>"; };
		2F22B0E82BEBF24A00627D5F /* FuelList.swift */ = {isa = PBXFileReference; lastKnownFileType = sourcecode.swift; path = FuelList.swift; sourceTree = "<group>"; };
		2F4772D62BE41E9600EC6E07 /* WidgetEgg.app */ = {isa = PBXFileReference; explicitFileType = wrapper.application; includeInIndex = 0; path = WidgetEgg.app; sourceTree = BUILT_PRODUCTS_DIR; };
		2F4772D92BE41E9600EC6E07 /* WidgetEggApp.swift */ = {isa = PBXFileReference; lastKnownFileType = sourcecode.swift; path = WidgetEggApp.swift; sourceTree = "<group>"; };
		2F4772DB2BE41E9600EC6E07 /* HomeView.swift */ = {isa = PBXFileReference; lastKnownFileType = sourcecode.swift; path = HomeView.swift; sourceTree = "<group>"; };
		2F4772EA2BE4231F00EC6E07 /* ei.pb.swift */ = {isa = PBXFileReference; fileEncoding = 4; lastKnownFileType = sourcecode.swift; path = ei.pb.swift; sourceTree = "<group>"; };
		2F47730C2BE430FC00EC6E07 /* WidgetKit.framework */ = {isa = PBXFileReference; lastKnownFileType = wrapper.framework; name = WidgetKit.framework; path = /System/Library/Frameworks/WidgetKit.framework; sourceTree = "<absolute>"; };
		2F47730E2BE430FC00EC6E07 /* SwiftUI.framework */ = {isa = PBXFileReference; lastKnownFileType = wrapper.framework; name = SwiftUI.framework; path = /System/Library/Frameworks/SwiftUI.framework; sourceTree = "<absolute>"; };
		2F4A7F722BE55B9C00AD68A0 /* Provider.swift */ = {isa = PBXFileReference; lastKnownFileType = sourcecode.swift; path = Provider.swift; sourceTree = "<group>"; };
		2F4A7F752BE55BE100AD68A0 /* MissionInfoEntry.swift */ = {isa = PBXFileReference; lastKnownFileType = sourcecode.swift; path = MissionInfoEntry.swift; sourceTree = "<group>"; };
		2F4A7F782BE55BFF00AD68A0 /* Extensions.swift */ = {isa = PBXFileReference; lastKnownFileType = sourcecode.swift; path = Extensions.swift; sourceTree = "<group>"; };
		2F4A7F7A2BE55C5800AD68A0 /* MissionInfoEntryView.swift */ = {isa = PBXFileReference; lastKnownFileType = sourcecode.swift; path = MissionInfoEntryView.swift; sourceTree = "<group>"; };
		2F4A7F7E2BE55C8A00AD68A0 /* MissionInfoSmall.swift */ = {isa = PBXFileReference; lastKnownFileType = sourcecode.swift; path = MissionInfoSmall.swift; sourceTree = "<group>"; };
		2F4A7F802BE55CA400AD68A0 /* MissionInfoMedium.swift */ = {isa = PBXFileReference; lastKnownFileType = sourcecode.swift; path = MissionInfoMedium.swift; sourceTree = "<group>"; };
		2F4A7F822BE55CCA00AD68A0 /* MissionInfoEmpty.swift */ = {isa = PBXFileReference; lastKnownFileType = sourcecode.swift; path = MissionInfoEmpty.swift; sourceTree = "<group>"; };
		2F4A7F842BE55D2700AD68A0 /* CustomGauge.swift */ = {isa = PBXFileReference; lastKnownFileType = sourcecode.swift; path = CustomGauge.swift; sourceTree = "<group>"; };
		2F4A7F862BE55E6500AD68A0 /* SignedOutView.swift */ = {isa = PBXFileReference; lastKnownFileType = sourcecode.swift; path = SignedOutView.swift; sourceTree = "<group>"; };
		2F4A7F882BE5624F00AD68A0 /* WidgetEgg.entitlements */ = {isa = PBXFileReference; lastKnownFileType = text.plist.entitlements; path = WidgetEgg.entitlements; sourceTree = "<group>"; };
		2F4A7F8C2BE5780700AD68A0 /* EIDHelp.swift */ = {isa = PBXFileReference; lastKnownFileType = sourcecode.swift; path = EIDHelp.swift; sourceTree = "<group>"; };
		2F4D91412BEE7F9A00C6899F /* ArtifactInfo.swift */ = {isa = PBXFileReference; lastKnownFileType = sourcecode.swift; path = ArtifactInfo.swift; sourceTree = "<group>"; };
		2F4D91432BEE803700C6899F /* Numbers.swift */ = {isa = PBXFileReference; lastKnownFileType = sourcecode.swift; path = Numbers.swift; sourceTree = "<group>"; };
		2F4D91482BEE80A600C6899F /* UI.swift */ = {isa = PBXFileReference; lastKnownFileType = sourcecode.swift; path = UI.swift; sourceTree = "<group>"; };
		2F4D914D2BEE823E00C6899F /* MediumGauge.swift */ = {isa = PBXFileReference; lastKnownFileType = sourcecode.swift; path = MediumGauge.swift; sourceTree = "<group>"; };
		2F544BCD2BE5BE7500A83B15 /* Assets.xcassets */ = {isa = PBXFileReference; lastKnownFileType = folder.assetcatalog; path = Assets.xcassets; sourceTree = "<group>"; };
		2F96C9C02C195DDF008C7708 /* SecureAPI.swift */ = {isa = PBXFileReference; lastKnownFileType = sourcecode.swift; path = SecureAPI.swift; sourceTree = "<group>"; };
		2FA3474E2BE7D0FA00C30E7B /* SettingsView.swift */ = {isa = PBXFileReference; lastKnownFileType = sourcecode.swift; path = SettingsView.swift; sourceTree = "<group>"; };
		2FE6749C2C18C12700B0D2E1 /* WidgetEggWatch.app */ = {isa = PBXFileReference; explicitFileType = wrapper.application; includeInIndex = 0; path = WidgetEggWatch.app; sourceTree = BUILT_PRODUCTS_DIR; };
		2FE6749E2C18C12700B0D2E1 /* WidgetEggWatchApp.swift */ = {isa = PBXFileReference; lastKnownFileType = sourcecode.swift; path = WidgetEggWatchApp.swift; sourceTree = "<group>"; };
		2FE674D12C18C16D00B0D2E1 /* MissionInfoWatchExtension.appex */ = {isa = PBXFileReference; explicitFileType = "wrapper.app-extension"; includeInIndex = 0; path = MissionInfoWatchExtension.appex; sourceTree = BUILT_PRODUCTS_DIR; };
		2FE674DE2C18C95000B0D2E1 /* WidgetEggWatch.entitlements */ = {isa = PBXFileReference; lastKnownFileType = text.plist.entitlements; path = WidgetEggWatch.entitlements; sourceTree = "<group>"; };
		2FE674EE2C18CCA300B0D2E1 /* MissionInfoAccessoryRectangular.swift */ = {isa = PBXFileReference; lastKnownFileType = sourcecode.swift; path = MissionInfoAccessoryRectangular.swift; sourceTree = "<group>"; };
		2FE674F62C18FC8300B0D2E1 /* MissionInfoAccessoryCircular.swift */ = {isa = PBXFileReference; lastKnownFileType = sourcecode.swift; path = MissionInfoAccessoryCircular.swift; sourceTree = "<group>"; };
		2FE674F92C190DB200B0D2E1 /* MissionInfoAccessoryCorner.swift */ = {isa = PBXFileReference; lastKnownFileType = sourcecode.swift; path = MissionInfoAccessoryCorner.swift; sourceTree = "<group>"; };
/* End PBXFileReference section */

/* Begin PBXFrameworksBuildPhase section */
		2F20FDDC2BE431B600B30302 /* Frameworks */ = {
			isa = PBXFrameworksBuildPhase;
			buildActionMask = 2147483647;
			files = (
				2F546F0E2BE487860009DBEF /* SwiftProtobufPluginLibrary in Frameworks */,
				2F20FDE12BE431B600B30302 /* SwiftUI.framework in Frameworks */,
				2F20FDE02BE431B600B30302 /* WidgetKit.framework in Frameworks */,
				2F546F0C2BE487860009DBEF /* SwiftProtobuf in Frameworks */,
			);
			runOnlyForDeploymentPostprocessing = 0;
		};
		2F4772D32BE41E9600EC6E07 /* Frameworks */ = {
			isa = PBXFrameworksBuildPhase;
			buildActionMask = 2147483647;
			files = (
				2F546F122BE487FC0009DBEF /* SwiftProtobufPluginLibrary in Frameworks */,
				2F546F102BE487FC0009DBEF /* SwiftProtobuf in Frameworks */,
			);
			runOnlyForDeploymentPostprocessing = 0;
		};
		2FE674992C18C12700B0D2E1 /* Frameworks */ = {
			isa = PBXFrameworksBuildPhase;
			buildActionMask = 2147483647;
			files = (
				2FE674ED2C18CBE800B0D2E1 /* SwiftProtobufPluginLibrary in Frameworks */,
				2FE674EB2C18CBE800B0D2E1 /* SwiftProtobuf in Frameworks */,
			);
			runOnlyForDeploymentPostprocessing = 0;
		};
		2FE674C62C18C16D00B0D2E1 /* Frameworks */ = {
			isa = PBXFrameworksBuildPhase;
			buildActionMask = 2147483647;
			files = (
				2FE674C72C18C16D00B0D2E1 /* SwiftProtobufPluginLibrary in Frameworks */,
				2FE674C82C18C16D00B0D2E1 /* SwiftUI.framework in Frameworks */,
				2FE674C92C18C16D00B0D2E1 /* WidgetKit.framework in Frameworks */,
				2FE674CA2C18C16D00B0D2E1 /* SwiftProtobuf in Frameworks */,
			);
			runOnlyForDeploymentPostprocessing = 0;
		};
/* End PBXFrameworksBuildPhase section */

/* Begin PBXGroup section */
		2F18300F2C1A0B4100119A88 /* ci_scripts */ = {
			isa = PBXGroup;
			children = (
				2F1830112C1A0B5000119A88 /* ci_pre_xcodebuild.sh */,
			);
			path = ci_scripts;
			sourceTree = "<group>";
		};
		2F20FDE22BE431B600B30302 /* MissionInfo */ = {
			isa = PBXGroup;
			children = (
				2F4D914C2BEE820800C6899F /* Widget */,
				2F4D91402BEE7F8D00C6899F /* Data */,
				2F4A7F6D2BE55B7600AD68A0 /* Tools */,
				2F4A7F6C2BE55B6D00AD68A0 /* Views */,
				2F20FDE32BE431B600B30302 /* MissionInfoBundle.swift */,
				2F20FDE52BE431B600B30302 /* MissionInfo.swift */,
				2F20FDE92BE431B700B30302 /* Assets.xcassets */,
				2F20FDEC2BE431B700B30302 /* MissionInfo.entitlements */,
			);
			path = MissionInfo;
			sourceTree = "<group>";
		};
		2F4772CD2BE41E9600EC6E07 = {
			isa = PBXGroup;
			children = (
				2F18300F2C1A0B4100119A88 /* ci_scripts */,
				2F4772D82BE41E9600EC6E07 /* WidgetEgg */,
				2FE6749D2C18C12700B0D2E1 /* WidgetEggWatch */,
				2F20FDE22BE431B600B30302 /* MissionInfo */,
				2F4772E72BE422ED00EC6E07 /* Protobuf */,
				2F47730B2BE430FC00EC6E07 /* Frameworks */,
				2F4772D72BE41E9600EC6E07 /* Products */,
			);
			sourceTree = "<group>";
		};
		2F4772D72BE41E9600EC6E07 /* Products */ = {
			isa = PBXGroup;
			children = (
				2F4772D62BE41E9600EC6E07 /* WidgetEgg.app */,
				2F20FDDF2BE431B600B30302 /* MissionInfoExtension.appex */,
				2FE6749C2C18C12700B0D2E1 /* WidgetEggWatch.app */,
				2FE674D12C18C16D00B0D2E1 /* MissionInfoWatchExtension.appex */,
			);
			name = Products;
			sourceTree = "<group>";
		};
		2F4772D82BE41E9600EC6E07 /* WidgetEgg */ = {
			isa = PBXGroup;
			children = (
				2F4A7F882BE5624F00AD68A0 /* WidgetEgg.entitlements */,
				2F4772D92BE41E9600EC6E07 /* WidgetEggApp.swift */,
				2FE674F12C18D24500B0D2E1 /* Views */,
				2F544BCD2BE5BE7500A83B15 /* Assets.xcassets */,
				2F117C2F2C1A2FF500226CEF /* Info.plist */,
			);
			path = WidgetEgg;
			sourceTree = "<group>";
		};
		2F4772E72BE422ED00EC6E07 /* Protobuf */ = {
			isa = PBXGroup;
			children = (
				2F4772EA2BE4231F00EC6E07 /* ei.pb.swift */,
			);
			path = Protobuf;
			sourceTree = "<group>";
		};
		2F47730B2BE430FC00EC6E07 /* Frameworks */ = {
			isa = PBXGroup;
			children = (
				2F47730C2BE430FC00EC6E07 /* WidgetKit.framework */,
				2F47730E2BE430FC00EC6E07 /* SwiftUI.framework */,
			);
			name = Frameworks;
			sourceTree = "<group>";
		};
		2F4A7F6C2BE55B6D00AD68A0 /* Views */ = {
			isa = PBXGroup;
			children = (
				2FE674FF2C19265700B0D2E1 /* Main */,
				2FE674FC2C19261900B0D2E1 /* Standard */,
				2FE674FD2C19262700B0D2E1 /* Accessory */,
				2FE674FE2C19263600B0D2E1 /* Misc */,
			);
			path = Views;
			sourceTree = "<group>";
		};
		2F4A7F6D2BE55B7600AD68A0 /* Tools */ = {
			isa = PBXGroup;
			children = (
				2F20FDF82BE43C1700B30302 /* API.swift */,
				2F96C9C02C195DDF008C7708 /* SecureAPI.swift */,
				2F4D91432BEE803700C6899F /* Numbers.swift */,
				2F4D91482BEE80A600C6899F /* UI.swift */,
				2F4A7F782BE55BFF00AD68A0 /* Extensions.swift */,
			);
			path = Tools;
			sourceTree = "<group>";
		};
		2F4D91402BEE7F8D00C6899F /* Data */ = {
			isa = PBXGroup;
			children = (
				2F4D91412BEE7F9A00C6899F /* ArtifactInfo.swift */,
			);
			path = Data;
			sourceTree = "<group>";
		};
		2F4D914C2BEE820800C6899F /* Widget */ = {
			isa = PBXGroup;
			children = (
				2F4A7F722BE55B9C00AD68A0 /* Provider.swift */,
				2F4A7F752BE55BE100AD68A0 /* MissionInfoEntry.swift */,
			);
			path = Widget;
			sourceTree = "<group>";
		};
		2FE6749D2C18C12700B0D2E1 /* WidgetEggWatch */ = {
			isa = PBXGroup;
			children = (
				2FE674DE2C18C95000B0D2E1 /* WidgetEggWatch.entitlements */,
				2FE6749E2C18C12700B0D2E1 /* WidgetEggWatchApp.swift */,
			);
			path = WidgetEggWatch;
			sourceTree = SOURCE_ROOT;
		};
		2FE674F12C18D24500B0D2E1 /* Views */ = {
			isa = PBXGroup;
			children = (
				2F4772DB2BE41E9600EC6E07 /* HomeView.swift */,
				2FA3474E2BE7D0FA00C30E7B /* SettingsView.swift */,
				2F22B0E42BEAD47300627D5F /* WhatNext.swift */,
				2F4A7F8C2BE5780700AD68A0 /* EIDHelp.swift */,
			);
			path = Views;
			sourceTree = "<group>";
		};
		2FE674FC2C19261900B0D2E1 /* Standard */ = {
			isa = PBXGroup;
			children = (
				2F4A7F7E2BE55C8A00AD68A0 /* MissionInfoSmall.swift */,
				2F4A7F802BE55CA400AD68A0 /* MissionInfoMedium.swift */,
			);
			path = Standard;
			sourceTree = "<group>";
		};
		2FE674FD2C19262700B0D2E1 /* Accessory */ = {
			isa = PBXGroup;
			children = (
				2FE674EE2C18CCA300B0D2E1 /* MissionInfoAccessoryRectangular.swift */,
				2FE674F62C18FC8300B0D2E1 /* MissionInfoAccessoryCircular.swift */,
				2FE674F92C190DB200B0D2E1 /* MissionInfoAccessoryCorner.swift */,
			);
			path = Accessory;
			sourceTree = "<group>";
		};
		2FE674FE2C19263600B0D2E1 /* Misc */ = {
			isa = PBXGroup;
			children = (
				2F4A7F842BE55D2700AD68A0 /* CustomGauge.swift */,
				2F4D914D2BEE823E00C6899F /* MediumGauge.swift */,
				2F22B0E82BEBF24A00627D5F /* FuelList.swift */,
			);
			path = Misc;
			sourceTree = "<group>";
		};
		2FE674FF2C19265700B0D2E1 /* Main */ = {
			isa = PBXGroup;
			children = (
				2F4A7F7A2BE55C5800AD68A0 /* MissionInfoEntryView.swift */,
				2F4A7F822BE55CCA00AD68A0 /* MissionInfoEmpty.swift */,
				2F4A7F862BE55E6500AD68A0 /* SignedOutView.swift */,
			);
			path = Main;
			sourceTree = "<group>";
		};
/* End PBXGroup section */

/* Begin PBXNativeTarget section */
		2F20FDDE2BE431B600B30302 /* MissionInfoExtension */ = {
			isa = PBXNativeTarget;
			buildConfigurationList = 2F20FDF02BE431B700B30302 /* Build configuration list for PBXNativeTarget "MissionInfoExtension" */;
			buildPhases = (
				2F117C222C1A13B200226CEF /* ShellScript */,
				2F20FDDB2BE431B600B30302 /* Sources */,
				2F20FDDC2BE431B600B30302 /* Frameworks */,
				2F20FDDD2BE431B600B30302 /* Resources */,
			);
			buildRules = (
			);
			dependencies = (
			);
			name = MissionInfoExtension;
			packageProductDependencies = (
				2F546F0B2BE487860009DBEF /* SwiftProtobuf */,
				2F546F0D2BE487860009DBEF /* SwiftProtobufPluginLibrary */,
			);
			productName = MissionInfoExtension;
			productReference = 2F20FDDF2BE431B600B30302 /* MissionInfoExtension.appex */;
			productType = "com.apple.product-type.app-extension";
		};
		2F4772D52BE41E9600EC6E07 /* WidgetEgg */ = {
			isa = PBXNativeTarget;
			buildConfigurationList = 2F4772E42BE41E9700EC6E07 /* Build configuration list for PBXNativeTarget "WidgetEgg" */;
			buildPhases = (
				2F4772D22BE41E9600EC6E07 /* Sources */,
				2F4772D32BE41E9600EC6E07 /* Frameworks */,
				2F4772D42BE41E9600EC6E07 /* Resources */,
				2F4773212BE430FD00EC6E07 /* Embed Foundation Extensions */,
				2FE674A92C18C12800B0D2E1 /* Embed Watch Content */,
			);
			buildRules = (
			);
			dependencies = (
				2F20FDEE2BE431B700B30302 /* PBXTargetDependency */,
				2FE674A82C18C12800B0D2E1 /* PBXTargetDependency */,
			);
			name = WidgetEgg;
			packageProductDependencies = (
				2F546F0F2BE487FC0009DBEF /* SwiftProtobuf */,
				2F546F112BE487FC0009DBEF /* SwiftProtobufPluginLibrary */,
			);
			productName = EggWidget;
			productReference = 2F4772D62BE41E9600EC6E07 /* WidgetEgg.app */;
			productType = "com.apple.product-type.application";
		};
		2FE6749B2C18C12700B0D2E1 /* WidgetEggWatch */ = {
			isa = PBXNativeTarget;
			buildConfigurationList = 2FE674AD2C18C12800B0D2E1 /* Build configuration list for PBXNativeTarget "WidgetEggWatch" */;
			buildPhases = (
				2FE674982C18C12700B0D2E1 /* Sources */,
				2FE674992C18C12700B0D2E1 /* Frameworks */,
				2FE6749A2C18C12700B0D2E1 /* Resources */,
				2FE674D62C18C21100B0D2E1 /* Embed Foundation Extensions */,
			);
			buildRules = (
			);
			dependencies = (
				2FE674D52C18C21100B0D2E1 /* PBXTargetDependency */,
			);
			name = WidgetEggWatch;
			packageProductDependencies = (
				2FE674EA2C18CBE800B0D2E1 /* SwiftProtobuf */,
				2FE674EC2C18CBE800B0D2E1 /* SwiftProtobufPluginLibrary */,
			);
			productName = "WidgetEggWatch Watch App";
			productReference = 2FE6749C2C18C12700B0D2E1 /* WidgetEggWatch.app */;
			productType = "com.apple.product-type.application";
		};
		2FE674AE2C18C16D00B0D2E1 /* MissionInfoWatchExtension */ = {
			isa = PBXNativeTarget;
			buildConfigurationList = 2FE674CE2C18C16D00B0D2E1 /* Build configuration list for PBXNativeTarget "MissionInfoWatchExtension" */;
			buildPhases = (
				2FE674B22C18C16D00B0D2E1 /* Sources */,
				2FE674C62C18C16D00B0D2E1 /* Frameworks */,
				2FE674CB2C18C16D00B0D2E1 /* Resources */,
			);
			buildRules = (
			);
			dependencies = (
			);
			name = MissionInfoWatchExtension;
			packageProductDependencies = (
				2FE674AF2C18C16D00B0D2E1 /* SwiftProtobuf */,
				2FE674B12C18C16D00B0D2E1 /* SwiftProtobufPluginLibrary */,
			);
			productName = MissionInfoExtension;
			productReference = 2FE674D12C18C16D00B0D2E1 /* MissionInfoWatchExtension.appex */;
			productType = "com.apple.product-type.app-extension";
		};
/* End PBXNativeTarget section */

/* Begin PBXProject section */
		2F4772CE2BE41E9600EC6E07 /* Project object */ = {
			isa = PBXProject;
			attributes = {
				BuildIndependentTargetsInParallel = 1;
				LastSwiftUpdateCheck = 1600;
				LastUpgradeCheck = 1600;
				TargetAttributes = {
					2F20FDDE2BE431B600B30302 = {
						CreatedOnToolsVersion = 15.3;
					};
					2F4772D52BE41E9600EC6E07 = {
						CreatedOnToolsVersion = 15.3;
					};
					2FE6749B2C18C12700B0D2E1 = {
						CreatedOnToolsVersion = 16.0;
					};
				};
			};
			buildConfigurationList = 2F4772D12BE41E9600EC6E07 /* Build configuration list for PBXProject "WidgetEgg" */;
			compatibilityVersion = "Xcode 15.3";
			developmentRegion = en;
			hasScannedForEncodings = 0;
			knownRegions = (
				en,
				Base,
			);
			mainGroup = 2F4772CD2BE41E9600EC6E07;
			packageReferences = (
				2F546F0A2BE487860009DBEF /* XCRemoteSwiftPackageReference "swift-protobuf" */,
			);
			productRefGroup = 2F4772D72BE41E9600EC6E07 /* Products */;
			projectDirPath = "";
			projectRoot = "";
			targets = (
				2F4772D52BE41E9600EC6E07 /* WidgetEgg */,
				2F20FDDE2BE431B600B30302 /* MissionInfoExtension */,
				2FE6749B2C18C12700B0D2E1 /* WidgetEggWatch */,
				2FE674AE2C18C16D00B0D2E1 /* MissionInfoWatchExtension */,
			);
		};
/* End PBXProject section */

/* Begin PBXResourcesBuildPhase section */
		2F20FDDD2BE431B600B30302 /* Resources */ = {
			isa = PBXResourcesBuildPhase;
			buildActionMask = 2147483647;
			files = (
				2F544BCF2BE5CE6200A83B15 /* Assets.xcassets in Resources */,
				2F20FDEA2BE431B700B30302 /* Assets.xcassets in Resources */,
			);
			runOnlyForDeploymentPostprocessing = 0;
		};
		2F4772D42BE41E9600EC6E07 /* Resources */ = {
			isa = PBXResourcesBuildPhase;
			buildActionMask = 2147483647;
			files = (
				2F544BCE2BE5BE7500A83B15 /* Assets.xcassets in Resources */,
			);
			runOnlyForDeploymentPostprocessing = 0;
		};
		2FE6749A2C18C12700B0D2E1 /* Resources */ = {
			isa = PBXResourcesBuildPhase;
			buildActionMask = 2147483647;
			files = (
				2FE674E42C18CAB800B0D2E1 /* Assets.xcassets in Resources */,
			);
			runOnlyForDeploymentPostprocessing = 0;
		};
		2FE674CB2C18C16D00B0D2E1 /* Resources */ = {
			isa = PBXResourcesBuildPhase;
			buildActionMask = 2147483647;
			files = (
				2FE674CC2C18C16D00B0D2E1 /* Assets.xcassets in Resources */,
				2FE674CD2C18C16D00B0D2E1 /* Assets.xcassets in Resources */,
			);
			runOnlyForDeploymentPostprocessing = 0;
		};
/* End PBXResourcesBuildPhase section */

/* Begin PBXShellScriptBuildPhase section */
		2F117C222C1A13B200226CEF /* ShellScript */ = {
			isa = PBXShellScriptBuildPhase;
			buildActionMask = 2147483647;
			files = (
			);
			inputFileListPaths = (
			);
			inputPaths = (
			);
			outputFileListPaths = (
			);
			outputPaths = (
				"$(SRCROOT)/WidgetEgg/ExtensionInfo.plist",
			);
			runOnlyForDeploymentPostprocessing = 0;
			shellPath = /bin/sh;
			shellScript = "# Type a script or drag a script file from your workspace to insert its path.\nsh ${SRCROOT}/ci_scripts/ci_pre_xcodebuild.sh\n";
		};
/* End PBXShellScriptBuildPhase section */

/* Begin PBXSourcesBuildPhase section */
		2F20FDDB2BE431B600B30302 /* Sources */ = {
			isa = PBXSourcesBuildPhase;
			buildActionMask = 2147483647;
			files = (
				2F4A7F852BE55D2700AD68A0 /* CustomGauge.swift in Sources */,
				2F96C9C22C195DDF008C7708 /* SecureAPI.swift in Sources */,
				2F22B0E92BEBF24A00627D5F /* FuelList.swift in Sources */,
				2F4D91442BEE803700C6899F /* Numbers.swift in Sources */,
				2F20FDF32BE432FF00B30302 /* ei.pb.swift in Sources */,
				2F4A7F832BE55CCA00AD68A0 /* MissionInfoEmpty.swift in Sources */,
				2F4A7F7D2BE55C6F00AD68A0 /* MissionInfoEntryView.swift in Sources */,
				2F4D91492BEE80A600C6899F /* UI.swift in Sources */,
				2F20FDE62BE431B600B30302 /* MissionInfo.swift in Sources */,
				2F4D91452BEE803A00C6899F /* ArtifactInfo.swift in Sources */,
				2F4A7F872BE55E6500AD68A0 /* SignedOutView.swift in Sources */,
				2FE674F02C18CCB100B0D2E1 /* MissionInfoAccessoryRectangular.swift in Sources */,
				2F20FDE42BE431B600B30302 /* MissionInfoBundle.swift in Sources */,
				2F4A7F772BE55BE500AD68A0 /* MissionInfoEntry.swift in Sources */,
				2F4A7F742BE55BB900AD68A0 /* Provider.swift in Sources */,
				2FE674FB2C190DB600B0D2E1 /* MissionInfoAccessoryCorner.swift in Sources */,
				2F4D914E2BEE823E00C6899F /* MediumGauge.swift in Sources */,
				2FE674F82C18FC8800B0D2E1 /* MissionInfoAccessoryCircular.swift in Sources */,
				2F4A7F812BE55CA400AD68A0 /* MissionInfoMedium.swift in Sources */,
				2F20FDF92BE43CAF00B30302 /* API.swift in Sources */,
				2F4A7F7C2BE55C6B00AD68A0 /* Extensions.swift in Sources */,
				2F4A7F7F2BE55C8A00AD68A0 /* MissionInfoSmall.swift in Sources */,
			);
			runOnlyForDeploymentPostprocessing = 0;
		};
		2F4772D22BE41E9600EC6E07 /* Sources */ = {
			isa = PBXSourcesBuildPhase;
			buildActionMask = 2147483647;
			files = (
				2FA3474F2BE7D0FA00C30E7B /* SettingsView.swift in Sources */,
				2F4A7F8B2BE56DE200AD68A0 /* Extensions.swift in Sources */,
				2F4772EB2BE4231F00EC6E07 /* ei.pb.swift in Sources */,
				2F4D914A2BEE815200C6899F /* UI.swift in Sources */,
				2F4772DC2BE41E9600EC6E07 /* HomeView.swift in Sources */,
				2F22B0E52BEAD47300627D5F /* WhatNext.swift in Sources */,
				2F4D91472BEE805D00C6899F /* ArtifactInfo.swift in Sources */,
				2F96C9C12C195DDF008C7708 /* SecureAPI.swift in Sources */,
				2F4D914B2BEE815400C6899F /* Numbers.swift in Sources */,
				2F4772DA2BE41E9600EC6E07 /* WidgetEggApp.swift in Sources */,
				2F4D91462BEE805600C6899F /* API.swift in Sources */,
				2F4A7F8D2BE5780700AD68A0 /* EIDHelp.swift in Sources */,
			);
			runOnlyForDeploymentPostprocessing = 0;
		};
		2FE674982C18C12700B0D2E1 /* Sources */ = {
			isa = PBXSourcesBuildPhase;
			buildActionMask = 2147483647;
			files = (
				2FE674DF2C18CA0200B0D2E1 /* HomeView.swift in Sources */,
				2FE674E02C18CA0800B0D2E1 /* SettingsView.swift in Sources */,
				2FE674E22C18CA1200B0D2E1 /* EIDHelp.swift in Sources */,
				2FE674E52C18CACB00B0D2E1 /* ei.pb.swift in Sources */,
				2FE674F22C18D66200B0D2E1 /* UI.swift in Sources */,
				2FE674E82C18CAF000B0D2E1 /* ArtifactInfo.swift in Sources */,
				2FE674E92C18CB5100B0D2E1 /* Extensions.swift in Sources */,
				2F96C9C32C195DDF008C7708 /* SecureAPI.swift in Sources */,
				2FE6749F2C18C12700B0D2E1 /* WidgetEggWatchApp.swift in Sources */,
				2FE674E12C18CA0E00B0D2E1 /* WhatNext.swift in Sources */,
				2FE674E32C18CA4500B0D2E1 /* API.swift in Sources */,
				2FE674E62C18CAD900B0D2E1 /* Numbers.swift in Sources */,
			);
			runOnlyForDeploymentPostprocessing = 0;
		};
		2FE674B22C18C16D00B0D2E1 /* Sources */ = {
			isa = PBXSourcesBuildPhase;
			buildActionMask = 2147483647;
			files = (
				2FE674B32C18C16D00B0D2E1 /* CustomGauge.swift in Sources */,
				2F96C9C42C195DDF008C7708 /* SecureAPI.swift in Sources */,
				2FE674B42C18C16D00B0D2E1 /* FuelList.swift in Sources */,
				2FE674B52C18C16D00B0D2E1 /* Numbers.swift in Sources */,
				2FE674B62C18C16D00B0D2E1 /* ei.pb.swift in Sources */,
				2FE674B72C18C16D00B0D2E1 /* MissionInfoEmpty.swift in Sources */,
				2FE674B82C18C16D00B0D2E1 /* MissionInfoEntryView.swift in Sources */,
				2FE674B92C18C16D00B0D2E1 /* UI.swift in Sources */,
				2FE674BA2C18C16D00B0D2E1 /* MissionInfo.swift in Sources */,
				2FE674BB2C18C16D00B0D2E1 /* ArtifactInfo.swift in Sources */,
				2FE674BC2C18C16D00B0D2E1 /* SignedOutView.swift in Sources */,
				2FE674EF2C18CCB100B0D2E1 /* MissionInfoAccessoryRectangular.swift in Sources */,
				2FE674BD2C18C16D00B0D2E1 /* MissionInfoBundle.swift in Sources */,
				2FE674BE2C18C16D00B0D2E1 /* MissionInfoEntry.swift in Sources */,
				2FE674BF2C18C16D00B0D2E1 /* Provider.swift in Sources */,
				2FE674FA2C190DB600B0D2E1 /* MissionInfoAccessoryCorner.swift in Sources */,
				2FE674C02C18C16D00B0D2E1 /* MediumGauge.swift in Sources */,
				2FE674F72C18FC8800B0D2E1 /* MissionInfoAccessoryCircular.swift in Sources */,
				2FE674C12C18C16D00B0D2E1 /* MissionInfoMedium.swift in Sources */,
				2FE674C22C18C16D00B0D2E1 /* API.swift in Sources */,
				2FE674C42C18C16D00B0D2E1 /* Extensions.swift in Sources */,
				2FE674C52C18C16D00B0D2E1 /* MissionInfoSmall.swift in Sources */,
			);
			runOnlyForDeploymentPostprocessing = 0;
		};
/* End PBXSourcesBuildPhase section */

/* Begin PBXTargetDependency section */
		2F20FDEE2BE431B700B30302 /* PBXTargetDependency */ = {
			isa = PBXTargetDependency;
			target = 2F20FDDE2BE431B600B30302 /* MissionInfoExtension */;
			targetProxy = 2F20FDED2BE431B700B30302 /* PBXContainerItemProxy */;
		};
		2FE674A82C18C12800B0D2E1 /* PBXTargetDependency */ = {
			isa = PBXTargetDependency;
			target = 2FE6749B2C18C12700B0D2E1 /* WidgetEggWatch */;
			targetProxy = 2FE674A72C18C12800B0D2E1 /* PBXContainerItemProxy */;
		};
		2FE674D52C18C21100B0D2E1 /* PBXTargetDependency */ = {
			isa = PBXTargetDependency;
			target = 2FE674AE2C18C16D00B0D2E1 /* MissionInfoWatchExtension */;
			targetProxy = 2FE674D42C18C21100B0D2E1 /* PBXContainerItemProxy */;
		};
/* End PBXTargetDependency section */

/* Begin XCBuildConfiguration section */
		2F20FDF12BE431B700B30302 /* Debug */ = {
			isa = XCBuildConfiguration;
			buildSettings = {
				ASSETCATALOG_COMPILER_GLOBAL_ACCENT_COLOR_NAME = AccentColor;
				ASSETCATALOG_COMPILER_WIDGET_BACKGROUND_COLOR_NAME = WidgetBackground;
				CODE_SIGN_ENTITLEMENTS = MissionInfo/MissionInfo.entitlements;
				"CODE_SIGN_IDENTITY[sdk=macosx*]" = "Apple Development";
				CODE_SIGN_STYLE = Automatic;
				CURRENT_PROJECT_VERSION = 0;
				DEAD_CODE_STRIPPING = YES;
				DEVELOPMENT_ASSET_PATHS = "";
				DEVELOPMENT_TEAM = 7ABT9UL8L8;
				ENABLE_HARDENED_RUNTIME = NO;
				GENERATE_INFOPLIST_FILE = YES;
				INFOPLIST_FILE = WidgetEgg/ExtensionInfo.plist;
				INFOPLIST_KEY_CFBundleDisplayName = MissionInfo;
				INFOPLIST_KEY_LSApplicationCategoryType = "";
				INFOPLIST_KEY_NSHumanReadableCopyright = "";
				IPHONEOS_DEPLOYMENT_TARGET = 16.0;
				LD_RUNPATH_SEARCH_PATHS = (
					"$(inherited)",
					"@executable_path/Frameworks",
					"@executable_path/../../Frameworks",
				);
				"LD_RUNPATH_SEARCH_PATHS[sdk=macosx*]" = (
					"$(inherited)",
					"@executable_path/../Frameworks",
					"@executable_path/../../../../Frameworks",
				);
				MACOSX_DEPLOYMENT_TARGET = 14.0;
				MARKETING_VERSION = 2.0.2;
				PRODUCT_BUNDLE_IDENTIFIER = com.tiller.WidgetEgg.MissionInfo;
				PRODUCT_NAME = "$(TARGET_NAME)";
				SDKROOT = auto;
				SKIP_INSTALL = YES;
				SUPPORTED_PLATFORMS = "iphoneos iphonesimulator";
				SUPPORTS_MACCATALYST = NO;
				SWIFT_EMIT_LOC_STRINGS = YES;
				SWIFT_VERSION = 5.0;
				TARGETED_DEVICE_FAMILY = "1,2";
			};
			name = Debug;
		};
		2F20FDF22BE431B700B30302 /* Release */ = {
			isa = XCBuildConfiguration;
			buildSettings = {
				ASSETCATALOG_COMPILER_GLOBAL_ACCENT_COLOR_NAME = AccentColor;
				ASSETCATALOG_COMPILER_WIDGET_BACKGROUND_COLOR_NAME = WidgetBackground;
				CODE_SIGN_ENTITLEMENTS = MissionInfo/MissionInfo.entitlements;
				"CODE_SIGN_IDENTITY[sdk=macosx*]" = "Apple Development";
				CODE_SIGN_STYLE = Automatic;
				CURRENT_PROJECT_VERSION = 0;
				DEAD_CODE_STRIPPING = YES;
				DEVELOPMENT_ASSET_PATHS = "";
				DEVELOPMENT_TEAM = 7ABT9UL8L8;
				ENABLE_HARDENED_RUNTIME = NO;
				GENERATE_INFOPLIST_FILE = YES;
				INFOPLIST_FILE = WidgetEgg/ExtensionInfo.plist;
				INFOPLIST_KEY_CFBundleDisplayName = MissionInfo;
				INFOPLIST_KEY_LSApplicationCategoryType = "";
				INFOPLIST_KEY_NSHumanReadableCopyright = "";
				IPHONEOS_DEPLOYMENT_TARGET = 16.0;
				LD_RUNPATH_SEARCH_PATHS = (
					"$(inherited)",
					"@executable_path/Frameworks",
					"@executable_path/../../Frameworks",
				);
				"LD_RUNPATH_SEARCH_PATHS[sdk=macosx*]" = (
					"$(inherited)",
					"@executable_path/../Frameworks",
					"@executable_path/../../../../Frameworks",
				);
				MACOSX_DEPLOYMENT_TARGET = 14.0;
				MARKETING_VERSION = 2.0.2;
				PRODUCT_BUNDLE_IDENTIFIER = com.tiller.WidgetEgg.MissionInfo;
				PRODUCT_NAME = "$(TARGET_NAME)";
				SDKROOT = auto;
				SKIP_INSTALL = YES;
				SUPPORTED_PLATFORMS = "iphoneos iphonesimulator";
				SUPPORTS_MACCATALYST = NO;
				SWIFT_EMIT_LOC_STRINGS = YES;
				SWIFT_VERSION = 5.0;
				TARGETED_DEVICE_FAMILY = "1,2";
			};
			name = Release;
		};
		2F4772E22BE41E9700EC6E07 /* Debug */ = {
			isa = XCBuildConfiguration;
			buildSettings = {
				ALWAYS_SEARCH_USER_PATHS = NO;
				ASSETCATALOG_COMPILER_GENERATE_SWIFT_ASSET_SYMBOL_EXTENSIONS = YES;
				CLANG_ANALYZER_NONNULL = YES;
				CLANG_ANALYZER_NUMBER_OBJECT_CONVERSION = YES_AGGRESSIVE;
				CLANG_CXX_LANGUAGE_STANDARD = "gnu++20";
				CLANG_ENABLE_MODULES = YES;
				CLANG_ENABLE_OBJC_ARC = YES;
				CLANG_ENABLE_OBJC_WEAK = YES;
				CLANG_WARN_BLOCK_CAPTURE_AUTORELEASING = YES;
				CLANG_WARN_BOOL_CONVERSION = YES;
				CLANG_WARN_COMMA = YES;
				CLANG_WARN_CONSTANT_CONVERSION = YES;
				CLANG_WARN_DEPRECATED_OBJC_IMPLEMENTATIONS = YES;
				CLANG_WARN_DIRECT_OBJC_ISA_USAGE = YES_ERROR;
				CLANG_WARN_DOCUMENTATION_COMMENTS = YES;
				CLANG_WARN_EMPTY_BODY = YES;
				CLANG_WARN_ENUM_CONVERSION = YES;
				CLANG_WARN_INFINITE_RECURSION = YES;
				CLANG_WARN_INT_CONVERSION = YES;
				CLANG_WARN_NON_LITERAL_NULL_CONVERSION = YES;
				CLANG_WARN_OBJC_IMPLICIT_RETAIN_SELF = YES;
				CLANG_WARN_OBJC_LITERAL_CONVERSION = YES;
				CLANG_WARN_OBJC_ROOT_CLASS = YES_ERROR;
				CLANG_WARN_QUOTED_INCLUDE_IN_FRAMEWORK_HEADER = YES;
				CLANG_WARN_RANGE_LOOP_ANALYSIS = YES;
				CLANG_WARN_STRICT_PROTOTYPES = YES;
				CLANG_WARN_SUSPICIOUS_MOVE = YES;
				CLANG_WARN_UNGUARDED_AVAILABILITY = YES_AGGRESSIVE;
				CLANG_WARN_UNREACHABLE_CODE = YES;
				CLANG_WARN__DUPLICATE_METHOD_MATCH = YES;
				COPY_PHASE_STRIP = NO;
				CURRENT_PROJECT_VERSION = 3;
				DEBUG_INFORMATION_FORMAT = dwarf;
				ENABLE_STRICT_OBJC_MSGSEND = YES;
				ENABLE_TESTABILITY = YES;
				ENABLE_USER_SCRIPT_SANDBOXING = NO;
				GCC_C_LANGUAGE_STANDARD = gnu17;
				GCC_DYNAMIC_NO_PIC = NO;
				GCC_NO_COMMON_BLOCKS = YES;
				GCC_OPTIMIZATION_LEVEL = 0;
				GCC_PREPROCESSOR_DEFINITIONS = (
					"DEBUG=1",
					"$(inherited)",
				);
				GCC_WARN_64_TO_32_BIT_CONVERSION = YES;
				GCC_WARN_ABOUT_RETURN_TYPE = YES_ERROR;
				GCC_WARN_UNDECLARED_SELECTOR = YES;
				GCC_WARN_UNINITIALIZED_AUTOS = YES_AGGRESSIVE;
				GCC_WARN_UNUSED_FUNCTION = YES;
				GCC_WARN_UNUSED_VARIABLE = YES;
				INFOPLIST_EXPAND_BUILD_SETTINGS = YES;
				INFOPLIST_PREPROCESS = NO;
				IPHONEOS_DEPLOYMENT_TARGET = 17.5;
				LOCALIZATION_PREFERS_STRING_CATALOGS = YES;
				MTL_ENABLE_DEBUG_INFO = INCLUDE_SOURCE;
				MTL_FAST_MATH = YES;
				ONLY_ACTIVE_ARCH = YES;
				SDKROOT = iphoneos;
				SWIFT_ACTIVE_COMPILATION_CONDITIONS = "DEBUG $(inherited)";
				SWIFT_OPTIMIZATION_LEVEL = "-Onone";
				WATCHOS_DEPLOYMENT_TARGET = 10.5;
			};
			name = Debug;
		};
		2F4772E32BE41E9700EC6E07 /* Release */ = {
			isa = XCBuildConfiguration;
			buildSettings = {
				ALWAYS_SEARCH_USER_PATHS = NO;
				ASSETCATALOG_COMPILER_GENERATE_SWIFT_ASSET_SYMBOL_EXTENSIONS = YES;
				CLANG_ANALYZER_NONNULL = YES;
				CLANG_ANALYZER_NUMBER_OBJECT_CONVERSION = YES_AGGRESSIVE;
				CLANG_CXX_LANGUAGE_STANDARD = "gnu++20";
				CLANG_ENABLE_MODULES = YES;
				CLANG_ENABLE_OBJC_ARC = YES;
				CLANG_ENABLE_OBJC_WEAK = YES;
				CLANG_WARN_BLOCK_CAPTURE_AUTORELEASING = YES;
				CLANG_WARN_BOOL_CONVERSION = YES;
				CLANG_WARN_COMMA = YES;
				CLANG_WARN_CONSTANT_CONVERSION = YES;
				CLANG_WARN_DEPRECATED_OBJC_IMPLEMENTATIONS = YES;
				CLANG_WARN_DIRECT_OBJC_ISA_USAGE = YES_ERROR;
				CLANG_WARN_DOCUMENTATION_COMMENTS = YES;
				CLANG_WARN_EMPTY_BODY = YES;
				CLANG_WARN_ENUM_CONVERSION = YES;
				CLANG_WARN_INFINITE_RECURSION = YES;
				CLANG_WARN_INT_CONVERSION = YES;
				CLANG_WARN_NON_LITERAL_NULL_CONVERSION = YES;
				CLANG_WARN_OBJC_IMPLICIT_RETAIN_SELF = YES;
				CLANG_WARN_OBJC_LITERAL_CONVERSION = YES;
				CLANG_WARN_OBJC_ROOT_CLASS = YES_ERROR;
				CLANG_WARN_QUOTED_INCLUDE_IN_FRAMEWORK_HEADER = YES;
				CLANG_WARN_RANGE_LOOP_ANALYSIS = YES;
				CLANG_WARN_STRICT_PROTOTYPES = YES;
				CLANG_WARN_SUSPICIOUS_MOVE = YES;
				CLANG_WARN_UNGUARDED_AVAILABILITY = YES_AGGRESSIVE;
				CLANG_WARN_UNREACHABLE_CODE = YES;
				CLANG_WARN__DUPLICATE_METHOD_MATCH = YES;
				COPY_PHASE_STRIP = NO;
				CURRENT_PROJECT_VERSION = 3;
				DEBUG_INFORMATION_FORMAT = "dwarf-with-dsym";
				ENABLE_NS_ASSERTIONS = NO;
				ENABLE_STRICT_OBJC_MSGSEND = YES;
				ENABLE_USER_SCRIPT_SANDBOXING = NO;
				GCC_C_LANGUAGE_STANDARD = gnu17;
				GCC_NO_COMMON_BLOCKS = YES;
				GCC_WARN_64_TO_32_BIT_CONVERSION = YES;
				GCC_WARN_ABOUT_RETURN_TYPE = YES_ERROR;
				GCC_WARN_UNDECLARED_SELECTOR = YES;
				GCC_WARN_UNINITIALIZED_AUTOS = YES_AGGRESSIVE;
				GCC_WARN_UNUSED_FUNCTION = YES;
				GCC_WARN_UNUSED_VARIABLE = YES;
				INFOPLIST_EXPAND_BUILD_SETTINGS = YES;
				INFOPLIST_PREPROCESS = NO;
				IPHONEOS_DEPLOYMENT_TARGET = 17.5;
				LOCALIZATION_PREFERS_STRING_CATALOGS = YES;
				MTL_ENABLE_DEBUG_INFO = NO;
				MTL_FAST_MATH = YES;
				SDKROOT = iphoneos;
				SWIFT_COMPILATION_MODE = wholemodule;
				VALIDATE_PRODUCT = YES;
				WATCHOS_DEPLOYMENT_TARGET = 10.5;
			};
			name = Release;
		};
		2F4772E52BE41E9700EC6E07 /* Debug */ = {
			isa = XCBuildConfiguration;
			buildSettings = {
				ASSETCATALOG_COMPILER_APPICON_NAME = AppIcon;
				ASSETCATALOG_COMPILER_GLOBAL_ACCENT_COLOR_NAME = AccentColor;
				CODE_SIGN_ENTITLEMENTS = WidgetEgg/WidgetEgg.entitlements;
				"CODE_SIGN_IDENTITY[sdk=macosx*]" = "Apple Development";
				CODE_SIGN_STYLE = Automatic;
				CURRENT_PROJECT_VERSION = 0;
				DEVELOPMENT_ASSET_PATHS = "";
				DEVELOPMENT_TEAM = 7ABT9UL8L8;
				ENABLE_PREVIEWS = YES;
				GENERATE_INFOPLIST_FILE = YES;
				INFOPLIST_FILE = WidgetEgg/Info.plist;
				INFOPLIST_KEY_LSApplicationCategoryType = "public.app-category.utilities";
				INFOPLIST_KEY_UIApplicationSceneManifest_Generation = YES;
				INFOPLIST_KEY_UIApplicationSupportsIndirectInputEvents = YES;
				INFOPLIST_KEY_UILaunchScreen_Generation = YES;
				INFOPLIST_KEY_UISupportedInterfaceOrientations_iPad = "UIInterfaceOrientationPortrait UIInterfaceOrientationPortraitUpsideDown UIInterfaceOrientationLandscapeLeft UIInterfaceOrientationLandscapeRight";
				INFOPLIST_KEY_UISupportedInterfaceOrientations_iPhone = "UIInterfaceOrientationPortrait UIInterfaceOrientationLandscapeLeft UIInterfaceOrientationLandscapeRight";
				IPHONEOS_DEPLOYMENT_TARGET = 16.0;
				LD_RUNPATH_SEARCH_PATHS = (
					"$(inherited)",
					"@executable_path/Frameworks",
				);
				MACOSX_DEPLOYMENT_TARGET = 13.0;
				MARKETING_VERSION = 2.0.2;
				PRODUCT_BUNDLE_IDENTIFIER = com.tiller.WidgetEgg;
				PRODUCT_NAME = "$(TARGET_NAME)";
				SUPPORTED_PLATFORMS = "iphoneos iphonesimulator";
				SUPPORTS_MACCATALYST = NO;
				SUPPORTS_MAC_DESIGNED_FOR_IPHONE_IPAD = NO;
				SUPPORTS_XR_DESIGNED_FOR_IPHONE_IPAD = NO;
				SWIFT_EMIT_LOC_STRINGS = YES;
				SWIFT_VERSION = 5.0;
				TARGETED_DEVICE_FAMILY = "1,2";
			};
			name = Debug;
		};
		2F4772E62BE41E9700EC6E07 /* Release */ = {
			isa = XCBuildConfiguration;
			buildSettings = {
				ASSETCATALOG_COMPILER_APPICON_NAME = AppIcon;
				ASSETCATALOG_COMPILER_GLOBAL_ACCENT_COLOR_NAME = AccentColor;
				CODE_SIGN_ENTITLEMENTS = WidgetEgg/WidgetEgg.entitlements;
				"CODE_SIGN_IDENTITY[sdk=macosx*]" = "Apple Development";
				CODE_SIGN_STYLE = Automatic;
				CURRENT_PROJECT_VERSION = 0;
				DEVELOPMENT_ASSET_PATHS = "";
				DEVELOPMENT_TEAM = 7ABT9UL8L8;
				ENABLE_PREVIEWS = YES;
				GENERATE_INFOPLIST_FILE = YES;
				INFOPLIST_FILE = WidgetEgg/Info.plist;
				INFOPLIST_KEY_LSApplicationCategoryType = "public.app-category.utilities";
				INFOPLIST_KEY_UIApplicationSceneManifest_Generation = YES;
				INFOPLIST_KEY_UIApplicationSupportsIndirectInputEvents = YES;
				INFOPLIST_KEY_UILaunchScreen_Generation = YES;
				INFOPLIST_KEY_UISupportedInterfaceOrientations_iPad = "UIInterfaceOrientationPortrait UIInterfaceOrientationPortraitUpsideDown UIInterfaceOrientationLandscapeLeft UIInterfaceOrientationLandscapeRight";
				INFOPLIST_KEY_UISupportedInterfaceOrientations_iPhone = "UIInterfaceOrientationPortrait UIInterfaceOrientationLandscapeLeft UIInterfaceOrientationLandscapeRight";
				IPHONEOS_DEPLOYMENT_TARGET = 16.0;
				LD_RUNPATH_SEARCH_PATHS = (
					"$(inherited)",
					"@executable_path/Frameworks",
				);
				MACOSX_DEPLOYMENT_TARGET = 13.0;
				MARKETING_VERSION = 2.0.2;
				PRODUCT_BUNDLE_IDENTIFIER = com.tiller.WidgetEgg;
				PRODUCT_NAME = "$(TARGET_NAME)";
				SUPPORTED_PLATFORMS = "iphoneos iphonesimulator";
				SUPPORTS_MACCATALYST = NO;
				SUPPORTS_MAC_DESIGNED_FOR_IPHONE_IPAD = NO;
				SUPPORTS_XR_DESIGNED_FOR_IPHONE_IPAD = NO;
				SWIFT_EMIT_LOC_STRINGS = YES;
				SWIFT_VERSION = 5.0;
				TARGETED_DEVICE_FAMILY = "1,2";
			};
			name = Release;
		};
		2FE674AB2C18C12800B0D2E1 /* Debug */ = {
			isa = XCBuildConfiguration;
			buildSettings = {
				ASSETCATALOG_COMPILER_APPICON_NAME = AppIcon;
				ASSETCATALOG_COMPILER_GLOBAL_ACCENT_COLOR_NAME = AccentColor;
				CODE_SIGN_ENTITLEMENTS = WidgetEggWatch/WidgetEggWatch.entitlements;
				CODE_SIGN_STYLE = Automatic;
				CURRENT_PROJECT_VERSION = 0;
				DEVELOPMENT_TEAM = 7ABT9UL8L8;
				ENABLE_PREVIEWS = YES;
				GENERATE_INFOPLIST_FILE = YES;
				INFOPLIST_FILE = WidgetEgg/Info.plist;
				INFOPLIST_KEY_CFBundleDisplayName = WidgetEgg;
				INFOPLIST_KEY_UISupportedInterfaceOrientations = "UIInterfaceOrientationPortrait UIInterfaceOrientationPortraitUpsideDown";
				INFOPLIST_KEY_WKCompanionAppBundleIdentifier = com.tiller.WidgetEgg;
				INFOPLIST_KEY_WKRunsIndependentlyOfCompanionApp = YES;
				LD_RUNPATH_SEARCH_PATHS = (
					"$(inherited)",
					"@executable_path/Frameworks",
				);
				MARKETING_VERSION = 2.0.2;
				PRODUCT_BUNDLE_IDENTIFIER = com.tiller.WidgetEgg.watchkitapp;
				PRODUCT_NAME = "$(TARGET_NAME)";
				SDKROOT = watchos;
				SKIP_INSTALL = YES;
				SWIFT_EMIT_LOC_STRINGS = YES;
				SWIFT_VERSION = 5.0;
				TARGETED_DEVICE_FAMILY = 4;
				WATCHOS_DEPLOYMENT_TARGET = 9.0;
			};
			name = Debug;
		};
		2FE674AC2C18C12800B0D2E1 /* Release */ = {
			isa = XCBuildConfiguration;
			buildSettings = {
				ASSETCATALOG_COMPILER_APPICON_NAME = AppIcon;
				ASSETCATALOG_COMPILER_GLOBAL_ACCENT_COLOR_NAME = AccentColor;
				CODE_SIGN_ENTITLEMENTS = WidgetEggWatch/WidgetEggWatch.entitlements;
				CODE_SIGN_STYLE = Automatic;
				CURRENT_PROJECT_VERSION = 0;
				DEVELOPMENT_TEAM = 7ABT9UL8L8;
				ENABLE_PREVIEWS = YES;
				GENERATE_INFOPLIST_FILE = YES;
				INFOPLIST_FILE = WidgetEgg/Info.plist;
				INFOPLIST_KEY_CFBundleDisplayName = WidgetEgg;
				INFOPLIST_KEY_UISupportedInterfaceOrientations = "UIInterfaceOrientationPortrait UIInterfaceOrientationPortraitUpsideDown";
				INFOPLIST_KEY_WKCompanionAppBundleIdentifier = com.tiller.WidgetEgg;
				INFOPLIST_KEY_WKRunsIndependentlyOfCompanionApp = YES;
				LD_RUNPATH_SEARCH_PATHS = (
					"$(inherited)",
					"@executable_path/Frameworks",
				);
				MARKETING_VERSION = 2.0.2;
				PRODUCT_BUNDLE_IDENTIFIER = com.tiller.WidgetEgg.watchkitapp;
				PRODUCT_NAME = "$(TARGET_NAME)";
				SDKROOT = watchos;
				SKIP_INSTALL = YES;
				SWIFT_EMIT_LOC_STRINGS = YES;
				SWIFT_VERSION = 5.0;
				TARGETED_DEVICE_FAMILY = 4;
				WATCHOS_DEPLOYMENT_TARGET = 9.0;
			};
			name = Release;
		};
		2FE674CF2C18C16D00B0D2E1 /* Debug */ = {
			isa = XCBuildConfiguration;
			buildSettings = {
				ASSETCATALOG_COMPILER_GLOBAL_ACCENT_COLOR_NAME = AccentColor;
				ASSETCATALOG_COMPILER_WIDGET_BACKGROUND_COLOR_NAME = WidgetBackground;
				CODE_SIGN_ENTITLEMENTS = MissionInfo/MissionInfo.entitlements;
				"CODE_SIGN_IDENTITY[sdk=macosx*]" = "Apple Development";
				CODE_SIGN_STYLE = Automatic;
				CURRENT_PROJECT_VERSION = 0;
				DEVELOPMENT_ASSET_PATHS = "";
				DEVELOPMENT_TEAM = 7ABT9UL8L8;
				ENABLE_HARDENED_RUNTIME = NO;
				GENERATE_INFOPLIST_FILE = YES;
				INFOPLIST_FILE = WidgetEgg/ExtensionInfo.plist;
				INFOPLIST_KEY_CFBundleDisplayName = MissionInfo;
				INFOPLIST_KEY_NSHumanReadableCopyright = "";
				IPHONEOS_DEPLOYMENT_TARGET = 16.0;
				LD_RUNPATH_SEARCH_PATHS = (
					"$(inherited)",
					"@executable_path/Frameworks",
					"@executable_path/../../Frameworks",
				);
				"LD_RUNPATH_SEARCH_PATHS[sdk=macosx*]" = (
					"$(inherited)",
					"@executable_path/../Frameworks",
					"@executable_path/../../../../Frameworks",
				);
				MACOSX_DEPLOYMENT_TARGET = 14.0;
				MARKETING_VERSION = 2.0.2;
				PRODUCT_BUNDLE_IDENTIFIER = com.tiller.WidgetEgg.watchkitapp.MissionInfo;
				PRODUCT_NAME = "$(TARGET_NAME)";
				SDKROOT = watchos;
				SKIP_INSTALL = YES;
				SUPPORTED_PLATFORMS = "watchos watchsimulator";
				SUPPORTS_MACCATALYST = NO;
				SWIFT_EMIT_LOC_STRINGS = YES;
				SWIFT_VERSION = 5.0;
				TARGETED_DEVICE_FAMILY = 4;
				WATCHOS_DEPLOYMENT_TARGET = 9.0;
			};
			name = Debug;
		};
		2FE674D02C18C16D00B0D2E1 /* Release */ = {
			isa = XCBuildConfiguration;
			buildSettings = {
				ASSETCATALOG_COMPILER_GLOBAL_ACCENT_COLOR_NAME = AccentColor;
				ASSETCATALOG_COMPILER_WIDGET_BACKGROUND_COLOR_NAME = WidgetBackground;
				CODE_SIGN_ENTITLEMENTS = MissionInfo/MissionInfo.entitlements;
				"CODE_SIGN_IDENTITY[sdk=macosx*]" = "Apple Development";
				CODE_SIGN_STYLE = Automatic;
				CURRENT_PROJECT_VERSION = 0;
				DEVELOPMENT_ASSET_PATHS = "";
				DEVELOPMENT_TEAM = 7ABT9UL8L8;
				ENABLE_HARDENED_RUNTIME = NO;
				GENERATE_INFOPLIST_FILE = YES;
				INFOPLIST_FILE = WidgetEgg/ExtensionInfo.plist;
				INFOPLIST_KEY_CFBundleDisplayName = MissionInfo;
				INFOPLIST_KEY_NSHumanReadableCopyright = "";
				IPHONEOS_DEPLOYMENT_TARGET = 16.0;
				LD_RUNPATH_SEARCH_PATHS = (
					"$(inherited)",
					"@executable_path/Frameworks",
					"@executable_path/../../Frameworks",
				);
				"LD_RUNPATH_SEARCH_PATHS[sdk=macosx*]" = (
					"$(inherited)",
					"@executable_path/../Frameworks",
					"@executable_path/../../../../Frameworks",
				);
				MACOSX_DEPLOYMENT_TARGET = 14.0;
				MARKETING_VERSION = 2.0.2;
				PRODUCT_BUNDLE_IDENTIFIER = com.tiller.WidgetEgg.watchkitapp.MissionInfo;
				PRODUCT_NAME = "$(TARGET_NAME)";
				SDKROOT = watchos;
				SKIP_INSTALL = YES;
				SUPPORTED_PLATFORMS = "watchos watchsimulator";
				SUPPORTS_MACCATALYST = NO;
				SWIFT_EMIT_LOC_STRINGS = YES;
				SWIFT_VERSION = 5.0;
				TARGETED_DEVICE_FAMILY = 4;
				WATCHOS_DEPLOYMENT_TARGET = 9.0;
			};
			name = Release;
		};
/* End XCBuildConfiguration section */

/* Begin XCConfigurationList section */
		2F20FDF02BE431B700B30302 /* Build configuration list for PBXNativeTarget "MissionInfoExtension" */ = {
			isa = XCConfigurationList;
			buildConfigurations = (
				2F20FDF12BE431B700B30302 /* Debug */,
				2F20FDF22BE431B700B30302 /* Release */,
			);
			defaultConfigurationIsVisible = 0;
			defaultConfigurationName = Release;
		};
		2F4772D12BE41E9600EC6E07 /* Build configuration list for PBXProject "WidgetEgg" */ = {
			isa = XCConfigurationList;
			buildConfigurations = (
				2F4772E22BE41E9700EC6E07 /* Debug */,
				2F4772E32BE41E9700EC6E07 /* Release */,
			);
			defaultConfigurationIsVisible = 0;
			defaultConfigurationName = Release;
		};
		2F4772E42BE41E9700EC6E07 /* Build configuration list for PBXNativeTarget "WidgetEgg" */ = {
			isa = XCConfigurationList;
			buildConfigurations = (
				2F4772E52BE41E9700EC6E07 /* Debug */,
				2F4772E62BE41E9700EC6E07 /* Release */,
			);
			defaultConfigurationIsVisible = 0;
			defaultConfigurationName = Release;
		};
		2FE674AD2C18C12800B0D2E1 /* Build configuration list for PBXNativeTarget "WidgetEggWatch" */ = {
			isa = XCConfigurationList;
			buildConfigurations = (
				2FE674AB2C18C12800B0D2E1 /* Debug */,
				2FE674AC2C18C12800B0D2E1 /* Release */,
			);
			defaultConfigurationIsVisible = 0;
			defaultConfigurationName = Release;
		};
		2FE674CE2C18C16D00B0D2E1 /* Build configuration list for PBXNativeTarget "MissionInfoWatchExtension" */ = {
			isa = XCConfigurationList;
			buildConfigurations = (
				2FE674CF2C18C16D00B0D2E1 /* Debug */,
				2FE674D02C18C16D00B0D2E1 /* Release */,
			);
			defaultConfigurationIsVisible = 0;
			defaultConfigurationName = Release;
		};
/* End XCConfigurationList section */

/* Begin XCRemoteSwiftPackageReference section */
		2F546F0A2BE487860009DBEF /* XCRemoteSwiftPackageReference "swift-protobuf" */ = {
			isa = XCRemoteSwiftPackageReference;
			repositoryURL = "https://github.com/apple/swift-protobuf.git";
			requirement = {
				kind = upToNextMajorVersion;
				minimumVersion = 1.26.0;
			};
		};
		2FE674B02C18C16D00B0D2E1 /* XCRemoteSwiftPackageReference "swift-protobuf" */ = {
			isa = XCRemoteSwiftPackageReference;
			repositoryURL = "https://github.com/apple/swift-protobuf.git";
			requirement = {
				kind = upToNextMajorVersion;
				minimumVersion = 1.26.0;
			};
		};
/* End XCRemoteSwiftPackageReference section */

/* Begin XCSwiftPackageProductDependency section */
		2F546F0B2BE487860009DBEF /* SwiftProtobuf */ = {
			isa = XCSwiftPackageProductDependency;
			package = 2F546F0A2BE487860009DBEF /* XCRemoteSwiftPackageReference "swift-protobuf" */;
			productName = SwiftProtobuf;
		};
		2F546F0D2BE487860009DBEF /* SwiftProtobufPluginLibrary */ = {
			isa = XCSwiftPackageProductDependency;
			package = 2F546F0A2BE487860009DBEF /* XCRemoteSwiftPackageReference "swift-protobuf" */;
			productName = SwiftProtobufPluginLibrary;
		};
		2F546F0F2BE487FC0009DBEF /* SwiftProtobuf */ = {
			isa = XCSwiftPackageProductDependency;
			package = 2F546F0A2BE487860009DBEF /* XCRemoteSwiftPackageReference "swift-protobuf" */;
			productName = SwiftProtobuf;
		};
		2F546F112BE487FC0009DBEF /* SwiftProtobufPluginLibrary */ = {
			isa = XCSwiftPackageProductDependency;
			package = 2F546F0A2BE487860009DBEF /* XCRemoteSwiftPackageReference "swift-protobuf" */;
			productName = SwiftProtobufPluginLibrary;
		};
		2FE674AF2C18C16D00B0D2E1 /* SwiftProtobuf */ = {
			isa = XCSwiftPackageProductDependency;
			package = 2FE674B02C18C16D00B0D2E1 /* XCRemoteSwiftPackageReference "swift-protobuf" */;
			productName = SwiftProtobuf;
		};
		2FE674B12C18C16D00B0D2E1 /* SwiftProtobufPluginLibrary */ = {
			isa = XCSwiftPackageProductDependency;
			package = 2FE674B02C18C16D00B0D2E1 /* XCRemoteSwiftPackageReference "swift-protobuf" */;
			productName = SwiftProtobufPluginLibrary;
		};
		2FE674EA2C18CBE800B0D2E1 /* SwiftProtobuf */ = {
			isa = XCSwiftPackageProductDependency;
			package = 2F546F0A2BE487860009DBEF /* XCRemoteSwiftPackageReference "swift-protobuf" */;
			productName = SwiftProtobuf;
		};
		2FE674EC2C18CBE800B0D2E1 /* SwiftProtobufPluginLibrary */ = {
			isa = XCSwiftPackageProductDependency;
			package = 2F546F0A2BE487860009DBEF /* XCRemoteSwiftPackageReference "swift-protobuf" */;
			productName = SwiftProtobufPluginLibrary;
		};
/* End XCSwiftPackageProductDependency section */
	};
	rootObject = 2F4772CE2BE41E9600EC6E07 /* Project object */;
}
