// !$*UTF8*$!
{
	archiveVersion = 1;
	classes = {
	};
	objectVersion = 63;
	objects = {

/* Begin PBXBuildFile section */
		2F0FED3E2E3E7C5700BFA62C /* ContractInfoEntryView.swift in Sources */ = {isa = PBXBuildFile; fileRef = 2F0FED3D2E3E7C5100BFA62C /* ContractInfoEntryView.swift */; };
		2F0FED3F2E3E7C7800BFA62C /* SignedOutView.swift in Sources */ = {isa = PBXBuildFile; fileRef = 2F4A7F862BE55E6500AD68A0 /* SignedOutView.swift */; };
		2F0FED402E3E7CAB00BFA62C /* API.swift in Sources */ = {isa = PBXBuildFile; fileRef = 2F20FDF82BE43C1700B30302 /* API.swift */; };
		2F0FED412E3E7CC100BFA62C /* UI.swift in Sources */ = {isa = PBXBuildFile; fileRef = 2F4D91482BEE80A600C6899F /* UI.swift */; };
		2F0FED422E3E7CD700BFA62C /* SecureAPI.swift in Sources */ = {isa = PBXBuildFile; fileRef = 2F96C9C02C195DDF008C7708 /* SecureAPI.swift */; };
		2F0FED432E3E7CDB00BFA62C /* Numbers.swift in Sources */ = {isa = PBXBuildFile; fileRef = 2F4D91432BEE803700C6899F /* Numbers.swift */; };
		2F0FED442E3E7CE100BFA62C /* Extensions.swift in Sources */ = {isa = PBXBuildFile; fileRef = 2F4A7F782BE55BFF00AD68A0 /* Extensions.swift */; };
		2F0FED4E2E3E866200BFA62C /* Notifications.swift in Sources */ = {isa = PBXBuildFile; fileRef = 2F0FED4D2E3E865D00BFA62C /* Notifications.swift */; };
		2F0FED4F2E3E866200BFA62C /* Notifications.swift in Sources */ = {isa = PBXBuildFile; fileRef = 2F0FED4D2E3E865D00BFA62C /* Notifications.swift */; };
		2F0FED502E3E866200BFA62C /* Notifications.swift in Sources */ = {isa = PBXBuildFile; fileRef = 2F0FED4D2E3E865D00BFA62C /* Notifications.swift */; };
		2F0FED512E3E866200BFA62C /* Notifications.swift in Sources */ = {isa = PBXBuildFile; fileRef = 2F0FED4D2E3E865D00BFA62C /* Notifications.swift */; };
		2F0FED522E3E866200BFA62C /* Notifications.swift in Sources */ = {isa = PBXBuildFile; fileRef = 2F0FED4D2E3E865D00BFA62C /* Notifications.swift */; };
		2F0FED532E3E866200BFA62C /* Notifications.swift in Sources */ = {isa = PBXBuildFile; fileRef = 2F0FED4D2E3E865D00BFA62C /* Notifications.swift */; };
		2F11AEB12E7475F90004FFA9 /* ArtifactView.swift in Sources */ = {isa = PBXBuildFile; fileRef = 2F11AEB02E7475F50004FFA9 /* ArtifactView.swift */; };
		2F185AEA2E7A2AD1008210FA /* Animation.swift in Sources */ = {isa = PBXBuildFile; fileRef = 2F185AE72E7A2ACF008210FA /* Animation.swift */; };
		2F185AEC2E7A2AD1008210FA /* Animation.swift in Sources */ = {isa = PBXBuildFile; fileRef = 2F185AE72E7A2ACF008210FA /* Animation.swift */; };
		2F185AEF2E7A2BDF008210FA /* ClockHandRotationEffect.xcframework in Frameworks */ = {isa = PBXBuildFile; fileRef = 2F185ADD2E7A21F9008210FA /* ClockHandRotationEffect.xcframework */; };
		2F185AF02E7A2BDF008210FA /* ClockHandRotationEffect.xcframework in Embed Frameworks */ = {isa = PBXBuildFile; fileRef = 2F185ADD2E7A21F9008210FA /* ClockHandRotationEffect.xcframework */; settings = {ATTRIBUTES = (CodeSignOnCopy, RemoveHeadersOnCopy, ); }; };
		2F185AF22E7A2BFC008210FA /* ClockHandRotationEffect.xcframework in Frameworks */ = {isa = PBXBuildFile; fileRef = 2F185ADD2E7A21F9008210FA /* ClockHandRotationEffect.xcframework */; };
		2F185AF32E7A2BFC008210FA /* ClockHandRotationEffect.xcframework in Embed Frameworks */ = {isa = PBXBuildFile; fileRef = 2F185ADD2E7A21F9008210FA /* ClockHandRotationEffect.xcframework */; settings = {ATTRIBUTES = (CodeSignOnCopy, RemoveHeadersOnCopy, ); }; };
		2F20EFB82E3EE543006102F7 /* WidgetEggDelegate.swift in Sources */ = {isa = PBXBuildFile; fileRef = 2F20EFB42E3EE543006102F7 /* WidgetEggDelegate.swift */; };
		2F20F04B2E3FB326006102F7 /* API.swift in Sources */ = {isa = PBXBuildFile; fileRef = 2F20FDF82BE43C1700B30302 /* API.swift */; };
		2F20FDE42BE431B600B30302 /* MissionInfoBundle.swift in Sources */ = {isa = PBXBuildFile; fileRef = 2F20FDE32BE431B600B30302 /* MissionInfoBundle.swift */; };
		2F20FDE62BE431B600B30302 /* MissionInfo.swift in Sources */ = {isa = PBXBuildFile; fileRef = 2F20FDE52BE431B600B30302 /* MissionInfo.swift */; };
		2F20FDEA2BE431B700B30302 /* EggIncAssets.xcassets in Resources */ = {isa = PBXBuildFile; fileRef = 2F20FDE92BE431B700B30302 /* EggIncAssets.xcassets */; };
		2F20FDEF2BE431B700B30302 /* MissionInfoExtension.appex in Embed Foundation Extensions */ = {isa = PBXBuildFile; fileRef = 2F20FDDF2BE431B600B30302 /* MissionInfoExtension.appex */; settings = {ATTRIBUTES = (RemoveHeadersOnCopy, ); }; };
		2F22B0E52BEAD47300627D5F /* WhatNext.swift in Sources */ = {isa = PBXBuildFile; fileRef = 2F22B0E42BEAD47300627D5F /* WhatNext.swift */; };
		2F22B0E92BEBF24A00627D5F /* FuelList.swift in Sources */ = {isa = PBXBuildFile; fileRef = 2F22B0E82BEBF24A00627D5F /* FuelList.swift */; };
		2F351D1E2E708DA700C75DE7 /* ContractInfoEmpty.swift in Sources */ = {isa = PBXBuildFile; fileRef = 2F351D1D2E708DA200C75DE7 /* ContractInfoEmpty.swift */; };
		2F351D202E70AE8F00C75DE7 /* ContractInfoLarge.swift in Sources */ = {isa = PBXBuildFile; fileRef = 2F351D1F2E70AE8F00C75DE7 /* ContractInfoLarge.swift */; };
		2F4772DA2BE41E9600EC6E07 /* WidgetEggApp.swift in Sources */ = {isa = PBXBuildFile; fileRef = 2F4772D92BE41E9600EC6E07 /* WidgetEggApp.swift */; };
		2F4772DC2BE41E9600EC6E07 /* HomeView.swift in Sources */ = {isa = PBXBuildFile; fileRef = 2F4772DB2BE41E9600EC6E07 /* HomeView.swift */; };
		2F4A7F742BE55BB900AD68A0 /* Provider.swift in Sources */ = {isa = PBXBuildFile; fileRef = 2F4A7F722BE55B9C00AD68A0 /* Provider.swift */; };
		2F4A7F772BE55BE500AD68A0 /* MissionInfoEntry.swift in Sources */ = {isa = PBXBuildFile; fileRef = 2F4A7F752BE55BE100AD68A0 /* MissionInfoEntry.swift */; };
		2F4A7F7C2BE55C6B00AD68A0 /* Extensions.swift in Sources */ = {isa = PBXBuildFile; fileRef = 2F4A7F782BE55BFF00AD68A0 /* Extensions.swift */; };
		2F4A7F7D2BE55C6F00AD68A0 /* MissionInfoEntryView.swift in Sources */ = {isa = PBXBuildFile; fileRef = 2F4A7F7A2BE55C5800AD68A0 /* MissionInfoEntryView.swift */; };
		2F4A7F7F2BE55C8A00AD68A0 /* MissionInfoSmall.swift in Sources */ = {isa = PBXBuildFile; fileRef = 2F4A7F7E2BE55C8A00AD68A0 /* MissionInfoSmall.swift */; };
		2F4A7F812BE55CA400AD68A0 /* MissionInfoMedium.swift in Sources */ = {isa = PBXBuildFile; fileRef = 2F4A7F802BE55CA400AD68A0 /* MissionInfoMedium.swift */; };
		2F4A7F832BE55CCA00AD68A0 /* MissionInfoEmpty.swift in Sources */ = {isa = PBXBuildFile; fileRef = 2F4A7F822BE55CCA00AD68A0 /* MissionInfoEmpty.swift */; };
		2F4A7F852BE55D2700AD68A0 /* CustomGauge.swift in Sources */ = {isa = PBXBuildFile; fileRef = 2F4A7F842BE55D2700AD68A0 /* CustomGauge.swift */; };
		2F4A7F872BE55E6500AD68A0 /* SignedOutView.swift in Sources */ = {isa = PBXBuildFile; fileRef = 2F4A7F862BE55E6500AD68A0 /* SignedOutView.swift */; };
		2F4A7F8B2BE56DE200AD68A0 /* Extensions.swift in Sources */ = {isa = PBXBuildFile; fileRef = 2F4A7F782BE55BFF00AD68A0 /* Extensions.swift */; };
		2F4A7F8D2BE5780700AD68A0 /* EIDHelp.swift in Sources */ = {isa = PBXBuildFile; fileRef = 2F4A7F8C2BE5780700AD68A0 /* EIDHelp.swift */; };
		2F4D91442BEE803700C6899F /* Numbers.swift in Sources */ = {isa = PBXBuildFile; fileRef = 2F4D91432BEE803700C6899F /* Numbers.swift */; };
		2F4D91452BEE803A00C6899F /* ArtifactInfo.swift in Sources */ = {isa = PBXBuildFile; fileRef = 2F4D91412BEE7F9A00C6899F /* ArtifactInfo.swift */; };
		2F4D91462BEE805600C6899F /* API.swift in Sources */ = {isa = PBXBuildFile; fileRef = 2F20FDF82BE43C1700B30302 /* API.swift */; };
		2F4D91472BEE805D00C6899F /* ArtifactInfo.swift in Sources */ = {isa = PBXBuildFile; fileRef = 2F4D91412BEE7F9A00C6899F /* ArtifactInfo.swift */; };
		2F4D91492BEE80A600C6899F /* UI.swift in Sources */ = {isa = PBXBuildFile; fileRef = 2F4D91482BEE80A600C6899F /* UI.swift */; };
		2F4D914A2BEE815200C6899F /* UI.swift in Sources */ = {isa = PBXBuildFile; fileRef = 2F4D91482BEE80A600C6899F /* UI.swift */; };
		2F4D914B2BEE815400C6899F /* Numbers.swift in Sources */ = {isa = PBXBuildFile; fileRef = 2F4D91432BEE803700C6899F /* Numbers.swift */; };
		2F4D914E2BEE823E00C6899F /* MediumGauge.swift in Sources */ = {isa = PBXBuildFile; fileRef = 2F4D914D2BEE823E00C6899F /* MediumGauge.swift */; };
		2F4DF90E2E69F83500733C9F /* ContractInfoSmall.swift in Sources */ = {isa = PBXBuildFile; fileRef = 2F4DF90D2E69F83300733C9F /* ContractInfoSmall.swift */; };
		2F4DF9132E6A039B00733C9F /* EggIncAssets.xcassets in Resources */ = {isa = PBXBuildFile; fileRef = 2F20FDE92BE431B700B30302 /* EggIncAssets.xcassets */; };
		2F4DF9142E6A158100733C9F /* Assets.xcassets in Resources */ = {isa = PBXBuildFile; fileRef = 2F544BCD2BE5BE7500A83B15 /* Assets.xcassets */; };
		2F4DF9162E6B1CFE00733C9F /* TitleView.swift in Sources */ = {isa = PBXBuildFile; fileRef = 2F4DF9152E6B1CFE00733C9F /* TitleView.swift */; };
		2F4DF9182E6B1D0E00733C9F /* SubtitleView.swift in Sources */ = {isa = PBXBuildFile; fileRef = 2F4DF9172E6B1D0E00733C9F /* SubtitleView.swift */; };
		2F4DF91A2E6B1D2100733C9F /* StatsView.swift in Sources */ = {isa = PBXBuildFile; fileRef = 2F4DF9192E6B1D2100733C9F /* StatsView.swift */; };
		2F4DF91C2E6B1D3600733C9F /* GoalList.swift in Sources */ = {isa = PBXBuildFile; fileRef = 2F4DF91B2E6B1D3600733C9F /* GoalList.swift */; };
		2F4DF91E2E6B1D9800733C9F /* ContractInfoMedium.swift in Sources */ = {isa = PBXBuildFile; fileRef = 2F4DF91D2E6B1D9800733C9F /* ContractInfoMedium.swift */; };
		2F544BCE2BE5BE7500A83B15 /* Assets.xcassets in Resources */ = {isa = PBXBuildFile; fileRef = 2F544BCD2BE5BE7500A83B15 /* Assets.xcassets */; };
		2F544BCF2BE5CE6200A83B15 /* Assets.xcassets in Resources */ = {isa = PBXBuildFile; fileRef = 2F544BCD2BE5BE7500A83B15 /* Assets.xcassets */; };
		2F6DAA8A2F0AF4B60047F03E /* ei.pb.swift in Sources */ = {isa = PBXBuildFile; fileRef = 2F6DAA892F0AF4B60047F03E /* ei.pb.swift */; };
		2F6DAA8B2F0AF4B60047F03E /* ei.pb.swift in Sources */ = {isa = PBXBuildFile; fileRef = 2F6DAA892F0AF4B60047F03E /* ei.pb.swift */; };
		2F6DAA8C2F0AF4B60047F03E /* ei.pb.swift in Sources */ = {isa = PBXBuildFile; fileRef = 2F6DAA892F0AF4B60047F03E /* ei.pb.swift */; };
		2F6DAA8D2F0AF4B60047F03E /* ei.pb.swift in Sources */ = {isa = PBXBuildFile; fileRef = 2F6DAA892F0AF4B60047F03E /* ei.pb.swift */; };
		2F6DAA8E2F0AF4B60047F03E /* ei.pb.swift in Sources */ = {isa = PBXBuildFile; fileRef = 2F6DAA892F0AF4B60047F03E /* ei.pb.swift */; };
		2F6DAA8F2F0AF4B60047F03E /* ei.pb.swift in Sources */ = {isa = PBXBuildFile; fileRef = 2F6DAA892F0AF4B60047F03E /* ei.pb.swift */; };
		2F96C9C12C195DDF008C7708 /* SecureAPI.swift in Sources */ = {isa = PBXBuildFile; fileRef = 2F96C9C02C195DDF008C7708 /* SecureAPI.swift */; };
		2F96C9C22C195DDF008C7708 /* SecureAPI.swift in Sources */ = {isa = PBXBuildFile; fileRef = 2F96C9C02C195DDF008C7708 /* SecureAPI.swift */; };
		2F96C9C32C195DDF008C7708 /* SecureAPI.swift in Sources */ = {isa = PBXBuildFile; fileRef = 2F96C9C02C195DDF008C7708 /* SecureAPI.swift */; };
		2F96C9C42C195DDF008C7708 /* SecureAPI.swift in Sources */ = {isa = PBXBuildFile; fileRef = 2F96C9C02C195DDF008C7708 /* SecureAPI.swift */; };
		2FA3474F2BE7D0FA00C30E7B /* SettingsView.swift in Sources */ = {isa = PBXBuildFile; fileRef = 2FA3474E2BE7D0FA00C30E7B /* SettingsView.swift */; };
		2FA6D52F2E7C761A00063C10 /* SwiftProtobuf in Frameworks */ = {isa = PBXBuildFile; productRef = 2FA6D52E2E7C761A00063C10 /* SwiftProtobuf */; };
		2FA6D5312E7C769900063C10 /* SwiftProtobuf in Frameworks */ = {isa = PBXBuildFile; productRef = 2FA6D5302E7C769900063C10 /* SwiftProtobuf */; };
		2FA6D5332E7C76A500063C10 /* SwiftProtobuf in Frameworks */ = {isa = PBXBuildFile; productRef = 2FA6D5322E7C76A500063C10 /* SwiftProtobuf */; };
		2FA6D5352E7C76AB00063C10 /* SwiftProtobuf in Frameworks */ = {isa = PBXBuildFile; productRef = 2FA6D5342E7C76AB00063C10 /* SwiftProtobuf */; };
		2FA6D5372E7C76AF00063C10 /* SwiftProtobuf in Frameworks */ = {isa = PBXBuildFile; productRef = 2FA6D5362E7C76AF00063C10 /* SwiftProtobuf */; };
		2FE59DF12E19881200E125B2 /* ContractInfoExtension.appex in Embed Foundation Extensions */ = {isa = PBXBuildFile; fileRef = 2FE59DE42E19881000E125B2 /* ContractInfoExtension.appex */; settings = {ATTRIBUTES = (RemoveHeadersOnCopy, ); }; };
		2FE59DFD2E19884800E125B2 /* Assets.xcassets in Resources */ = {isa = PBXBuildFile; fileRef = 2FE59DF82E19884800E125B2 /* Assets.xcassets */; };
		2FE59DFF2E19884800E125B2 /* ContractInfo.swift in Sources */ = {isa = PBXBuildFile; fileRef = 2FE59DF92E19884800E125B2 /* ContractInfo.swift */; };
		2FE59E002E19884800E125B2 /* ContractInfoBundle.swift in Sources */ = {isa = PBXBuildFile; fileRef = 2FE59DFA2E19884800E125B2 /* ContractInfoBundle.swift */; };
		2FE59E042E1988F300E125B2 /* ContractInfoEntry.swift in Sources */ = {isa = PBXBuildFile; fileRef = 2FE59E032E1988F000E125B2 /* ContractInfoEntry.swift */; };
		2FE59E072E19894900E125B2 /* Provider.swift in Sources */ = {isa = PBXBuildFile; fileRef = 2FE59E062E19894700E125B2 /* Provider.swift */; };
		2FE59E082E19897100E125B2 /* ArtifactInfo.swift in Sources */ = {isa = PBXBuildFile; fileRef = 2F4D91412BEE7F9A00C6899F /* ArtifactInfo.swift */; };
		2FE59E092E19897500E125B2 /* GameInfo.swift in Sources */ = {isa = PBXBuildFile; fileRef = 2FF48FC72DD40F8600DD94C3 /* GameInfo.swift */; };
		2FE6749F2C18C12700B0D2E1 /* WidgetEggWatchApp.swift in Sources */ = {isa = PBXBuildFile; fileRef = 2FE6749E2C18C12700B0D2E1 /* WidgetEggWatchApp.swift */; };
		2FE674AA2C18C12800B0D2E1 /* WidgetEggWatch.app in Embed Watch Content */ = {isa = PBXBuildFile; fileRef = 2FE6749C2C18C12700B0D2E1 /* WidgetEggWatch.app */; settings = {ATTRIBUTES = (RemoveHeadersOnCopy, ); }; };
		2FE674B32C18C16D00B0D2E1 /* CustomGauge.swift in Sources */ = {isa = PBXBuildFile; fileRef = 2F4A7F842BE55D2700AD68A0 /* CustomGauge.swift */; };
		2FE674B42C18C16D00B0D2E1 /* FuelList.swift in Sources */ = {isa = PBXBuildFile; fileRef = 2F22B0E82BEBF24A00627D5F /* FuelList.swift */; };
		2FE674B52C18C16D00B0D2E1 /* Numbers.swift in Sources */ = {isa = PBXBuildFile; fileRef = 2F4D91432BEE803700C6899F /* Numbers.swift */; };
		2FE674B72C18C16D00B0D2E1 /* MissionInfoEmpty.swift in Sources */ = {isa = PBXBuildFile; fileRef = 2F4A7F822BE55CCA00AD68A0 /* MissionInfoEmpty.swift */; };
		2FE674B82C18C16D00B0D2E1 /* MissionInfoEntryView.swift in Sources */ = {isa = PBXBuildFile; fileRef = 2F4A7F7A2BE55C5800AD68A0 /* MissionInfoEntryView.swift */; };
		2FE674B92C18C16D00B0D2E1 /* UI.swift in Sources */ = {isa = PBXBuildFile; fileRef = 2F4D91482BEE80A600C6899F /* UI.swift */; };
		2FE674BA2C18C16D00B0D2E1 /* MissionInfo.swift in Sources */ = {isa = PBXBuildFile; fileRef = 2F20FDE52BE431B600B30302 /* MissionInfo.swift */; };
		2FE674BB2C18C16D00B0D2E1 /* ArtifactInfo.swift in Sources */ = {isa = PBXBuildFile; fileRef = 2F4D91412BEE7F9A00C6899F /* ArtifactInfo.swift */; };
		2FE674BC2C18C16D00B0D2E1 /* SignedOutView.swift in Sources */ = {isa = PBXBuildFile; fileRef = 2F4A7F862BE55E6500AD68A0 /* SignedOutView.swift */; };
		2FE674BD2C18C16D00B0D2E1 /* MissionInfoBundle.swift in Sources */ = {isa = PBXBuildFile; fileRef = 2F20FDE32BE431B600B30302 /* MissionInfoBundle.swift */; };
		2FE674BE2C18C16D00B0D2E1 /* MissionInfoEntry.swift in Sources */ = {isa = PBXBuildFile; fileRef = 2F4A7F752BE55BE100AD68A0 /* MissionInfoEntry.swift */; };
		2FE674BF2C18C16D00B0D2E1 /* Provider.swift in Sources */ = {isa = PBXBuildFile; fileRef = 2F4A7F722BE55B9C00AD68A0 /* Provider.swift */; };
		2FE674C02C18C16D00B0D2E1 /* MediumGauge.swift in Sources */ = {isa = PBXBuildFile; fileRef = 2F4D914D2BEE823E00C6899F /* MediumGauge.swift */; };
		2FE674C12C18C16D00B0D2E1 /* MissionInfoMedium.swift in Sources */ = {isa = PBXBuildFile; fileRef = 2F4A7F802BE55CA400AD68A0 /* MissionInfoMedium.swift */; };
		2FE674C22C18C16D00B0D2E1 /* API.swift in Sources */ = {isa = PBXBuildFile; fileRef = 2F20FDF82BE43C1700B30302 /* API.swift */; };
		2FE674C42C18C16D00B0D2E1 /* Extensions.swift in Sources */ = {isa = PBXBuildFile; fileRef = 2F4A7F782BE55BFF00AD68A0 /* Extensions.swift */; };
		2FE674C52C18C16D00B0D2E1 /* MissionInfoSmall.swift in Sources */ = {isa = PBXBuildFile; fileRef = 2F4A7F7E2BE55C8A00AD68A0 /* MissionInfoSmall.swift */; };
		2FE674C72C18C16D00B0D2E1 /* SwiftProtobufPluginLibrary in Frameworks */ = {isa = PBXBuildFile; productRef = 2FE674B12C18C16D00B0D2E1 /* SwiftProtobufPluginLibrary */; };
		2FE674CA2C18C16D00B0D2E1 /* SwiftProtobuf in Frameworks */ = {isa = PBXBuildFile; productRef = 2FE674AF2C18C16D00B0D2E1 /* SwiftProtobuf */; };
		2FE674CC2C18C16D00B0D2E1 /* Assets.xcassets in Resources */ = {isa = PBXBuildFile; fileRef = 2F544BCD2BE5BE7500A83B15 /* Assets.xcassets */; };
		2FE674CD2C18C16D00B0D2E1 /* EggIncAssets.xcassets in Resources */ = {isa = PBXBuildFile; fileRef = 2F20FDE92BE431B700B30302 /* EggIncAssets.xcassets */; };
		2FE674D32C18C21100B0D2E1 /* MissionInfoWatchExtension.appex in Embed Foundation Extensions */ = {isa = PBXBuildFile; fileRef = 2FE674D12C18C16D00B0D2E1 /* MissionInfoWatchExtension.appex */; settings = {ATTRIBUTES = (RemoveHeadersOnCopy, ); }; };
		2FE674DF2C18CA0200B0D2E1 /* HomeView.swift in Sources */ = {isa = PBXBuildFile; fileRef = 2F4772DB2BE41E9600EC6E07 /* HomeView.swift */; };
		2FE674E12C18CA0E00B0D2E1 /* WhatNext.swift in Sources */ = {isa = PBXBuildFile; fileRef = 2F22B0E42BEAD47300627D5F /* WhatNext.swift */; };
		2FE674E22C18CA1200B0D2E1 /* EIDHelp.swift in Sources */ = {isa = PBXBuildFile; fileRef = 2F4A7F8C2BE5780700AD68A0 /* EIDHelp.swift */; };
		2FE674E32C18CA4500B0D2E1 /* API.swift in Sources */ = {isa = PBXBuildFile; fileRef = 2F20FDF82BE43C1700B30302 /* API.swift */; };
		2FE674E42C18CAB800B0D2E1 /* Assets.xcassets in Resources */ = {isa = PBXBuildFile; fileRef = 2F544BCD2BE5BE7500A83B15 /* Assets.xcassets */; };
		2FE674E62C18CAD900B0D2E1 /* Numbers.swift in Sources */ = {isa = PBXBuildFile; fileRef = 2F4D91432BEE803700C6899F /* Numbers.swift */; };
		2FE674E82C18CAF000B0D2E1 /* ArtifactInfo.swift in Sources */ = {isa = PBXBuildFile; fileRef = 2F4D91412BEE7F9A00C6899F /* ArtifactInfo.swift */; };
		2FE674E92C18CB5100B0D2E1 /* Extensions.swift in Sources */ = {isa = PBXBuildFile; fileRef = 2F4A7F782BE55BFF00AD68A0 /* Extensions.swift */; };
		2FE674EF2C18CCB100B0D2E1 /* MissionInfoAccessoryRectangular.swift in Sources */ = {isa = PBXBuildFile; fileRef = 2FE674EE2C18CCA300B0D2E1 /* MissionInfoAccessoryRectangular.swift */; };
		2FE674F02C18CCB100B0D2E1 /* MissionInfoAccessoryRectangular.swift in Sources */ = {isa = PBXBuildFile; fileRef = 2FE674EE2C18CCA300B0D2E1 /* MissionInfoAccessoryRectangular.swift */; };
		2FE674F22C18D66200B0D2E1 /* UI.swift in Sources */ = {isa = PBXBuildFile; fileRef = 2F4D91482BEE80A600C6899F /* UI.swift */; };
		2FE674F72C18FC8800B0D2E1 /* MissionInfoAccessoryCircular.swift in Sources */ = {isa = PBXBuildFile; fileRef = 2FE674F62C18FC8300B0D2E1 /* MissionInfoAccessoryCircular.swift */; };
		2FE674F82C18FC8800B0D2E1 /* MissionInfoAccessoryCircular.swift in Sources */ = {isa = PBXBuildFile; fileRef = 2FE674F62C18FC8300B0D2E1 /* MissionInfoAccessoryCircular.swift */; };
		2FE674FA2C190DB600B0D2E1 /* MissionInfoAccessoryCorner.swift in Sources */ = {isa = PBXBuildFile; fileRef = 2FE674F92C190DB200B0D2E1 /* MissionInfoAccessoryCorner.swift */; };
		2FE674FB2C190DB600B0D2E1 /* MissionInfoAccessoryCorner.swift in Sources */ = {isa = PBXBuildFile; fileRef = 2FE674F92C190DB200B0D2E1 /* MissionInfoAccessoryCorner.swift */; };
		2FF48F6F2DD3D8B500DD94C3 /* SettingsView.swift in Sources */ = {isa = PBXBuildFile; fileRef = 2FA3474E2BE7D0FA00C30E7B /* SettingsView.swift */; };
		2FF48F982DD3EFEB00DD94C3 /* UserInfoExtension.appex in Embed Foundation Extensions */ = {isa = PBXBuildFile; fileRef = 2FF48F8B2DD3EFEA00DD94C3 /* UserInfoExtension.appex */; settings = {ATTRIBUTES = (RemoveHeadersOnCopy, ); }; };
		2FF48FA22DD3EFF400DD94C3 /* Assets.xcassets in Resources */ = {isa = PBXBuildFile; fileRef = 2FF48F9D2DD3EFF400DD94C3 /* Assets.xcassets */; };
		2FF48FA42DD3EFF400DD94C3 /* UserInfo.swift in Sources */ = {isa = PBXBuildFile; fileRef = 2FF48F9F2DD3EFF400DD94C3 /* UserInfo.swift */; };
		2FF48FA52DD3EFF400DD94C3 /* UserInfoBundle.swift in Sources */ = {isa = PBXBuildFile; fileRef = 2FF48FA02DD3EFF400DD94C3 /* UserInfoBundle.swift */; };
		2FF48FA82DD3F02500DD94C3 /* Provider.swift in Sources */ = {isa = PBXBuildFile; fileRef = 2FF48FA72DD3F02200DD94C3 /* Provider.swift */; };
		2FF48FAA2DD3F03300DD94C3 /* UserInfoEntry.swift in Sources */ = {isa = PBXBuildFile; fileRef = 2FF48FA92DD3F03000DD94C3 /* UserInfoEntry.swift */; };
		2FF48FAC2DD3F16300DD94C3 /* SecureAPI.swift in Sources */ = {isa = PBXBuildFile; fileRef = 2F96C9C02C195DDF008C7708 /* SecureAPI.swift */; };
		2FF48FAD2DD3F16800DD94C3 /* API.swift in Sources */ = {isa = PBXBuildFile; fileRef = 2F20FDF82BE43C1700B30302 /* API.swift */; };
		2FF48FAE2DD3F1B500DD94C3 /* ArtifactInfo.swift in Sources */ = {isa = PBXBuildFile; fileRef = 2F4D91412BEE7F9A00C6899F /* ArtifactInfo.swift */; };
		2FF48FAF2DD3F1BC00DD94C3 /* Numbers.swift in Sources */ = {isa = PBXBuildFile; fileRef = 2F4D91432BEE803700C6899F /* Numbers.swift */; };
		2FF48FB02DD3F1C200DD94C3 /* UI.swift in Sources */ = {isa = PBXBuildFile; fileRef = 2F4D91482BEE80A600C6899F /* UI.swift */; };
		2FF48FB12DD3F1C700DD94C3 /* Extensions.swift in Sources */ = {isa = PBXBuildFile; fileRef = 2F4A7F782BE55BFF00AD68A0 /* Extensions.swift */; };
		2FF48FB42DD3F43800DD94C3 /* UserInfoEntryView.swift in Sources */ = {isa = PBXBuildFile; fileRef = 2FF48FB32DD3F43500DD94C3 /* UserInfoEntryView.swift */; };
		2FF48FB52DD3F47200DD94C3 /* SignedOutView.swift in Sources */ = {isa = PBXBuildFile; fileRef = 2F4A7F862BE55E6500AD68A0 /* SignedOutView.swift */; };
		2FF48FB92DD3F4C100DD94C3 /* UserInfoSmall.swift in Sources */ = {isa = PBXBuildFile; fileRef = 2FF48FB82DD3F4BD00DD94C3 /* UserInfoSmall.swift */; };
		2FF48FC62DD3F9C200DD94C3 /* EggIncAssets.xcassets in Resources */ = {isa = PBXBuildFile; fileRef = 2F20FDE92BE431B700B30302 /* EggIncAssets.xcassets */; };
		2FF48FC82DD40F8B00DD94C3 /* GameInfo.swift in Sources */ = {isa = PBXBuildFile; fileRef = 2FF48FC72DD40F8600DD94C3 /* GameInfo.swift */; };
		2FF48FC92DD40F8B00DD94C3 /* GameInfo.swift in Sources */ = {isa = PBXBuildFile; fileRef = 2FF48FC72DD40F8600DD94C3 /* GameInfo.swift */; };
		2FF48FCA2DD40F8B00DD94C3 /* GameInfo.swift in Sources */ = {isa = PBXBuildFile; fileRef = 2FF48FC72DD40F8600DD94C3 /* GameInfo.swift */; };
		2FF48FCB2DD40F8B00DD94C3 /* GameInfo.swift in Sources */ = {isa = PBXBuildFile; fileRef = 2FF48FC72DD40F8600DD94C3 /* GameInfo.swift */; };
		2FF48FCC2DD40F8B00DD94C3 /* GameInfo.swift in Sources */ = {isa = PBXBuildFile; fileRef = 2FF48FC72DD40F8600DD94C3 /* GameInfo.swift */; };
		2FF48FCD2DD4265D00DD94C3 /* Assets.xcassets in Resources */ = {isa = PBXBuildFile; fileRef = 2F544BCD2BE5BE7500A83B15 /* Assets.xcassets */; };
/* End PBXBuildFile section */

/* Begin PBXContainerItemProxy section */
		2F20FDED2BE431B700B30302 /* PBXContainerItemProxy */ = {
			isa = PBXContainerItemProxy;
			containerPortal = 2F4772CE2BE41E9600EC6E07 /* Project object */;
			proxyType = 1;
			remoteGlobalIDString = 2F20FDDE2BE431B600B30302;
			remoteInfo = MissionInfoExtension;
		};
		2FE59DEF2E19881200E125B2 /* PBXContainerItemProxy */ = {
			isa = PBXContainerItemProxy;
			containerPortal = 2F4772CE2BE41E9600EC6E07 /* Project object */;
			proxyType = 1;
			remoteGlobalIDString = 2FE59DE32E19881000E125B2;
			remoteInfo = ContractInfoExtension;
		};
		2FE674A72C18C12800B0D2E1 /* PBXContainerItemProxy */ = {
			isa = PBXContainerItemProxy;
			containerPortal = 2F4772CE2BE41E9600EC6E07 /* Project object */;
			proxyType = 1;
			remoteGlobalIDString = 2FE6749B2C18C12700B0D2E1;
			remoteInfo = "WidgetEggWatch Watch App";
		};
		2FE674D42C18C21100B0D2E1 /* PBXContainerItemProxy */ = {
			isa = PBXContainerItemProxy;
			containerPortal = 2F4772CE2BE41E9600EC6E07 /* Project object */;
			proxyType = 1;
			remoteGlobalIDString = 2FE674AE2C18C16D00B0D2E1;
			remoteInfo = MissionInfoWatchExtension;
		};
		2FF48F962DD3EFEB00DD94C3 /* PBXContainerItemProxy */ = {
			isa = PBXContainerItemProxy;
			containerPortal = 2F4772CE2BE41E9600EC6E07 /* Project object */;
			proxyType = 1;
			remoteGlobalIDString = 2FF48F8A2DD3EFEA00DD94C3;
			remoteInfo = UserInfoExtension;
		};
/* End PBXContainerItemProxy section */

/* Begin PBXCopyFilesBuildPhase section */
		2F185AF12E7A2BDF008210FA /* Embed Frameworks */ = {
			isa = PBXCopyFilesBuildPhase;
			buildActionMask = 2147483647;
			dstPath = "";
			dstSubfolderSpec = 10;
			files = (
				2F185AF02E7A2BDF008210FA /* ClockHandRotationEffect.xcframework in Embed Frameworks */,
			);
			name = "Embed Frameworks";
			runOnlyForDeploymentPostprocessing = 0;
		};
		2F4773212BE430FD00EC6E07 /* Embed Foundation Extensions */ = {
			isa = PBXCopyFilesBuildPhase;
			buildActionMask = 2147483647;
			dstPath = "";
			dstSubfolderSpec = 13;
			files = (
				2F20FDEF2BE431B700B30302 /* MissionInfoExtension.appex in Embed Foundation Extensions */,
				2FF48F982DD3EFEB00DD94C3 /* UserInfoExtension.appex in Embed Foundation Extensions */,
				2FE59DF12E19881200E125B2 /* ContractInfoExtension.appex in Embed Foundation Extensions */,
			);
			name = "Embed Foundation Extensions";
			runOnlyForDeploymentPostprocessing = 0;
		};
		2FCDA0622E7A21A700580F07 /* Embed Frameworks */ = {
			isa = PBXCopyFilesBuildPhase;
			buildActionMask = 2147483647;
			dstPath = "";
			dstSubfolderSpec = 10;
			files = (
				2F185AF32E7A2BFC008210FA /* ClockHandRotationEffect.xcframework in Embed Frameworks */,
			);
			name = "Embed Frameworks";
			runOnlyForDeploymentPostprocessing = 0;
		};
		2FE674A92C18C12800B0D2E1 /* Embed Watch Content */ = {
			isa = PBXCopyFilesBuildPhase;
			buildActionMask = 2147483647;
			dstPath = "$(CONTENTS_FOLDER_PATH)/Watch";
			dstSubfolderSpec = 16;
			files = (
				2FE674AA2C18C12800B0D2E1 /* WidgetEggWatch.app in Embed Watch Content */,
			);
			name = "Embed Watch Content";
			runOnlyForDeploymentPostprocessing = 0;
		};
		2FE674D62C18C21100B0D2E1 /* Embed Foundation Extensions */ = {
			isa = PBXCopyFilesBuildPhase;
			buildActionMask = 2147483647;
			dstPath = "";
			dstSubfolderSpec = 13;
			files = (
				2FE674D32C18C21100B0D2E1 /* MissionInfoWatchExtension.appex in Embed Foundation Extensions */,
			);
			name = "Embed Foundation Extensions";
			runOnlyForDeploymentPostprocessing = 0;
		};
/* End PBXCopyFilesBuildPhase section */

/* Begin PBXFileReference section */
		2F0FED3D2E3E7C5100BFA62C /* ContractInfoEntryView.swift */ = {isa = PBXFileReference; lastKnownFileType = sourcecode.swift; path = ContractInfoEntryView.swift; sourceTree = "<group>"; };
		2F0FED4D2E3E865D00BFA62C /* Notifications.swift */ = {isa = PBXFileReference; lastKnownFileType = sourcecode.swift; path = Notifications.swift; sourceTree = "<group>"; };
		2F117C2F2C1A2FF500226CEF /* Info.plist */ = {isa = PBXFileReference; lastKnownFileType = text.plist.xml; path = Info.plist; sourceTree = "<group>"; };
		2F11AEB02E7475F50004FFA9 /* ArtifactView.swift */ = {isa = PBXFileReference; lastKnownFileType = sourcecode.swift; path = ArtifactView.swift; sourceTree = "<group>"; };
		2F1830112C1A0B5000119A88 /* ci_pre_xcodebuild.sh */ = {isa = PBXFileReference; lastKnownFileType = text.script.sh; path = ci_pre_xcodebuild.sh; sourceTree = "<group>"; };
		2F185ADD2E7A21F9008210FA /* ClockHandRotationEffect.xcframework */ = {isa = PBXFileReference; lastKnownFileType = wrapper.xcframework; path = ClockHandRotationEffect.xcframework; sourceTree = "<group>"; };
		2F185AE72E7A2ACF008210FA /* Animation.swift */ = {isa = PBXFileReference; lastKnownFileType = sourcecode.swift; path = Animation.swift; sourceTree = "<group>"; };
		2F20EFB42E3EE543006102F7 /* WidgetEggDelegate.swift */ = {isa = PBXFileReference; lastKnownFileType = sourcecode.swift; path = WidgetEggDelegate.swift; sourceTree = "<group>"; };
		2F20FDDF2BE431B600B30302 /* MissionInfoExtension.appex */ = {isa = PBXFileReference; explicitFileType = "wrapper.app-extension"; includeInIndex = 0; path = MissionInfoExtension.appex; sourceTree = BUILT_PRODUCTS_DIR; };
		2F20FDE32BE431B600B30302 /* MissionInfoBundle.swift */ = {isa = PBXFileReference; lastKnownFileType = sourcecode.swift; path = MissionInfoBundle.swift; sourceTree = "<group>"; };
		2F20FDE52BE431B600B30302 /* MissionInfo.swift */ = {isa = PBXFileReference; lastKnownFileType = sourcecode.swift; path = MissionInfo.swift; sourceTree = "<group>"; };
		2F20FDE92BE431B700B30302 /* EggIncAssets.xcassets */ = {isa = PBXFileReference; lastKnownFileType = folder.assetcatalog; path = EggIncAssets.xcassets; sourceTree = "<group>"; };
		2F20FDEC2BE431B700B30302 /* MissionInfo.entitlements */ = {isa = PBXFileReference; lastKnownFileType = text.plist.entitlements; path = MissionInfo.entitlements; sourceTree = "<group>"; };
		2F20FDF82BE43C1700B30302 /* API.swift */ = {isa = PBXFileReference; lastKnownFileType = sourcecode.swift; path = API.swift; sourceTree = "<group>"; };
		2F22B0E42BEAD47300627D5F /* WhatNext.swift */ = {isa = PBXFileReference; lastKnownFileType = sourcecode.swift; path = WhatNext.swift; sourceTree = "<group>"; };
		2F22B0E82BEBF24A00627D5F /* FuelList.swift */ = {isa = PBXFileReference; lastKnownFileType = sourcecode.swift; path = FuelList.swift; sourceTree = "<group>"; };
		2F351D1D2E708DA200C75DE7 /* ContractInfoEmpty.swift */ = {isa = PBXFileReference; lastKnownFileType = sourcecode.swift; path = ContractInfoEmpty.swift; sourceTree = "<group>"; };
		2F351D1F2E70AE8F00C75DE7 /* ContractInfoLarge.swift */ = {isa = PBXFileReference; lastKnownFileType = sourcecode.swift; path = ContractInfoLarge.swift; sourceTree = "<group>"; };
		2F4772D62BE41E9600EC6E07 /* WidgetEgg.app */ = {isa = PBXFileReference; explicitFileType = wrapper.application; includeInIndex = 0; path = WidgetEgg.app; sourceTree = BUILT_PRODUCTS_DIR; };
		2F4772D92BE41E9600EC6E07 /* WidgetEggApp.swift */ = {isa = PBXFileReference; lastKnownFileType = sourcecode.swift; path = WidgetEggApp.swift; sourceTree = "<group>"; };
		2F4772DB2BE41E9600EC6E07 /* HomeView.swift */ = {isa = PBXFileReference; lastKnownFileType = sourcecode.swift; path = HomeView.swift; sourceTree = "<group>"; };
		2F4A7F722BE55B9C00AD68A0 /* Provider.swift */ = {isa = PBXFileReference; lastKnownFileType = sourcecode.swift; path = Provider.swift; sourceTree = "<group>"; };
		2F4A7F752BE55BE100AD68A0 /* MissionInfoEntry.swift */ = {isa = PBXFileReference; lastKnownFileType = sourcecode.swift; path = MissionInfoEntry.swift; sourceTree = "<group>"; };
		2F4A7F782BE55BFF00AD68A0 /* Extensions.swift */ = {isa = PBXFileReference; lastKnownFileType = sourcecode.swift; path = Extensions.swift; sourceTree = "<group>"; };
		2F4A7F7A2BE55C5800AD68A0 /* MissionInfoEntryView.swift */ = {isa = PBXFileReference; lastKnownFileType = sourcecode.swift; path = MissionInfoEntryView.swift; sourceTree = "<group>"; };
		2F4A7F7E2BE55C8A00AD68A0 /* MissionInfoSmall.swift */ = {isa = PBXFileReference; lastKnownFileType = sourcecode.swift; path = MissionInfoSmall.swift; sourceTree = "<group>"; };
		2F4A7F802BE55CA400AD68A0 /* MissionInfoMedium.swift */ = {isa = PBXFileReference; lastKnownFileType = sourcecode.swift; path = MissionInfoMedium.swift; sourceTree = "<group>"; };
		2F4A7F822BE55CCA00AD68A0 /* MissionInfoEmpty.swift */ = {isa = PBXFileReference; lastKnownFileType = sourcecode.swift; path = MissionInfoEmpty.swift; sourceTree = "<group>"; };
		2F4A7F842BE55D2700AD68A0 /* CustomGauge.swift */ = {isa = PBXFileReference; lastKnownFileType = sourcecode.swift; path = CustomGauge.swift; sourceTree = "<group>"; };
		2F4A7F862BE55E6500AD68A0 /* SignedOutView.swift */ = {isa = PBXFileReference; lastKnownFileType = sourcecode.swift; path = SignedOutView.swift; sourceTree = "<group>"; };
		2F4A7F882BE5624F00AD68A0 /* WidgetEgg.entitlements */ = {isa = PBXFileReference; lastKnownFileType = text.plist.entitlements; path = WidgetEgg.entitlements; sourceTree = "<group>"; };
		2F4A7F8C2BE5780700AD68A0 /* EIDHelp.swift */ = {isa = PBXFileReference; lastKnownFileType = sourcecode.swift; path = EIDHelp.swift; sourceTree = "<group>"; };
		2F4D91412BEE7F9A00C6899F /* ArtifactInfo.swift */ = {isa = PBXFileReference; lastKnownFileType = sourcecode.swift; path = ArtifactInfo.swift; sourceTree = "<group>"; };
		2F4D91432BEE803700C6899F /* Numbers.swift */ = {isa = PBXFileReference; lastKnownFileType = sourcecode.swift; path = Numbers.swift; sourceTree = "<group>"; };
		2F4D91482BEE80A600C6899F /* UI.swift */ = {isa = PBXFileReference; lastKnownFileType = sourcecode.swift; path = UI.swift; sourceTree = "<group>"; };
		2F4D914D2BEE823E00C6899F /* MediumGauge.swift */ = {isa = PBXFileReference; lastKnownFileType = sourcecode.swift; path = MediumGauge.swift; sourceTree = "<group>"; };
		2F4DF90D2E69F83300733C9F /* ContractInfoSmall.swift */ = {isa = PBXFileReference; lastKnownFileType = sourcecode.swift; path = ContractInfoSmall.swift; sourceTree = "<group>"; };
		2F4DF9152E6B1CFE00733C9F /* TitleView.swift */ = {isa = PBXFileReference; lastKnownFileType = sourcecode.swift; path = TitleView.swift; sourceTree = "<group>"; };
		2F4DF9172E6B1D0E00733C9F /* SubtitleView.swift */ = {isa = PBXFileReference; lastKnownFileType = sourcecode.swift; path = SubtitleView.swift; sourceTree = "<group>"; };
		2F4DF9192E6B1D2100733C9F /* StatsView.swift */ = {isa = PBXFileReference; lastKnownFileType = sourcecode.swift; path = StatsView.swift; sourceTree = "<group>"; };
		2F4DF91B2E6B1D3600733C9F /* GoalList.swift */ = {isa = PBXFileReference; lastKnownFileType = sourcecode.swift; path = GoalList.swift; sourceTree = "<group>"; };
		2F4DF91D2E6B1D9800733C9F /* ContractInfoMedium.swift */ = {isa = PBXFileReference; lastKnownFileType = sourcecode.swift; path = ContractInfoMedium.swift; sourceTree = "<group>"; };
		2F4DF9232E6B3F6F00733C9F /* ContractInfoExtension.entitlements */ = {isa = PBXFileReference; lastKnownFileType = text.plist.entitlements; path = ContractInfoExtension.entitlements; sourceTree = "<group>"; };
		2F544BCD2BE5BE7500A83B15 /* Assets.xcassets */ = {isa = PBXFileReference; lastKnownFileType = folder.assetcatalog; path = Assets.xcassets; sourceTree = "<group>"; };
		2F6DAA892F0AF4B60047F03E /* ei.pb.swift */ = {isa = PBXFileReference; lastKnownFileType = sourcecode.swift; path = ei.pb.swift; sourceTree = "<group>"; };
		2F96C9C02C195DDF008C7708 /* SecureAPI.swift */ = {isa = PBXFileReference; lastKnownFileType = sourcecode.swift; path = SecureAPI.swift; sourceTree = "<group>"; };
		2FA3474E2BE7D0FA00C30E7B /* SettingsView.swift */ = {isa = PBXFileReference; lastKnownFileType = sourcecode.swift; path = SettingsView.swift; sourceTree = "<group>"; };
		2FE59DE42E19881000E125B2 /* ContractInfoExtension.appex */ = {isa = PBXFileReference; explicitFileType = "wrapper.app-extension"; includeInIndex = 0; path = ContractInfoExtension.appex; sourceTree = BUILT_PRODUCTS_DIR; };
		2FE59DF82E19884800E125B2 /* Assets.xcassets */ = {isa = PBXFileReference; lastKnownFileType = folder.assetcatalog; path = Assets.xcassets; sourceTree = "<group>"; };
		2FE59DF92E19884800E125B2 /* ContractInfo.swift */ = {isa = PBXFileReference; lastKnownFileType = sourcecode.swift; path = ContractInfo.swift; sourceTree = "<group>"; };
		2FE59DFA2E19884800E125B2 /* ContractInfoBundle.swift */ = {isa = PBXFileReference; lastKnownFileType = sourcecode.swift; path = ContractInfoBundle.swift; sourceTree = "<group>"; };
		2FE59DFB2E19884800E125B2 /* Info.plist */ = {isa = PBXFileReference; lastKnownFileType = text.plist.xml; path = Info.plist; sourceTree = "<group>"; };
		2FE59E032E1988F000E125B2 /* ContractInfoEntry.swift */ = {isa = PBXFileReference; lastKnownFileType = sourcecode.swift; path = ContractInfoEntry.swift; sourceTree = "<group>"; };
		2FE59E062E19894700E125B2 /* Provider.swift */ = {isa = PBXFileReference; lastKnownFileType = sourcecode.swift; path = Provider.swift; sourceTree = "<group>"; };
		2FE6749C2C18C12700B0D2E1 /* WidgetEggWatch.app */ = {isa = PBXFileReference; explicitFileType = wrapper.application; includeInIndex = 0; path = WidgetEggWatch.app; sourceTree = BUILT_PRODUCTS_DIR; };
		2FE6749E2C18C12700B0D2E1 /* WidgetEggWatchApp.swift */ = {isa = PBXFileReference; lastKnownFileType = sourcecode.swift; path = WidgetEggWatchApp.swift; sourceTree = "<group>"; };
		2FE674D12C18C16D00B0D2E1 /* MissionInfoWatchExtension.appex */ = {isa = PBXFileReference; explicitFileType = "wrapper.app-extension"; includeInIndex = 0; path = MissionInfoWatchExtension.appex; sourceTree = BUILT_PRODUCTS_DIR; };
		2FE674DE2C18C95000B0D2E1 /* WidgetEggWatch.entitlements */ = {isa = PBXFileReference; lastKnownFileType = text.plist.entitlements; path = WidgetEggWatch.entitlements; sourceTree = "<group>"; };
		2FE674EE2C18CCA300B0D2E1 /* MissionInfoAccessoryRectangular.swift */ = {isa = PBXFileReference; lastKnownFileType = sourcecode.swift; path = MissionInfoAccessoryRectangular.swift; sourceTree = "<group>"; };
		2FE674F62C18FC8300B0D2E1 /* MissionInfoAccessoryCircular.swift */ = {isa = PBXFileReference; lastKnownFileType = sourcecode.swift; path = MissionInfoAccessoryCircular.swift; sourceTree = "<group>"; };
		2FE674F92C190DB200B0D2E1 /* MissionInfoAccessoryCorner.swift */ = {isa = PBXFileReference; lastKnownFileType = sourcecode.swift; path = MissionInfoAccessoryCorner.swift; sourceTree = "<group>"; };
		2FF48F8B2DD3EFEA00DD94C3 /* UserInfoExtension.appex */ = {isa = PBXFileReference; explicitFileType = "wrapper.app-extension"; includeInIndex = 0; path = UserInfoExtension.appex; sourceTree = BUILT_PRODUCTS_DIR; };
		2FF48F9D2DD3EFF400DD94C3 /* Assets.xcassets */ = {isa = PBXFileReference; lastKnownFileType = folder.assetcatalog; path = Assets.xcassets; sourceTree = "<group>"; };
		2FF48F9E2DD3EFF400DD94C3 /* Info.plist */ = {isa = PBXFileReference; lastKnownFileType = text.plist.xml; path = Info.plist; sourceTree = "<group>"; };
		2FF48F9F2DD3EFF400DD94C3 /* UserInfo.swift */ = {isa = PBXFileReference; lastKnownFileType = sourcecode.swift; path = UserInfo.swift; sourceTree = "<group>"; };
		2FF48FA02DD3EFF400DD94C3 /* UserInfoBundle.swift */ = {isa = PBXFileReference; lastKnownFileType = sourcecode.swift; path = UserInfoBundle.swift; sourceTree = "<group>"; };
		2FF48FA72DD3F02200DD94C3 /* Provider.swift */ = {isa = PBXFileReference; lastKnownFileType = sourcecode.swift; path = Provider.swift; sourceTree = "<group>"; };
		2FF48FA92DD3F03000DD94C3 /* UserInfoEntry.swift */ = {isa = PBXFileReference; lastKnownFileType = sourcecode.swift; path = UserInfoEntry.swift; sourceTree = "<group>"; };
		2FF48FB32DD3F43500DD94C3 /* UserInfoEntryView.swift */ = {isa = PBXFileReference; lastKnownFileType = sourcecode.swift; path = UserInfoEntryView.swift; sourceTree = "<group>"; };
		2FF48FB82DD3F4BD00DD94C3 /* UserInfoSmall.swift */ = {isa = PBXFileReference; lastKnownFileType = sourcecode.swift; path = UserInfoSmall.swift; sourceTree = "<group>"; };
		2FF48FBC2DD3F6B500DD94C3 /* UserInfo.entitlements */ = {isa = PBXFileReference; lastKnownFileType = text.plist.entitlements; path = UserInfo.entitlements; sourceTree = "<group>"; };
		2FF48FC72DD40F8600DD94C3 /* GameInfo.swift */ = {isa = PBXFileReference; lastKnownFileType = sourcecode.swift; path = GameInfo.swift; sourceTree = "<group>"; };
/* End PBXFileReference section */

/* Begin PBXFrameworksBuildPhase section */
		2F20FDDC2BE431B600B30302 /* Frameworks */ = {
			isa = PBXFrameworksBuildPhase;
			buildActionMask = 2147483647;
			files = (
				2FA6D5312E7C769900063C10 /* SwiftProtobuf in Frameworks */,
			);
			runOnlyForDeploymentPostprocessing = 0;
		};
		2F4772D32BE41E9600EC6E07 /* Frameworks */ = {
			isa = PBXFrameworksBuildPhase;
			buildActionMask = 2147483647;
			files = (
				2F185AEF2E7A2BDF008210FA /* ClockHandRotationEffect.xcframework in Frameworks */,
				2FA6D52F2E7C761A00063C10 /* SwiftProtobuf in Frameworks */,
			);
			runOnlyForDeploymentPostprocessing = 0;
		};
		2FE59DE12E19881000E125B2 /* Frameworks */ = {
			isa = PBXFrameworksBuildPhase;
			buildActionMask = 2147483647;
			files = (
				2F185AF22E7A2BFC008210FA /* ClockHandRotationEffect.xcframework in Frameworks */,
				2FA6D5372E7C76AF00063C10 /* SwiftProtobuf in Frameworks */,
			);
			runOnlyForDeploymentPostprocessing = 0;
		};
		2FE674992C18C12700B0D2E1 /* Frameworks */ = {
			isa = PBXFrameworksBuildPhase;
			buildActionMask = 2147483647;
			files = (
				2FA6D5332E7C76A500063C10 /* SwiftProtobuf in Frameworks */,
			);
			runOnlyForDeploymentPostprocessing = 0;
		};
		2FE674C62C18C16D00B0D2E1 /* Frameworks */ = {
			isa = PBXFrameworksBuildPhase;
			buildActionMask = 2147483647;
			files = (
				2FE674C72C18C16D00B0D2E1 /* SwiftProtobufPluginLibrary in Frameworks */,
				2FE674CA2C18C16D00B0D2E1 /* SwiftProtobuf in Frameworks */,
			);
			runOnlyForDeploymentPostprocessing = 0;
		};
		2FF48F882DD3EFEA00DD94C3 /* Frameworks */ = {
			isa = PBXFrameworksBuildPhase;
			buildActionMask = 2147483647;
			files = (
				2FA6D5352E7C76AB00063C10 /* SwiftProtobuf in Frameworks */,
			);
			runOnlyForDeploymentPostprocessing = 0;
		};
/* End PBXFrameworksBuildPhase section */

/* Begin PBXGroup section */
		2F0FED3C2E3E7C4700BFA62C /* Main */ = {
			isa = PBXGroup;
			children = (
				2F351D1D2E708DA200C75DE7 /* ContractInfoEmpty.swift */,
				2F0FED3D2E3E7C5100BFA62C /* ContractInfoEntryView.swift */,
			);
			path = Main;
			sourceTree = "<group>";
		};
		2F18300F2C1A0B4100119A88 /* ci_scripts */ = {
			isa = PBXGroup;
			children = (
				2F1830112C1A0B5000119A88 /* ci_pre_xcodebuild.sh */,
			);
			path = ci_scripts;
			sourceTree = "<group>";
		};
		2F185AE42E7A220C008210FA /* Frameworks */ = {
			isa = PBXGroup;
			children = (
				2F185ADD2E7A21F9008210FA /* ClockHandRotationEffect.xcframework */,
			);
			path = Frameworks;
			sourceTree = "<group>";
		};
		2F20FDE22BE431B600B30302 /* MissionInfo */ = {
			isa = PBXGroup;
			children = (
				2F4D914C2BEE820800C6899F /* Widget */,
				2F4A7F6C2BE55B6D00AD68A0 /* Views */,
				2F20FDE52BE431B600B30302 /* MissionInfo.swift */,
				2F20FDE32BE431B600B30302 /* MissionInfoBundle.swift */,
				2F20FDEC2BE431B700B30302 /* MissionInfo.entitlements */,
			);
			path = MissionInfo;
			sourceTree = "<group>";
		};
		2F4772CD2BE41E9600EC6E07 = {
			isa = PBXGroup;
			children = (
				2F18300F2C1A0B4100119A88 /* ci_scripts */,
				2F4772D82BE41E9600EC6E07 /* WidgetEgg */,
				2FE6749D2C18C12700B0D2E1 /* WidgetEggWatch */,
				2F20FDE22BE431B600B30302 /* MissionInfo */,
				2F4772E72BE422ED00EC6E07 /* Protobuf */,
				2FF48FA12DD3EFF400DD94C3 /* UserInfo */,
				2FE59DFC2E19884800E125B2 /* ContractInfo */,
				2F185AE42E7A220C008210FA /* Frameworks */,
				2F4772D72BE41E9600EC6E07 /* Products */,
			);
			sourceTree = "<group>";
		};
		2F4772D72BE41E9600EC6E07 /* Products */ = {
			isa = PBXGroup;
			children = (
				2F4772D62BE41E9600EC6E07 /* WidgetEgg.app */,
				2F20FDDF2BE431B600B30302 /* MissionInfoExtension.appex */,
				2FE6749C2C18C12700B0D2E1 /* WidgetEggWatch.app */,
				2FE674D12C18C16D00B0D2E1 /* MissionInfoWatchExtension.appex */,
				2FF48F8B2DD3EFEA00DD94C3 /* UserInfoExtension.appex */,
				2FE59DE42E19881000E125B2 /* ContractInfoExtension.appex */,
			);
			name = Products;
			sourceTree = "<group>";
		};
		2F4772D82BE41E9600EC6E07 /* WidgetEgg */ = {
			isa = PBXGroup;
			children = (
				2F4A7F882BE5624F00AD68A0 /* WidgetEgg.entitlements */,
				2F4772D92BE41E9600EC6E07 /* WidgetEggApp.swift */,
				2F20EFB42E3EE543006102F7 /* WidgetEggDelegate.swift */,
				2FE674F12C18D24500B0D2E1 /* Views */,
				2F544BCD2BE5BE7500A83B15 /* Assets.xcassets */,
				2F20FDE92BE431B700B30302 /* EggIncAssets.xcassets */,
				2F117C2F2C1A2FF500226CEF /* Info.plist */,
				2F4D91402BEE7F8D00C6899F /* Data */,
				2F4A7F6D2BE55B7600AD68A0 /* Tools */,
			);
			path = WidgetEgg;
			sourceTree = "<group>";
		};
		2F4772E72BE422ED00EC6E07 /* Protobuf */ = {
			isa = PBXGroup;
			children = (
				2F6DAA892F0AF4B60047F03E /* ei.pb.swift */,
			);
			path = Protobuf;
			sourceTree = "<group>";
		};
		2F4A7F6C2BE55B6D00AD68A0 /* Views */ = {
			isa = PBXGroup;
			children = (
				2FE674FF2C19265700B0D2E1 /* Main */,
				2FE674FC2C19261900B0D2E1 /* Standard */,
				2FE674FD2C19262700B0D2E1 /* Accessory */,
				2FE674FE2C19263600B0D2E1 /* Misc */,
			);
			path = Views;
			sourceTree = "<group>";
		};
		2F4A7F6D2BE55B7600AD68A0 /* Tools */ = {
			isa = PBXGroup;
			children = (
				2F185AE72E7A2ACF008210FA /* Animation.swift */,
				2F20FDF82BE43C1700B30302 /* API.swift */,
				2F96C9C02C195DDF008C7708 /* SecureAPI.swift */,
				2F0FED4D2E3E865D00BFA62C /* Notifications.swift */,
				2F4D91432BEE803700C6899F /* Numbers.swift */,
				2F4D91482BEE80A600C6899F /* UI.swift */,
				2F4A7F782BE55BFF00AD68A0 /* Extensions.swift */,
			);
			path = Tools;
			sourceTree = "<group>";
		};
		2F4D91402BEE7F8D00C6899F /* Data */ = {
			isa = PBXGroup;
			children = (
				2F4D91412BEE7F9A00C6899F /* ArtifactInfo.swift */,
				2FF48FC72DD40F8600DD94C3 /* GameInfo.swift */,
			);
			path = Data;
			sourceTree = "<group>";
		};
		2F4D914C2BEE820800C6899F /* Widget */ = {
			isa = PBXGroup;
			children = (
				2F4A7F722BE55B9C00AD68A0 /* Provider.swift */,
				2F4A7F752BE55BE100AD68A0 /* MissionInfoEntry.swift */,
			);
			path = Widget;
			sourceTree = "<group>";
		};
		2F4DF90C2E69F82D00733C9F /* Standard */ = {
			isa = PBXGroup;
			children = (
				2F4DF90D2E69F83300733C9F /* ContractInfoSmall.swift */,
				2F4DF91D2E6B1D9800733C9F /* ContractInfoMedium.swift */,
				2F351D1F2E70AE8F00C75DE7 /* ContractInfoLarge.swift */,
			);
			path = Standard;
			sourceTree = "<group>";
		};
		2F4DF9102E69F98100733C9F /* Misc */ = {
			isa = PBXGroup;
			children = (
				2F4DF9152E6B1CFE00733C9F /* TitleView.swift */,
				2F4DF9172E6B1D0E00733C9F /* SubtitleView.swift */,
				2F4DF9192E6B1D2100733C9F /* StatsView.swift */,
				2F11AEB02E7475F50004FFA9 /* ArtifactView.swift */,
				2F4DF91B2E6B1D3600733C9F /* GoalList.swift */,
			);
			path = Misc;
			sourceTree = "<group>";
		};
		2FE59DFC2E19884800E125B2 /* ContractInfo */ = {
			isa = PBXGroup;
			children = (
				2FE59E022E1988EA00E125B2 /* Views */,
				2FE59E012E1988E300E125B2 /* Widget */,
				2FE59DF92E19884800E125B2 /* ContractInfo.swift */,
				2FE59DFA2E19884800E125B2 /* ContractInfoBundle.swift */,
				2F4DF9232E6B3F6F00733C9F /* ContractInfoExtension.entitlements */,
				2FE59DF82E19884800E125B2 /* Assets.xcassets */,
				2FE59DFB2E19884800E125B2 /* Info.plist */,
			);
			path = ContractInfo;
			sourceTree = "<group>";
		};
		2FE59E012E1988E300E125B2 /* Widget */ = {
			isa = PBXGroup;
			children = (
				2FE59E032E1988F000E125B2 /* ContractInfoEntry.swift */,
				2FE59E062E19894700E125B2 /* Provider.swift */,
			);
			path = Widget;
			sourceTree = "<group>";
		};
		2FE59E022E1988EA00E125B2 /* Views */ = {
			isa = PBXGroup;
			children = (
				2F0FED3C2E3E7C4700BFA62C /* Main */,
				2F4DF90C2E69F82D00733C9F /* Standard */,
				2F4DF9102E69F98100733C9F /* Misc */,
			);
			path = Views;
			sourceTree = "<group>";
		};
		2FE6749D2C18C12700B0D2E1 /* WidgetEggWatch */ = {
			isa = PBXGroup;
			children = (
				2FE674DE2C18C95000B0D2E1 /* WidgetEggWatch.entitlements */,
				2FE6749E2C18C12700B0D2E1 /* WidgetEggWatchApp.swift */,
			);
			path = WidgetEggWatch;
			sourceTree = SOURCE_ROOT;
		};
		2FE674F12C18D24500B0D2E1 /* Views */ = {
			isa = PBXGroup;
			children = (
				2F4772DB2BE41E9600EC6E07 /* HomeView.swift */,
				2FA3474E2BE7D0FA00C30E7B /* SettingsView.swift */,
				2F22B0E42BEAD47300627D5F /* WhatNext.swift */,
				2F4A7F8C2BE5780700AD68A0 /* EIDHelp.swift */,
				2F4A7F862BE55E6500AD68A0 /* SignedOutView.swift */,
			);
			path = Views;
			sourceTree = "<group>";
		};
		2FE674FC2C19261900B0D2E1 /* Standard */ = {
			isa = PBXGroup;
			children = (
				2F4A7F7E2BE55C8A00AD68A0 /* MissionInfoSmall.swift */,
				2F4A7F802BE55CA400AD68A0 /* MissionInfoMedium.swift */,
			);
			path = Standard;
			sourceTree = "<group>";
		};
		2FE674FD2C19262700B0D2E1 /* Accessory */ = {
			isa = PBXGroup;
			children = (
				2FE674EE2C18CCA300B0D2E1 /* MissionInfoAccessoryRectangular.swift */,
				2FE674F62C18FC8300B0D2E1 /* MissionInfoAccessoryCircular.swift */,
				2FE674F92C190DB200B0D2E1 /* MissionInfoAccessoryCorner.swift */,
			);
			path = Accessory;
			sourceTree = "<group>";
		};
		2FE674FE2C19263600B0D2E1 /* Misc */ = {
			isa = PBXGroup;
			children = (
				2F4A7F842BE55D2700AD68A0 /* CustomGauge.swift */,
				2F4D914D2BEE823E00C6899F /* MediumGauge.swift */,
				2F22B0E82BEBF24A00627D5F /* FuelList.swift */,
			);
			path = Misc;
			sourceTree = "<group>";
		};
		2FE674FF2C19265700B0D2E1 /* Main */ = {
			isa = PBXGroup;
			children = (
				2F4A7F7A2BE55C5800AD68A0 /* MissionInfoEntryView.swift */,
				2F4A7F822BE55CCA00AD68A0 /* MissionInfoEmpty.swift */,
			);
			path = Main;
			sourceTree = "<group>";
		};
		2FF48FA12DD3EFF400DD94C3 /* UserInfo */ = {
			isa = PBXGroup;
			children = (
				2FF48FB22DD3F42F00DD94C3 /* Views */,
				2FF48FA62DD3F01C00DD94C3 /* Widget */,
				2FF48F9F2DD3EFF400DD94C3 /* UserInfo.swift */,
				2FF48FA02DD3EFF400DD94C3 /* UserInfoBundle.swift */,
				2FF48FBC2DD3F6B500DD94C3 /* UserInfo.entitlements */,
				2FF48F9D2DD3EFF400DD94C3 /* Assets.xcassets */,
				2FF48F9E2DD3EFF400DD94C3 /* Info.plist */,
			);
			path = UserInfo;
			sourceTree = "<group>";
		};
		2FF48FA62DD3F01C00DD94C3 /* Widget */ = {
			isa = PBXGroup;
			children = (
				2FF48FA92DD3F03000DD94C3 /* UserInfoEntry.swift */,
				2FF48FA72DD3F02200DD94C3 /* Provider.swift */,
			);
			path = Widget;
			sourceTree = "<group>";
		};
		2FF48FB22DD3F42F00DD94C3 /* Views */ = {
			isa = PBXGroup;
			children = (
				2FF48FB62DD3F4A800DD94C3 /* Main */,
				2FF48FB72DD3F4B600DD94C3 /* Standard */,
			);
			path = Views;
			sourceTree = "<group>";
		};
		2FF48FB62DD3F4A800DD94C3 /* Main */ = {
			isa = PBXGroup;
			children = (
				2FF48FB32DD3F43500DD94C3 /* UserInfoEntryView.swift */,
			);
			path = Main;
			sourceTree = "<group>";
		};
		2FF48FB72DD3F4B600DD94C3 /* Standard */ = {
			isa = PBXGroup;
			children = (
				2FF48FB82DD3F4BD00DD94C3 /* UserInfoSmall.swift */,
			);
			path = Standard;
			sourceTree = "<group>";
		};
/* End PBXGroup section */

/* Begin PBXNativeTarget section */
		2F20FDDE2BE431B600B30302 /* MissionInfoExtension */ = {
			isa = PBXNativeTarget;
			buildConfigurationList = 2F20FDF02BE431B700B30302 /* Build configuration list for PBXNativeTarget "MissionInfoExtension" */;
			buildPhases = (
				2F117C222C1A13B200226CEF /* ShellScript */,
				2F20FDDB2BE431B600B30302 /* Sources */,
				2F20FDDC2BE431B600B30302 /* Frameworks */,
				2F20FDDD2BE431B600B30302 /* Resources */,
			);
			buildRules = (
			);
			dependencies = (
			);
			name = MissionInfoExtension;
			packageProductDependencies = (
				2FA6D5302E7C769900063C10 /* SwiftProtobuf */,
			);
			productName = MissionInfoExtension;
			productReference = 2F20FDDF2BE431B600B30302 /* MissionInfoExtension.appex */;
			productType = "com.apple.product-type.app-extension";
		};
		2F4772D52BE41E9600EC6E07 /* WidgetEgg */ = {
			isa = PBXNativeTarget;
			buildConfigurationList = 2F4772E42BE41E9700EC6E07 /* Build configuration list for PBXNativeTarget "WidgetEgg" */;
			buildPhases = (
				2F4772D22BE41E9600EC6E07 /* Sources */,
				2F4772D32BE41E9600EC6E07 /* Frameworks */,
				2F4772D42BE41E9600EC6E07 /* Resources */,
				2F4773212BE430FD00EC6E07 /* Embed Foundation Extensions */,
				2FE674A92C18C12800B0D2E1 /* Embed Watch Content */,
				2F185AF12E7A2BDF008210FA /* Embed Frameworks */,
			);
			buildRules = (
			);
			dependencies = (
				2F20FDEE2BE431B700B30302 /* PBXTargetDependency */,
				2FE674A82C18C12800B0D2E1 /* PBXTargetDependency */,
				2FF48F972DD3EFEB00DD94C3 /* PBXTargetDependency */,
				2FE59DF02E19881200E125B2 /* PBXTargetDependency */,
			);
			name = WidgetEgg;
			packageProductDependencies = (
				2FA6D52E2E7C761A00063C10 /* SwiftProtobuf */,
			);
			productName = EggWidget;
			productReference = 2F4772D62BE41E9600EC6E07 /* WidgetEgg.app */;
			productType = "com.apple.product-type.application";
		};
		2FE59DE32E19881000E125B2 /* ContractInfoExtension */ = {
			isa = PBXNativeTarget;
			buildConfigurationList = 2FE59DF32E19881200E125B2 /* Build configuration list for PBXNativeTarget "ContractInfoExtension" */;
			buildPhases = (
				2FE59DE02E19881000E125B2 /* Sources */,
				2FE59DE12E19881000E125B2 /* Frameworks */,
				2FE59DE22E19881000E125B2 /* Resources */,
				2FCDA0622E7A21A700580F07 /* Embed Frameworks */,
			);
			buildRules = (
			);
			dependencies = (
			);
			name = ContractInfoExtension;
			packageProductDependencies = (
				2FA6D5362E7C76AF00063C10 /* SwiftProtobuf */,
			);
			productName = ContractInfoExtension;
			productReference = 2FE59DE42E19881000E125B2 /* ContractInfoExtension.appex */;
			productType = "com.apple.product-type.app-extension";
		};
		2FE6749B2C18C12700B0D2E1 /* WidgetEggWatch */ = {
			isa = PBXNativeTarget;
			buildConfigurationList = 2FE674AD2C18C12800B0D2E1 /* Build configuration list for PBXNativeTarget "WidgetEggWatch" */;
			buildPhases = (
				2FE674982C18C12700B0D2E1 /* Sources */,
				2FE674992C18C12700B0D2E1 /* Frameworks */,
				2FE6749A2C18C12700B0D2E1 /* Resources */,
				2FE674D62C18C21100B0D2E1 /* Embed Foundation Extensions */,
			);
			buildRules = (
			);
			dependencies = (
				2FE674D52C18C21100B0D2E1 /* PBXTargetDependency */,
			);
			name = WidgetEggWatch;
			packageProductDependencies = (
				2FA6D5322E7C76A500063C10 /* SwiftProtobuf */,
			);
			productName = "WidgetEggWatch Watch App";
			productReference = 2FE6749C2C18C12700B0D2E1 /* WidgetEggWatch.app */;
			productType = "com.apple.product-type.application";
		};
		2FE674AE2C18C16D00B0D2E1 /* MissionInfoWatchExtension */ = {
			isa = PBXNativeTarget;
			buildConfigurationList = 2FE674CE2C18C16D00B0D2E1 /* Build configuration list for PBXNativeTarget "MissionInfoWatchExtension" */;
			buildPhases = (
				2FE674B22C18C16D00B0D2E1 /* Sources */,
				2FE674C62C18C16D00B0D2E1 /* Frameworks */,
				2FE674CB2C18C16D00B0D2E1 /* Resources */,
			);
			buildRules = (
			);
			dependencies = (
			);
			name = MissionInfoWatchExtension;
			packageProductDependencies = (
				2FE674AF2C18C16D00B0D2E1 /* SwiftProtobuf */,
				2FE674B12C18C16D00B0D2E1 /* SwiftProtobufPluginLibrary */,
			);
			productName = MissionInfoExtension;
			productReference = 2FE674D12C18C16D00B0D2E1 /* MissionInfoWatchExtension.appex */;
			productType = "com.apple.product-type.app-extension";
		};
		2FF48F8A2DD3EFEA00DD94C3 /* UserInfoExtension */ = {
			isa = PBXNativeTarget;
			buildConfigurationList = 2FF48F9A2DD3EFEB00DD94C3 /* Build configuration list for PBXNativeTarget "UserInfoExtension" */;
			buildPhases = (
				2FF48F872DD3EFEA00DD94C3 /* Sources */,
				2FF48F882DD3EFEA00DD94C3 /* Frameworks */,
				2FF48F892DD3EFEA00DD94C3 /* Resources */,
			);
			buildRules = (
			);
			dependencies = (
			);
			name = UserInfoExtension;
			packageProductDependencies = (
				2FA6D5342E7C76AB00063C10 /* SwiftProtobuf */,
			);
			productName = UserInfoExtension;
			productReference = 2FF48F8B2DD3EFEA00DD94C3 /* UserInfoExtension.appex */;
			productType = "com.apple.product-type.app-extension";
		};
/* End PBXNativeTarget section */

/* Begin PBXProject section */
		2F4772CE2BE41E9600EC6E07 /* Project object */ = {
			isa = PBXProject;
			attributes = {
				BuildIndependentTargetsInParallel = 1;
				LastSwiftUpdateCheck = 1640;
				LastUpgradeCheck = 2600;
				TargetAttributes = {
					2F20FDDE2BE431B600B30302 = {
						CreatedOnToolsVersion = 15.3;
					};
					2F4772D52BE41E9600EC6E07 = {
						CreatedOnToolsVersion = 15.3;
					};
					2FE59DE32E19881000E125B2 = {
						CreatedOnToolsVersion = 16.4;
					};
					2FE6749B2C18C12700B0D2E1 = {
						CreatedOnToolsVersion = 16.0;
					};
					2FF48F8A2DD3EFEA00DD94C3 = {
						CreatedOnToolsVersion = 16.4;
					};
				};
			};
			buildConfigurationList = 2F4772D12BE41E9600EC6E07 /* Build configuration list for PBXProject "WidgetEgg" */;
			compatibilityVersion = "Xcode 15.3";
			developmentRegion = en;
			hasScannedForEncodings = 0;
			knownRegions = (
				en,
				Base,
			);
			mainGroup = 2F4772CD2BE41E9600EC6E07;
			packageReferences = (
				2FA6D52D2E7C761A00063C10 /* XCRemoteSwiftPackageReference "swift-protobuf" */,
			);
			productRefGroup = 2F4772D72BE41E9600EC6E07 /* Products */;
			projectDirPath = "";
			projectRoot = "";
			targets = (
				2F4772D52BE41E9600EC6E07 /* WidgetEgg */,
				2F20FDDE2BE431B600B30302 /* MissionInfoExtension */,
				2FE6749B2C18C12700B0D2E1 /* WidgetEggWatch */,
				2FE674AE2C18C16D00B0D2E1 /* MissionInfoWatchExtension */,
				2FF48F8A2DD3EFEA00DD94C3 /* UserInfoExtension */,
				2FE59DE32E19881000E125B2 /* ContractInfoExtension */,
			);
		};
/* End PBXProject section */

/* Begin PBXResourcesBuildPhase section */
		2F20FDDD2BE431B600B30302 /* Resources */ = {
			isa = PBXResourcesBuildPhase;
			buildActionMask = 2147483647;
			files = (
				2F544BCF2BE5CE6200A83B15 /* Assets.xcassets in Resources */,
				2F20FDEA2BE431B700B30302 /* EggIncAssets.xcassets in Resources */,
			);
			runOnlyForDeploymentPostprocessing = 0;
		};
		2F4772D42BE41E9600EC6E07 /* Resources */ = {
			isa = PBXResourcesBuildPhase;
			buildActionMask = 2147483647;
			files = (
				2F544BCE2BE5BE7500A83B15 /* Assets.xcassets in Resources */,
			);
			runOnlyForDeploymentPostprocessing = 0;
		};
		2FE59DE22E19881000E125B2 /* Resources */ = {
			isa = PBXResourcesBuildPhase;
			buildActionMask = 2147483647;
			files = (
				2FE59DFD2E19884800E125B2 /* Assets.xcassets in Resources */,
				2F4DF9142E6A158100733C9F /* Assets.xcassets in Resources */,
				2F4DF9132E6A039B00733C9F /* EggIncAssets.xcassets in Resources */,
			);
			runOnlyForDeploymentPostprocessing = 0;
		};
		2FE6749A2C18C12700B0D2E1 /* Resources */ = {
			isa = PBXResourcesBuildPhase;
			buildActionMask = 2147483647;
			files = (
				2FE674E42C18CAB800B0D2E1 /* Assets.xcassets in Resources */,
			);
			runOnlyForDeploymentPostprocessing = 0;
		};
		2FE674CB2C18C16D00B0D2E1 /* Resources */ = {
			isa = PBXResourcesBuildPhase;
			buildActionMask = 2147483647;
			files = (
				2FE674CC2C18C16D00B0D2E1 /* Assets.xcassets in Resources */,
				2FE674CD2C18C16D00B0D2E1 /* EggIncAssets.xcassets in Resources */,
			);
			runOnlyForDeploymentPostprocessing = 0;
		};
		2FF48F892DD3EFEA00DD94C3 /* Resources */ = {
			isa = PBXResourcesBuildPhase;
			buildActionMask = 2147483647;
			files = (
				2FF48FA22DD3EFF400DD94C3 /* Assets.xcassets in Resources */,
				2FF48FCD2DD4265D00DD94C3 /* Assets.xcassets in Resources */,
				2FF48FC62DD3F9C200DD94C3 /* EggIncAssets.xcassets in Resources */,
			);
			runOnlyForDeploymentPostprocessing = 0;
		};
/* End PBXResourcesBuildPhase section */

/* Begin PBXShellScriptBuildPhase section */
		2F117C222C1A13B200226CEF /* ShellScript */ = {
			isa = PBXShellScriptBuildPhase;
			buildActionMask = 2147483647;
			files = (
			);
			inputFileListPaths = (
			);
			inputPaths = (
			);
			outputFileListPaths = (
			);
			outputPaths = (
				"$(SRCROOT)/WidgetEgg/ExtensionInfo.plist",
			);
			runOnlyForDeploymentPostprocessing = 0;
			shellPath = /bin/sh;
			shellScript = "# Type a script or drag a script file from your workspace to insert its path.\nsh ${SRCROOT}/ci_scripts/ci_pre_xcodebuild.sh\n";
		};
/* End PBXShellScriptBuildPhase section */

/* Begin PBXSourcesBuildPhase section */
		2F20FDDB2BE431B600B30302 /* Sources */ = {
			isa = PBXSourcesBuildPhase;
			buildActionMask = 2147483647;
			files = (
				2F4A7F852BE55D2700AD68A0 /* CustomGauge.swift in Sources */,
				2FF48F6F2DD3D8B500DD94C3 /* SettingsView.swift in Sources */,
				2F96C9C22C195DDF008C7708 /* SecureAPI.swift in Sources */,
				2F22B0E92BEBF24A00627D5F /* FuelList.swift in Sources */,
				2F6DAA8C2F0AF4B60047F03E /* ei.pb.swift in Sources */,
				2F4D91442BEE803700C6899F /* Numbers.swift in Sources */,
				2F4A7F832BE55CCA00AD68A0 /* MissionInfoEmpty.swift in Sources */,
				2F4A7F7D2BE55C6F00AD68A0 /* MissionInfoEntryView.swift in Sources */,
				2F4D91492BEE80A600C6899F /* UI.swift in Sources */,
				2F20FDE62BE431B600B30302 /* MissionInfo.swift in Sources */,
				2F4D91452BEE803A00C6899F /* ArtifactInfo.swift in Sources */,
				2F4A7F872BE55E6500AD68A0 /* SignedOutView.swift in Sources */,
				2FE674F02C18CCB100B0D2E1 /* MissionInfoAccessoryRectangular.swift in Sources */,
				2F20FDE42BE431B600B30302 /* MissionInfoBundle.swift in Sources */,
				2F4A7F772BE55BE500AD68A0 /* MissionInfoEntry.swift in Sources */,
				2F4A7F742BE55BB900AD68A0 /* Provider.swift in Sources */,
				2FE674FB2C190DB600B0D2E1 /* MissionInfoAccessoryCorner.swift in Sources */,
				2F0FED512E3E866200BFA62C /* Notifications.swift in Sources */,
				2F4D914E2BEE823E00C6899F /* MediumGauge.swift in Sources */,
				2F20F04B2E3FB326006102F7 /* API.swift in Sources */,
				2FE674F82C18FC8800B0D2E1 /* MissionInfoAccessoryCircular.swift in Sources */,
				2F4A7F812BE55CA400AD68A0 /* MissionInfoMedium.swift in Sources */,
				2F4A7F7C2BE55C6B00AD68A0 /* Extensions.swift in Sources */,
				2F4A7F7F2BE55C8A00AD68A0 /* MissionInfoSmall.swift in Sources */,
				2FF48FCC2DD40F8B00DD94C3 /* GameInfo.swift in Sources */,
			);
			runOnlyForDeploymentPostprocessing = 0;
		};
		2F4772D22BE41E9600EC6E07 /* Sources */ = {
			isa = PBXSourcesBuildPhase;
			buildActionMask = 2147483647;
			files = (
				2F0FED4E2E3E866200BFA62C /* Notifications.swift in Sources */,
				2FA3474F2BE7D0FA00C30E7B /* SettingsView.swift in Sources */,
				2F4A7F8B2BE56DE200AD68A0 /* Extensions.swift in Sources */,
				2F20EFB82E3EE543006102F7 /* WidgetEggDelegate.swift in Sources */,
				2F4D914A2BEE815200C6899F /* UI.swift in Sources */,
				2F4772DC2BE41E9600EC6E07 /* HomeView.swift in Sources */,
				2F22B0E52BEAD47300627D5F /* WhatNext.swift in Sources */,
				2F4D91472BEE805D00C6899F /* ArtifactInfo.swift in Sources */,
				2F6DAA8B2F0AF4B60047F03E /* ei.pb.swift in Sources */,
				2F96C9C12C195DDF008C7708 /* SecureAPI.swift in Sources */,
				2F185AEC2E7A2AD1008210FA /* Animation.swift in Sources */,
				2F4D914B2BEE815400C6899F /* Numbers.swift in Sources */,
				2F4772DA2BE41E9600EC6E07 /* WidgetEggApp.swift in Sources */,
				2F4D91462BEE805600C6899F /* API.swift in Sources */,
				2F4A7F8D2BE5780700AD68A0 /* EIDHelp.swift in Sources */,
				2FF48FC92DD40F8B00DD94C3 /* GameInfo.swift in Sources */,
			);
			runOnlyForDeploymentPostprocessing = 0;
		};
		2FE59DE02E19881000E125B2 /* Sources */ = {
			isa = PBXSourcesBuildPhase;
			buildActionMask = 2147483647;
			files = (
				2F4DF91C2E6B1D3600733C9F /* GoalList.swift in Sources */,
				2FE59E092E19897500E125B2 /* GameInfo.swift in Sources */,
				2F351D202E70AE8F00C75DE7 /* ContractInfoLarge.swift in Sources */,
				2FE59DFF2E19884800E125B2 /* ContractInfo.swift in Sources */,
				2F6DAA8A2F0AF4B60047F03E /* ei.pb.swift in Sources */,
				2FE59E002E19884800E125B2 /* ContractInfoBundle.swift in Sources */,
				2F4DF9182E6B1D0E00733C9F /* SubtitleView.swift in Sources */,
				2F0FED402E3E7CAB00BFA62C /* API.swift in Sources */,
				2F351D1E2E708DA700C75DE7 /* ContractInfoEmpty.swift in Sources */,
				2FE59E072E19894900E125B2 /* Provider.swift in Sources */,
				2F0FED3E2E3E7C5700BFA62C /* ContractInfoEntryView.swift in Sources */,
				2F0FED522E3E866200BFA62C /* Notifications.swift in Sources */,
				2F0FED422E3E7CD700BFA62C /* SecureAPI.swift in Sources */,
				2F0FED432E3E7CDB00BFA62C /* Numbers.swift in Sources */,
				2F11AEB12E7475F90004FFA9 /* ArtifactView.swift in Sources */,
				2FE59E042E1988F300E125B2 /* ContractInfoEntry.swift in Sources */,
				2F0FED412E3E7CC100BFA62C /* UI.swift in Sources */,
				2F4DF9162E6B1CFE00733C9F /* TitleView.swift in Sources */,
				2F4DF91E2E6B1D9800733C9F /* ContractInfoMedium.swift in Sources */,
				2F4DF91A2E6B1D2100733C9F /* StatsView.swift in Sources */,
				2F0FED3F2E3E7C7800BFA62C /* SignedOutView.swift in Sources */,
				2FE59E082E19897100E125B2 /* ArtifactInfo.swift in Sources */,
				2F4DF90E2E69F83500733C9F /* ContractInfoSmall.swift in Sources */,
				2F185AEA2E7A2AD1008210FA /* Animation.swift in Sources */,
				2F0FED442E3E7CE100BFA62C /* Extensions.swift in Sources */,
			);
			runOnlyForDeploymentPostprocessing = 0;
		};
		2FE674982C18C12700B0D2E1 /* Sources */ = {
			isa = PBXSourcesBuildPhase;
			buildActionMask = 2147483647;
			files = (
				2FE674DF2C18CA0200B0D2E1 /* HomeView.swift in Sources */,
				2FE674E22C18CA1200B0D2E1 /* EIDHelp.swift in Sources */,
				2FE674F22C18D66200B0D2E1 /* UI.swift in Sources */,
				2FE674E82C18CAF000B0D2E1 /* ArtifactInfo.swift in Sources */,
				2FE674E92C18CB5100B0D2E1 /* Extensions.swift in Sources */,
				2F6DAA8D2F0AF4B60047F03E /* ei.pb.swift in Sources */,
				2F96C9C32C195DDF008C7708 /* SecureAPI.swift in Sources */,
				2FE6749F2C18C12700B0D2E1 /* WidgetEggWatchApp.swift in Sources */,
				2F0FED532E3E866200BFA62C /* Notifications.swift in Sources */,
				2FE674E12C18CA0E00B0D2E1 /* WhatNext.swift in Sources */,
				2FE674E32C18CA4500B0D2E1 /* API.swift in Sources */,
				2FE674E62C18CAD900B0D2E1 /* Numbers.swift in Sources */,
				2FF48FC82DD40F8B00DD94C3 /* GameInfo.swift in Sources */,
			);
			runOnlyForDeploymentPostprocessing = 0;
		};
		2FE674B22C18C16D00B0D2E1 /* Sources */ = {
			isa = PBXSourcesBuildPhase;
			buildActionMask = 2147483647;
			files = (
				2FE674B32C18C16D00B0D2E1 /* CustomGauge.swift in Sources */,
				2F96C9C42C195DDF008C7708 /* SecureAPI.swift in Sources */,
				2FE674B42C18C16D00B0D2E1 /* FuelList.swift in Sources */,
				2F6DAA8F2F0AF4B60047F03E /* ei.pb.swift in Sources */,
				2FE674B52C18C16D00B0D2E1 /* Numbers.swift in Sources */,
				2FE674B72C18C16D00B0D2E1 /* MissionInfoEmpty.swift in Sources */,
				2FE674B82C18C16D00B0D2E1 /* MissionInfoEntryView.swift in Sources */,
				2FE674B92C18C16D00B0D2E1 /* UI.swift in Sources */,
				2FE674BA2C18C16D00B0D2E1 /* MissionInfo.swift in Sources */,
				2FE674BB2C18C16D00B0D2E1 /* ArtifactInfo.swift in Sources */,
				2FE674BC2C18C16D00B0D2E1 /* SignedOutView.swift in Sources */,
				2FE674EF2C18CCB100B0D2E1 /* MissionInfoAccessoryRectangular.swift in Sources */,
				2FE674BD2C18C16D00B0D2E1 /* MissionInfoBundle.swift in Sources */,
				2FE674BE2C18C16D00B0D2E1 /* MissionInfoEntry.swift in Sources */,
				2F0FED502E3E866200BFA62C /* Notifications.swift in Sources */,
				2FE674BF2C18C16D00B0D2E1 /* Provider.swift in Sources */,
				2FE674FA2C190DB600B0D2E1 /* MissionInfoAccessoryCorner.swift in Sources */,
				2FE674C02C18C16D00B0D2E1 /* MediumGauge.swift in Sources */,
				2FE674F72C18FC8800B0D2E1 /* MissionInfoAccessoryCircular.swift in Sources */,
				2FE674C12C18C16D00B0D2E1 /* MissionInfoMedium.swift in Sources */,
				2FE674C22C18C16D00B0D2E1 /* API.swift in Sources */,
				2FF48FCA2DD40F8B00DD94C3 /* GameInfo.swift in Sources */,
				2FE674C42C18C16D00B0D2E1 /* Extensions.swift in Sources */,
				2FE674C52C18C16D00B0D2E1 /* MissionInfoSmall.swift in Sources */,
			);
			runOnlyForDeploymentPostprocessing = 0;
		};
		2FF48F872DD3EFEA00DD94C3 /* Sources */ = {
			isa = PBXSourcesBuildPhase;
			buildActionMask = 2147483647;
			files = (
				2FF48FA42DD3EFF400DD94C3 /* UserInfo.swift in Sources */,
				2FF48FAC2DD3F16300DD94C3 /* SecureAPI.swift in Sources */,
				2FF48FA82DD3F02500DD94C3 /* Provider.swift in Sources */,
				2FF48FB02DD3F1C200DD94C3 /* UI.swift in Sources */,
				2FF48FA52DD3EFF400DD94C3 /* UserInfoBundle.swift in Sources */,
				2FF48FAA2DD3F03300DD94C3 /* UserInfoEntry.swift in Sources */,
				2FF48FB92DD3F4C100DD94C3 /* UserInfoSmall.swift in Sources */,
				2FF48FB42DD3F43800DD94C3 /* UserInfoEntryView.swift in Sources */,
				2F6DAA8E2F0AF4B60047F03E /* ei.pb.swift in Sources */,
				2FF48FAD2DD3F16800DD94C3 /* API.swift in Sources */,
				2FF48FAE2DD3F1B500DD94C3 /* ArtifactInfo.swift in Sources */,
				2FF48FB12DD3F1C700DD94C3 /* Extensions.swift in Sources */,
				2F0FED4F2E3E866200BFA62C /* Notifications.swift in Sources */,
				2FF48FAF2DD3F1BC00DD94C3 /* Numbers.swift in Sources */,
				2FF48FB52DD3F47200DD94C3 /* SignedOutView.swift in Sources */,
				2FF48FCB2DD40F8B00DD94C3 /* GameInfo.swift in Sources */,
			);
			runOnlyForDeploymentPostprocessing = 0;
		};
/* End PBXSourcesBuildPhase section */

/* Begin PBXTargetDependency section */
		2F20FDEE2BE431B700B30302 /* PBXTargetDependency */ = {
			isa = PBXTargetDependency;
			target = 2F20FDDE2BE431B600B30302 /* MissionInfoExtension */;
			targetProxy = 2F20FDED2BE431B700B30302 /* PBXContainerItemProxy */;
		};
		2FE59DF02E19881200E125B2 /* PBXTargetDependency */ = {
			isa = PBXTargetDependency;
			target = 2FE59DE32E19881000E125B2 /* ContractInfoExtension */;
			targetProxy = 2FE59DEF2E19881200E125B2 /* PBXContainerItemProxy */;
		};
		2FE674A82C18C12800B0D2E1 /* PBXTargetDependency */ = {
			isa = PBXTargetDependency;
			target = 2FE6749B2C18C12700B0D2E1 /* WidgetEggWatch */;
			targetProxy = 2FE674A72C18C12800B0D2E1 /* PBXContainerItemProxy */;
		};
		2FE674D52C18C21100B0D2E1 /* PBXTargetDependency */ = {
			isa = PBXTargetDependency;
			target = 2FE674AE2C18C16D00B0D2E1 /* MissionInfoWatchExtension */;
			targetProxy = 2FE674D42C18C21100B0D2E1 /* PBXContainerItemProxy */;
		};
		2FF48F972DD3EFEB00DD94C3 /* PBXTargetDependency */ = {
			isa = PBXTargetDependency;
			target = 2FF48F8A2DD3EFEA00DD94C3 /* UserInfoExtension */;
			targetProxy = 2FF48F962DD3EFEB00DD94C3 /* PBXContainerItemProxy */;
		};
/* End PBXTargetDependency section */

/* Begin XCBuildConfiguration section */
		2F20FDF12BE431B700B30302 /* Debug */ = {
			isa = XCBuildConfiguration;
			buildSettings = {
				ASSETCATALOG_COMPILER_GLOBAL_ACCENT_COLOR_NAME = AccentColor;
				ASSETCATALOG_COMPILER_WIDGET_BACKGROUND_COLOR_NAME = WidgetBackground;
				CODE_SIGN_ENTITLEMENTS = MissionInfo/MissionInfo.entitlements;
				CODE_SIGN_IDENTITY = "Apple Development";
				CODE_SIGN_STYLE = Automatic;
				DEAD_CODE_STRIPPING = YES;
				DEVELOPMENT_ASSET_PATHS = "";
				ENABLE_HARDENED_RUNTIME = YES;
				GENERATE_INFOPLIST_FILE = YES;
				INFOPLIST_FILE = WidgetEgg/ExtensionInfo.plist;
				INFOPLIST_KEY_CFBundleDisplayName = MissionInfo;
				INFOPLIST_KEY_LSApplicationCategoryType = "";
				INFOPLIST_KEY_NSHumanReadableCopyright = "";
				IPHONEOS_DEPLOYMENT_TARGET = 16.0;
				LD_RUNPATH_SEARCH_PATHS = (
					"$(inherited)",
					"@executable_path/Frameworks",
					"@executable_path/../../Frameworks",
				);
				"LD_RUNPATH_SEARCH_PATHS[sdk=macosx*]" = (
					"$(inherited)",
					"@executable_path/../Frameworks",
					"@executable_path/../../../../Frameworks",
				);
				MACOSX_DEPLOYMENT_TARGET = 14.0;
				PRODUCT_BUNDLE_IDENTIFIER = com.tiller.WidgetEgg.MissionInfo;
				PRODUCT_NAME = "$(TARGET_NAME)";
				PROVISIONING_PROFILE_SPECIFIER = "";
				SDKROOT = auto;
				SKIP_INSTALL = YES;
				SUPPORTED_PLATFORMS = "iphoneos iphonesimulator";
				SUPPORTS_MACCATALYST = NO;
				SUPPORTS_MAC_DESIGNED_FOR_IPHONE_IPAD = YES;
				SUPPORTS_XR_DESIGNED_FOR_IPHONE_IPAD = YES;
				SWIFT_EMIT_LOC_STRINGS = YES;
				SWIFT_VERSION = 5.0;
				TARGETED_DEVICE_FAMILY = "1,2";
			};
			name = Debug;
		};
		2F20FDF22BE431B700B30302 /* Release */ = {
			isa = XCBuildConfiguration;
			buildSettings = {
				ASSETCATALOG_COMPILER_GLOBAL_ACCENT_COLOR_NAME = AccentColor;
				ASSETCATALOG_COMPILER_WIDGET_BACKGROUND_COLOR_NAME = WidgetBackground;
				CODE_SIGN_ENTITLEMENTS = MissionInfo/MissionInfo.entitlements;
				CODE_SIGN_IDENTITY = "Apple Development";
				CODE_SIGN_STYLE = Automatic;
				DEAD_CODE_STRIPPING = YES;
				DEVELOPMENT_ASSET_PATHS = "";
				ENABLE_HARDENED_RUNTIME = YES;
				GENERATE_INFOPLIST_FILE = YES;
				INFOPLIST_FILE = WidgetEgg/ExtensionInfo.plist;
				INFOPLIST_KEY_CFBundleDisplayName = MissionInfo;
				INFOPLIST_KEY_LSApplicationCategoryType = "";
				INFOPLIST_KEY_NSHumanReadableCopyright = "";
				IPHONEOS_DEPLOYMENT_TARGET = 16.0;
				LD_RUNPATH_SEARCH_PATHS = (
					"$(inherited)",
					"@executable_path/Frameworks",
					"@executable_path/../../Frameworks",
				);
				"LD_RUNPATH_SEARCH_PATHS[sdk=macosx*]" = (
					"$(inherited)",
					"@executable_path/../Frameworks",
					"@executable_path/../../../../Frameworks",
				);
				MACOSX_DEPLOYMENT_TARGET = 14.0;
				PRODUCT_BUNDLE_IDENTIFIER = com.tiller.WidgetEgg.MissionInfo;
				PRODUCT_NAME = "$(TARGET_NAME)";
				PROVISIONING_PROFILE_SPECIFIER = "";
				SDKROOT = auto;
				SKIP_INSTALL = YES;
				SUPPORTED_PLATFORMS = "iphoneos iphonesimulator";
				SUPPORTS_MACCATALYST = NO;
				SUPPORTS_MAC_DESIGNED_FOR_IPHONE_IPAD = YES;
				SUPPORTS_XR_DESIGNED_FOR_IPHONE_IPAD = YES;
				SWIFT_EMIT_LOC_STRINGS = YES;
				SWIFT_VERSION = 5.0;
				TARGETED_DEVICE_FAMILY = "1,2";
			};
			name = Release;
		};
		2F4772E22BE41E9700EC6E07 /* Debug */ = {
			isa = XCBuildConfiguration;
			buildSettings = {
				ALWAYS_SEARCH_USER_PATHS = NO;
				ASSETCATALOG_COMPILER_GENERATE_SWIFT_ASSET_SYMBOL_EXTENSIONS = YES;
				CLANG_ANALYZER_NONNULL = YES;
				CLANG_ANALYZER_NUMBER_OBJECT_CONVERSION = YES_AGGRESSIVE;
				CLANG_CXX_LANGUAGE_STANDARD = "gnu++20";
				CLANG_ENABLE_MODULES = YES;
				CLANG_ENABLE_OBJC_ARC = YES;
				CLANG_ENABLE_OBJC_WEAK = YES;
				CLANG_WARN_BLOCK_CAPTURE_AUTORELEASING = YES;
				CLANG_WARN_BOOL_CONVERSION = YES;
				CLANG_WARN_COMMA = YES;
				CLANG_WARN_CONSTANT_CONVERSION = YES;
				CLANG_WARN_DEPRECATED_OBJC_IMPLEMENTATIONS = YES;
				CLANG_WARN_DIRECT_OBJC_ISA_USAGE = YES_ERROR;
				CLANG_WARN_DOCUMENTATION_COMMENTS = YES;
				CLANG_WARN_EMPTY_BODY = YES;
				CLANG_WARN_ENUM_CONVERSION = YES;
				CLANG_WARN_INFINITE_RECURSION = YES;
				CLANG_WARN_INT_CONVERSION = YES;
				CLANG_WARN_NON_LITERAL_NULL_CONVERSION = YES;
				CLANG_WARN_OBJC_IMPLICIT_RETAIN_SELF = YES;
				CLANG_WARN_OBJC_LITERAL_CONVERSION = YES;
				CLANG_WARN_OBJC_ROOT_CLASS = YES_ERROR;
				CLANG_WARN_QUOTED_INCLUDE_IN_FRAMEWORK_HEADER = YES;
				CLANG_WARN_RANGE_LOOP_ANALYSIS = YES;
				CLANG_WARN_STRICT_PROTOTYPES = YES;
				CLANG_WARN_SUSPICIOUS_MOVE = YES;
				CLANG_WARN_UNGUARDED_AVAILABILITY = YES_AGGRESSIVE;
				CLANG_WARN_UNREACHABLE_CODE = YES;
				CLANG_WARN__DUPLICATE_METHOD_MATCH = YES;
				COPY_PHASE_STRIP = NO;
				CURRENT_PROJECT_VERSION = 0;
				DEBUG_INFORMATION_FORMAT = dwarf;
				DEVELOPMENT_TEAM = 7ABT9UL8L8;
				ENABLE_STRICT_OBJC_MSGSEND = YES;
				ENABLE_TESTABILITY = YES;
				ENABLE_USER_SCRIPT_SANDBOXING = NO;
				GCC_C_LANGUAGE_STANDARD = gnu17;
				GCC_DYNAMIC_NO_PIC = NO;
				GCC_NO_COMMON_BLOCKS = YES;
				GCC_OPTIMIZATION_LEVEL = 0;
				GCC_PREPROCESSOR_DEFINITIONS = (
					"DEBUG=1",
					"$(inherited)",
				);
				GCC_WARN_64_TO_32_BIT_CONVERSION = YES;
				GCC_WARN_ABOUT_RETURN_TYPE = YES_ERROR;
				GCC_WARN_UNDECLARED_SELECTOR = YES;
				GCC_WARN_UNINITIALIZED_AUTOS = YES_AGGRESSIVE;
				GCC_WARN_UNUSED_FUNCTION = YES;
				GCC_WARN_UNUSED_VARIABLE = YES;
				INFOPLIST_EXPAND_BUILD_SETTINGS = YES;
				INFOPLIST_PREPROCESS = NO;
				IPHONEOS_DEPLOYMENT_TARGET = 17.5;
				LOCALIZATION_PREFERS_STRING_CATALOGS = YES;
				MARKETING_VERSION = 3.0.0;
				MTL_ENABLE_DEBUG_INFO = INCLUDE_SOURCE;
				MTL_FAST_MATH = YES;
				ONLY_ACTIVE_ARCH = YES;
				SDKROOT = iphoneos;
				STRING_CATALOG_GENERATE_SYMBOLS = YES;
				SWIFT_ACTIVE_COMPILATION_CONDITIONS = "DEBUG $(inherited)";
				SWIFT_OPTIMIZATION_LEVEL = "-Onone";
				WATCHOS_DEPLOYMENT_TARGET = 10.5;
			};
			name = Debug;
		};
		2F4772E32BE41E9700EC6E07 /* Release */ = {
			isa = XCBuildConfiguration;
			buildSettings = {
				ALWAYS_SEARCH_USER_PATHS = NO;
				ASSETCATALOG_COMPILER_GENERATE_SWIFT_ASSET_SYMBOL_EXTENSIONS = YES;
				CLANG_ANALYZER_NONNULL = YES;
				CLANG_ANALYZER_NUMBER_OBJECT_CONVERSION = YES_AGGRESSIVE;
				CLANG_CXX_LANGUAGE_STANDARD = "gnu++20";
				CLANG_ENABLE_MODULES = YES;
				CLANG_ENABLE_OBJC_ARC = YES;
				CLANG_ENABLE_OBJC_WEAK = YES;
				CLANG_WARN_BLOCK_CAPTURE_AUTORELEASING = YES;
				CLANG_WARN_BOOL_CONVERSION = YES;
				CLANG_WARN_COMMA = YES;
				CLANG_WARN_CONSTANT_CONVERSION = YES;
				CLANG_WARN_DEPRECATED_OBJC_IMPLEMENTATIONS = YES;
				CLANG_WARN_DIRECT_OBJC_ISA_USAGE = YES_ERROR;
				CLANG_WARN_DOCUMENTATION_COMMENTS = YES;
				CLANG_WARN_EMPTY_BODY = YES;
				CLANG_WARN_ENUM_CONVERSION = YES;
				CLANG_WARN_INFINITE_RECURSION = YES;
				CLANG_WARN_INT_CONVERSION = YES;
				CLANG_WARN_NON_LITERAL_NULL_CONVERSION = YES;
				CLANG_WARN_OBJC_IMPLICIT_RETAIN_SELF = YES;
				CLANG_WARN_OBJC_LITERAL_CONVERSION = YES;
				CLANG_WARN_OBJC_ROOT_CLASS = YES_ERROR;
				CLANG_WARN_QUOTED_INCLUDE_IN_FRAMEWORK_HEADER = YES;
				CLANG_WARN_RANGE_LOOP_ANALYSIS = YES;
				CLANG_WARN_STRICT_PROTOTYPES = YES;
				CLANG_WARN_SUSPICIOUS_MOVE = YES;
				CLANG_WARN_UNGUARDED_AVAILABILITY = YES_AGGRESSIVE;
				CLANG_WARN_UNREACHABLE_CODE = YES;
				CLANG_WARN__DUPLICATE_METHOD_MATCH = YES;
				COPY_PHASE_STRIP = NO;
				CURRENT_PROJECT_VERSION = 0;
				DEBUG_INFORMATION_FORMAT = "dwarf-with-dsym";
				DEVELOPMENT_TEAM = 7ABT9UL8L8;
				ENABLE_NS_ASSERTIONS = NO;
				ENABLE_STRICT_OBJC_MSGSEND = YES;
				ENABLE_USER_SCRIPT_SANDBOXING = NO;
				GCC_C_LANGUAGE_STANDARD = gnu17;
				GCC_NO_COMMON_BLOCKS = YES;
				GCC_WARN_64_TO_32_BIT_CONVERSION = YES;
				GCC_WARN_ABOUT_RETURN_TYPE = YES_ERROR;
				GCC_WARN_UNDECLARED_SELECTOR = YES;
				GCC_WARN_UNINITIALIZED_AUTOS = YES_AGGRESSIVE;
				GCC_WARN_UNUSED_FUNCTION = YES;
				GCC_WARN_UNUSED_VARIABLE = YES;
				INFOPLIST_EXPAND_BUILD_SETTINGS = YES;
				INFOPLIST_PREPROCESS = NO;
				IPHONEOS_DEPLOYMENT_TARGET = 17.5;
				LOCALIZATION_PREFERS_STRING_CATALOGS = YES;
				MARKETING_VERSION = 3.0.0;
				MTL_ENABLE_DEBUG_INFO = NO;
				MTL_FAST_MATH = YES;
				SDKROOT = iphoneos;
				STRING_CATALOG_GENERATE_SYMBOLS = YES;
				SWIFT_COMPILATION_MODE = wholemodule;
				VALIDATE_PRODUCT = YES;
				WATCHOS_DEPLOYMENT_TARGET = 10.5;
			};
			name = Release;
		};
		2F4772E52BE41E9700EC6E07 /* Debug */ = {
			isa = XCBuildConfiguration;
			buildSettings = {
				ASSETCATALOG_COMPILER_APPICON_NAME = AppIcon;
				ASSETCATALOG_COMPILER_GLOBAL_ACCENT_COLOR_NAME = AccentColor;
				CODE_SIGN_ENTITLEMENTS = WidgetEgg/WidgetEgg.entitlements;
				CODE_SIGN_IDENTITY = "Apple Development";
				CODE_SIGN_STYLE = Automatic;
				DEVELOPMENT_ASSET_PATHS = "";
				ENABLE_PREVIEWS = YES;
				GENERATE_INFOPLIST_FILE = YES;
				INFOPLIST_FILE = WidgetEgg/Info.plist;
				INFOPLIST_KEY_CFBundleDisplayName = WidgetEgg;
				INFOPLIST_KEY_ITSAppUsesNonExemptEncryption = NO;
				INFOPLIST_KEY_LSApplicationCategoryType = "public.app-category.utilities";
				INFOPLIST_KEY_UIApplicationSceneManifest_Generation = YES;
				INFOPLIST_KEY_UIApplicationSupportsIndirectInputEvents = YES;
				INFOPLIST_KEY_UILaunchScreen_Generation = YES;
				INFOPLIST_KEY_UISupportedInterfaceOrientations = UIInterfaceOrientationPortrait;
				INFOPLIST_KEY_UISupportedInterfaceOrientations_iPad = "UIInterfaceOrientationLandscapeLeft UIInterfaceOrientationLandscapeRight UIInterfaceOrientationPortrait UIInterfaceOrientationPortraitUpsideDown";
				IPHONEOS_DEPLOYMENT_TARGET = 16.0;
				LD_RUNPATH_SEARCH_PATHS = (
					"$(inherited)",
					"@executable_path/Frameworks",
				);
				MACOSX_DEPLOYMENT_TARGET = 13.0;
				PRODUCT_BUNDLE_IDENTIFIER = com.tiller.WidgetEgg;
				PRODUCT_NAME = "$(TARGET_NAME)";
				PROVISIONING_PROFILE_SPECIFIER = "";
				SUPPORTED_PLATFORMS = "iphoneos iphonesimulator";
				SUPPORTS_MACCATALYST = NO;
				SUPPORTS_MAC_DESIGNED_FOR_IPHONE_IPAD = YES;
				SUPPORTS_XR_DESIGNED_FOR_IPHONE_IPAD = YES;
				SWIFT_EMIT_LOC_STRINGS = YES;
				SWIFT_VERSION = 5.0;
				TARGETED_DEVICE_FAMILY = "1,2";
			};
			name = Debug;
		};
		2F4772E62BE41E9700EC6E07 /* Release */ = {
			isa = XCBuildConfiguration;
			buildSettings = {
				ASSETCATALOG_COMPILER_APPICON_NAME = AppIcon;
				ASSETCATALOG_COMPILER_GLOBAL_ACCENT_COLOR_NAME = AccentColor;
				CODE_SIGN_ENTITLEMENTS = WidgetEgg/WidgetEgg.entitlements;
				CODE_SIGN_IDENTITY = "Apple Development";
				CODE_SIGN_STYLE = Automatic;
				DEVELOPMENT_ASSET_PATHS = "";
				ENABLE_PREVIEWS = YES;
				GENERATE_INFOPLIST_FILE = YES;
				INFOPLIST_FILE = WidgetEgg/Info.plist;
				INFOPLIST_KEY_CFBundleDisplayName = WidgetEgg;
				INFOPLIST_KEY_ITSAppUsesNonExemptEncryption = NO;
				INFOPLIST_KEY_LSApplicationCategoryType = "public.app-category.utilities";
				INFOPLIST_KEY_UIApplicationSceneManifest_Generation = YES;
				INFOPLIST_KEY_UIApplicationSupportsIndirectInputEvents = YES;
				INFOPLIST_KEY_UILaunchScreen_Generation = YES;
				INFOPLIST_KEY_UISupportedInterfaceOrientations = UIInterfaceOrientationPortrait;
				INFOPLIST_KEY_UISupportedInterfaceOrientations_iPad = "UIInterfaceOrientationLandscapeLeft UIInterfaceOrientationLandscapeRight UIInterfaceOrientationPortrait UIInterfaceOrientationPortraitUpsideDown";
				IPHONEOS_DEPLOYMENT_TARGET = 16.0;
				LD_RUNPATH_SEARCH_PATHS = (
					"$(inherited)",
					"@executable_path/Frameworks",
				);
				MACOSX_DEPLOYMENT_TARGET = 13.0;
				PRODUCT_BUNDLE_IDENTIFIER = com.tiller.WidgetEgg;
				PRODUCT_NAME = "$(TARGET_NAME)";
				PROVISIONING_PROFILE_SPECIFIER = "";
				SUPPORTED_PLATFORMS = "iphoneos iphonesimulator";
				SUPPORTS_MACCATALYST = NO;
				SUPPORTS_MAC_DESIGNED_FOR_IPHONE_IPAD = YES;
				SUPPORTS_XR_DESIGNED_FOR_IPHONE_IPAD = YES;
				SWIFT_EMIT_LOC_STRINGS = YES;
				SWIFT_VERSION = 5.0;
				TARGETED_DEVICE_FAMILY = "1,2";
			};
			name = Release;
		};
		2FE59DF42E19881200E125B2 /* Debug */ = {
			isa = XCBuildConfiguration;
			buildSettings = {
				ASSETCATALOG_COMPILER_GLOBAL_ACCENT_COLOR_NAME = AccentColor;
				ASSETCATALOG_COMPILER_WIDGET_BACKGROUND_COLOR_NAME = WidgetBackground;
				CODE_SIGN_ENTITLEMENTS = ContractInfo/ContractInfoExtension.entitlements;
				CODE_SIGN_STYLE = Automatic;
				CURRENT_PROJECT_VERSION = 0;
				ENABLE_USER_SCRIPT_SANDBOXING = YES;
				GENERATE_INFOPLIST_FILE = YES;
				INFOPLIST_FILE = ContractInfo/Info.plist;
				INFOPLIST_KEY_CFBundleDisplayName = ContractInfo;
				INFOPLIST_KEY_NSHumanReadableCopyright = "";
				IPHONEOS_DEPLOYMENT_TARGET = 17.0;
				LD_RUNPATH_SEARCH_PATHS = (
					"$(inherited)",
					"@executable_path/Frameworks",
					"@executable_path/../../Frameworks",
				);
				PRODUCT_BUNDLE_IDENTIFIER = com.tiller.WidgetEgg.ContractInfo;
				PRODUCT_NAME = "$(TARGET_NAME)";
				SKIP_INSTALL = YES;
				SWIFT_EMIT_LOC_STRINGS = YES;
				SWIFT_VERSION = 5.0;
				TARGETED_DEVICE_FAMILY = "1,2";
			};
			name = Debug;
		};
		2FE59DF52E19881200E125B2 /* Release */ = {
			isa = XCBuildConfiguration;
			buildSettings = {
				ASSETCATALOG_COMPILER_GLOBAL_ACCENT_COLOR_NAME = AccentColor;
				ASSETCATALOG_COMPILER_WIDGET_BACKGROUND_COLOR_NAME = WidgetBackground;
				CODE_SIGN_ENTITLEMENTS = ContractInfo/ContractInfoExtension.entitlements;
				CODE_SIGN_STYLE = Automatic;
				CURRENT_PROJECT_VERSION = 0;
				ENABLE_USER_SCRIPT_SANDBOXING = YES;
				GENERATE_INFOPLIST_FILE = YES;
				INFOPLIST_FILE = ContractInfo/Info.plist;
				INFOPLIST_KEY_CFBundleDisplayName = ContractInfo;
				INFOPLIST_KEY_NSHumanReadableCopyright = "";
				IPHONEOS_DEPLOYMENT_TARGET = 17.0;
				LD_RUNPATH_SEARCH_PATHS = (
					"$(inherited)",
					"@executable_path/Frameworks",
					"@executable_path/../../Frameworks",
				);
				PRODUCT_BUNDLE_IDENTIFIER = com.tiller.WidgetEgg.ContractInfo;
				PRODUCT_NAME = "$(TARGET_NAME)";
				SKIP_INSTALL = YES;
				SWIFT_EMIT_LOC_STRINGS = YES;
				SWIFT_VERSION = 5.0;
				TARGETED_DEVICE_FAMILY = "1,2";
			};
			name = Release;
		};
		2FE674AB2C18C12800B0D2E1 /* Debug */ = {
			isa = XCBuildConfiguration;
			buildSettings = {
				ASSETCATALOG_COMPILER_APPICON_NAME = AppIcon;
				ASSETCATALOG_COMPILER_GLOBAL_ACCENT_COLOR_NAME = AccentColor;
				CODE_SIGN_ENTITLEMENTS = WidgetEggWatch/WidgetEggWatch.entitlements;
				CODE_SIGN_STYLE = Automatic;
				ENABLE_PREVIEWS = YES;
				GENERATE_INFOPLIST_FILE = YES;
				INFOPLIST_FILE = WidgetEgg/Info.plist;
				INFOPLIST_KEY_CFBundleDisplayName = WidgetEgg;
				INFOPLIST_KEY_UISupportedInterfaceOrientations = "UIInterfaceOrientationPortrait UIInterfaceOrientationPortraitUpsideDown";
				INFOPLIST_KEY_WKCompanionAppBundleIdentifier = com.tiller.WidgetEgg;
				INFOPLIST_KEY_WKRunsIndependentlyOfCompanionApp = YES;
				LD_RUNPATH_SEARCH_PATHS = (
					"$(inherited)",
					"@executable_path/Frameworks",
				);
				PRODUCT_BUNDLE_IDENTIFIER = com.tiller.WidgetEgg.watchkitapp;
				PRODUCT_NAME = "$(TARGET_NAME)";
				SDKROOT = watchos;
				SKIP_INSTALL = YES;
				SWIFT_EMIT_LOC_STRINGS = YES;
				SWIFT_VERSION = 5.0;
				TARGETED_DEVICE_FAMILY = 4;
				WATCHOS_DEPLOYMENT_TARGET = 9.0;
			};
			name = Debug;
		};
		2FE674AC2C18C12800B0D2E1 /* Release */ = {
			isa = XCBuildConfiguration;
			buildSettings = {
				ASSETCATALOG_COMPILER_APPICON_NAME = AppIcon;
				ASSETCATALOG_COMPILER_GLOBAL_ACCENT_COLOR_NAME = AccentColor;
				CODE_SIGN_ENTITLEMENTS = WidgetEggWatch/WidgetEggWatch.entitlements;
				CODE_SIGN_STYLE = Automatic;
				ENABLE_PREVIEWS = YES;
				GENERATE_INFOPLIST_FILE = YES;
				INFOPLIST_FILE = WidgetEgg/Info.plist;
				INFOPLIST_KEY_CFBundleDisplayName = WidgetEgg;
				INFOPLIST_KEY_UISupportedInterfaceOrientations = "UIInterfaceOrientationPortrait UIInterfaceOrientationPortraitUpsideDown";
				INFOPLIST_KEY_WKCompanionAppBundleIdentifier = com.tiller.WidgetEgg;
				INFOPLIST_KEY_WKRunsIndependentlyOfCompanionApp = YES;
				LD_RUNPATH_SEARCH_PATHS = (
					"$(inherited)",
					"@executable_path/Frameworks",
				);
				PRODUCT_BUNDLE_IDENTIFIER = com.tiller.WidgetEgg.watchkitapp;
				PRODUCT_NAME = "$(TARGET_NAME)";
				SDKROOT = watchos;
				SKIP_INSTALL = YES;
				SWIFT_EMIT_LOC_STRINGS = YES;
				SWIFT_VERSION = 5.0;
				TARGETED_DEVICE_FAMILY = 4;
				WATCHOS_DEPLOYMENT_TARGET = 9.0;
			};
			name = Release;
		};
		2FE674CF2C18C16D00B0D2E1 /* Debug */ = {
			isa = XCBuildConfiguration;
			buildSettings = {
				ASSETCATALOG_COMPILER_GLOBAL_ACCENT_COLOR_NAME = AccentColor;
				ASSETCATALOG_COMPILER_WIDGET_BACKGROUND_COLOR_NAME = WidgetBackground;
				CODE_SIGN_ENTITLEMENTS = MissionInfo/MissionInfo.entitlements;
				"CODE_SIGN_IDENTITY[sdk=macosx*]" = "Apple Development";
				CODE_SIGN_STYLE = Automatic;
				DEVELOPMENT_ASSET_PATHS = "";
				ENABLE_HARDENED_RUNTIME = NO;
				GENERATE_INFOPLIST_FILE = YES;
				INFOPLIST_FILE = WidgetEgg/ExtensionInfo.plist;
				INFOPLIST_KEY_CFBundleDisplayName = MissionInfo;
				INFOPLIST_KEY_NSHumanReadableCopyright = "";
				IPHONEOS_DEPLOYMENT_TARGET = 16.0;
				LD_RUNPATH_SEARCH_PATHS = (
					"$(inherited)",
					"@executable_path/Frameworks",
					"@executable_path/../../Frameworks",
				);
				"LD_RUNPATH_SEARCH_PATHS[sdk=macosx*]" = (
					"$(inherited)",
					"@executable_path/../Frameworks",
					"@executable_path/../../../../Frameworks",
				);
				MACOSX_DEPLOYMENT_TARGET = 14.0;
				PRODUCT_BUNDLE_IDENTIFIER = com.tiller.WidgetEgg.watchkitapp.MissionInfo;
				PRODUCT_NAME = "$(TARGET_NAME)";
				SDKROOT = watchos;
				SKIP_INSTALL = YES;
				SUPPORTED_PLATFORMS = "watchos watchsimulator";
				SUPPORTS_MACCATALYST = NO;
				SWIFT_EMIT_LOC_STRINGS = YES;
				SWIFT_VERSION = 5.0;
				TARGETED_DEVICE_FAMILY = 4;
				WATCHOS_DEPLOYMENT_TARGET = 9.0;
			};
			name = Debug;
		};
		2FE674D02C18C16D00B0D2E1 /* Release */ = {
			isa = XCBuildConfiguration;
			buildSettings = {
				ASSETCATALOG_COMPILER_GLOBAL_ACCENT_COLOR_NAME = AccentColor;
				ASSETCATALOG_COMPILER_WIDGET_BACKGROUND_COLOR_NAME = WidgetBackground;
				CODE_SIGN_ENTITLEMENTS = MissionInfo/MissionInfo.entitlements;
				"CODE_SIGN_IDENTITY[sdk=macosx*]" = "Apple Development";
				CODE_SIGN_STYLE = Automatic;
				DEVELOPMENT_ASSET_PATHS = "";
				ENABLE_HARDENED_RUNTIME = NO;
				GENERATE_INFOPLIST_FILE = YES;
				INFOPLIST_FILE = WidgetEgg/ExtensionInfo.plist;
				INFOPLIST_KEY_CFBundleDisplayName = MissionInfo;
				INFOPLIST_KEY_NSHumanReadableCopyright = "";
				IPHONEOS_DEPLOYMENT_TARGET = 16.0;
				LD_RUNPATH_SEARCH_PATHS = (
					"$(inherited)",
					"@executable_path/Frameworks",
					"@executable_path/../../Frameworks",
				);
				"LD_RUNPATH_SEARCH_PATHS[sdk=macosx*]" = (
					"$(inherited)",
					"@executable_path/../Frameworks",
					"@executable_path/../../../../Frameworks",
				);
				MACOSX_DEPLOYMENT_TARGET = 14.0;
				PRODUCT_BUNDLE_IDENTIFIER = com.tiller.WidgetEgg.watchkitapp.MissionInfo;
				PRODUCT_NAME = "$(TARGET_NAME)";
				SDKROOT = watchos;
				SKIP_INSTALL = YES;
				SUPPORTED_PLATFORMS = "watchos watchsimulator";
				SUPPORTS_MACCATALYST = NO;
				SWIFT_EMIT_LOC_STRINGS = YES;
				SWIFT_VERSION = 5.0;
				TARGETED_DEVICE_FAMILY = 4;
				WATCHOS_DEPLOYMENT_TARGET = 9.0;
			};
			name = Release;
		};
		2FF48F9B2DD3EFEB00DD94C3 /* Debug */ = {
			isa = XCBuildConfiguration;
			buildSettings = {
				ASSETCATALOG_COMPILER_GLOBAL_ACCENT_COLOR_NAME = AccentColor;
				ASSETCATALOG_COMPILER_WIDGET_BACKGROUND_COLOR_NAME = WidgetBackground;
				CODE_SIGN_ENTITLEMENTS = UserInfo/UserInfo.entitlements;
				CODE_SIGN_STYLE = Automatic;
				ENABLE_USER_SCRIPT_SANDBOXING = YES;
				GENERATE_INFOPLIST_FILE = YES;
				INFOPLIST_FILE = UserInfo/Info.plist;
				INFOPLIST_KEY_CFBundleDisplayName = UserInfo;
				INFOPLIST_KEY_NSHumanReadableCopyright = "";
				IPHONEOS_DEPLOYMENT_TARGET = 16.0;
				LD_RUNPATH_SEARCH_PATHS = (
					"$(inherited)",
					"@executable_path/Frameworks",
					"@executable_path/../../Frameworks",
				);
				PRODUCT_BUNDLE_IDENTIFIER = com.tiller.WidgetEgg.UserInfo;
				PRODUCT_NAME = "$(TARGET_NAME)";
				SKIP_INSTALL = YES;
				SUPPORTED_PLATFORMS = "iphoneos iphonesimulator";
				SUPPORTS_MACCATALYST = NO;
				SUPPORTS_XR_DESIGNED_FOR_IPHONE_IPAD = YES;
				SWIFT_EMIT_LOC_STRINGS = YES;
				SWIFT_VERSION = 5.0;
				TARGETED_DEVICE_FAMILY = "1,2";
			};
			name = Debug;
		};
		2FF48F9C2DD3EFEB00DD94C3 /* Release */ = {
			isa = XCBuildConfiguration;
			buildSettings = {
				ASSETCATALOG_COMPILER_GLOBAL_ACCENT_COLOR_NAME = AccentColor;
				ASSETCATALOG_COMPILER_WIDGET_BACKGROUND_COLOR_NAME = WidgetBackground;
				CODE_SIGN_ENTITLEMENTS = UserInfo/UserInfo.entitlements;
				CODE_SIGN_STYLE = Automatic;
				ENABLE_USER_SCRIPT_SANDBOXING = YES;
				GENERATE_INFOPLIST_FILE = YES;
				INFOPLIST_FILE = UserInfo/Info.plist;
				INFOPLIST_KEY_CFBundleDisplayName = UserInfo;
				INFOPLIST_KEY_NSHumanReadableCopyright = "";
				IPHONEOS_DEPLOYMENT_TARGET = 16.0;
				LD_RUNPATH_SEARCH_PATHS = (
					"$(inherited)",
					"@executable_path/Frameworks",
					"@executable_path/../../Frameworks",
				);
				PRODUCT_BUNDLE_IDENTIFIER = com.tiller.WidgetEgg.UserInfo;
				PRODUCT_NAME = "$(TARGET_NAME)";
				SKIP_INSTALL = YES;
				SUPPORTED_PLATFORMS = "iphoneos iphonesimulator";
				SUPPORTS_MACCATALYST = NO;
				SUPPORTS_XR_DESIGNED_FOR_IPHONE_IPAD = YES;
				SWIFT_EMIT_LOC_STRINGS = YES;
				SWIFT_VERSION = 5.0;
				TARGETED_DEVICE_FAMILY = "1,2";
			};
			name = Release;
		};
/* End XCBuildConfiguration section */

/* Begin XCConfigurationList section */
		2F20FDF02BE431B700B30302 /* Build configuration list for PBXNativeTarget "MissionInfoExtension" */ = {
			isa = XCConfigurationList;
			buildConfigurations = (
				2F20FDF12BE431B700B30302 /* Debug */,
				2F20FDF22BE431B700B30302 /* Release */,
			);
			defaultConfigurationIsVisible = 0;
			defaultConfigurationName = Release;
		};
		2F4772D12BE41E9600EC6E07 /* Build configuration list for PBXProject "WidgetEgg" */ = {
			isa = XCConfigurationList;
			buildConfigurations = (
				2F4772E22BE41E9700EC6E07 /* Debug */,
				2F4772E32BE41E9700EC6E07 /* Release */,
			);
			defaultConfigurationIsVisible = 0;
			defaultConfigurationName = Release;
		};
		2F4772E42BE41E9700EC6E07 /* Build configuration list for PBXNativeTarget "WidgetEgg" */ = {
			isa = XCConfigurationList;
			buildConfigurations = (
				2F4772E52BE41E9700EC6E07 /* Debug */,
				2F4772E62BE41E9700EC6E07 /* Release */,
			);
			defaultConfigurationIsVisible = 0;
			defaultConfigurationName = Release;
		};
		2FE59DF32E19881200E125B2 /* Build configuration list for PBXNativeTarget "ContractInfoExtension" */ = {
			isa = XCConfigurationList;
			buildConfigurations = (
				2FE59DF42E19881200E125B2 /* Debug */,
				2FE59DF52E19881200E125B2 /* Release */,
			);
			defaultConfigurationIsVisible = 0;
			defaultConfigurationName = Release;
		};
		2FE674AD2C18C12800B0D2E1 /* Build configuration list for PBXNativeTarget "WidgetEggWatch" */ = {
			isa = XCConfigurationList;
			buildConfigurations = (
				2FE674AB2C18C12800B0D2E1 /* Debug */,
				2FE674AC2C18C12800B0D2E1 /* Release */,
			);
			defaultConfigurationIsVisible = 0;
			defaultConfigurationName = Release;
		};
		2FE674CE2C18C16D00B0D2E1 /* Build configuration list for PBXNativeTarget "MissionInfoWatchExtension" */ = {
			isa = XCConfigurationList;
			buildConfigurations = (
				2FE674CF2C18C16D00B0D2E1 /* Debug */,
				2FE674D02C18C16D00B0D2E1 /* Release */,
			);
			defaultConfigurationIsVisible = 0;
			defaultConfigurationName = Release;
		};
		2FF48F9A2DD3EFEB00DD94C3 /* Build configuration list for PBXNativeTarget "UserInfoExtension" */ = {
			isa = XCConfigurationList;
			buildConfigurations = (
				2FF48F9B2DD3EFEB00DD94C3 /* Debug */,
				2FF48F9C2DD3EFEB00DD94C3 /* Release */,
			);
			defaultConfigurationIsVisible = 0;
			defaultConfigurationName = Release;
		};
/* End XCConfigurationList section */

/* Begin XCRemoteSwiftPackageReference section */
		2FA6D52D2E7C761A00063C10 /* XCRemoteSwiftPackageReference "swift-protobuf" */ = {
			isa = XCRemoteSwiftPackageReference;
			repositoryURL = "https://github.com/apple/swift-protobuf.git";
			requirement = {
				kind = upToNextMajorVersion;
				minimumVersion = 1.31.1;
			};
		};
		2FE674B02C18C16D00B0D2E1 /* XCRemoteSwiftPackageReference "swift-protobuf" */ = {
			isa = XCRemoteSwiftPackageReference;
			repositoryURL = "https://github.com/apple/swift-protobuf.git";
			requirement = {
				kind = upToNextMajorVersion;
				minimumVersion = 1.26.0;
			};
		};
/* End XCRemoteSwiftPackageReference section */

/* Begin XCSwiftPackageProductDependency section */
		2FA6D52E2E7C761A00063C10 /* SwiftProtobuf */ = {
			isa = XCSwiftPackageProductDependency;
			package = 2FA6D52D2E7C761A00063C10 /* XCRemoteSwiftPackageReference "swift-protobuf" */;
			productName = SwiftProtobuf;
		};
		2FA6D5302E7C769900063C10 /* SwiftProtobuf */ = {
			isa = XCSwiftPackageProductDependency;
			package = 2FA6D52D2E7C761A00063C10 /* XCRemoteSwiftPackageReference "swift-protobuf" */;
			productName = SwiftProtobuf;
		};
		2FA6D5322E7C76A500063C10 /* SwiftProtobuf */ = {
			isa = XCSwiftPackageProductDependency;
			package = 2FA6D52D2E7C761A00063C10 /* XCRemoteSwiftPackageReference "swift-protobuf" */;
			productName = SwiftProtobuf;
		};
		2FA6D5342E7C76AB00063C10 /* SwiftProtobuf */ = {
			isa = XCSwiftPackageProductDependency;
			package = 2FA6D52D2E7C761A00063C10 /* XCRemoteSwiftPackageReference "swift-protobuf" */;
			productName = SwiftProtobuf;
		};
		2FA6D5362E7C76AF00063C10 /* SwiftProtobuf */ = {
			isa = XCSwiftPackageProductDependency;
			package = 2FA6D52D2E7C761A00063C10 /* XCRemoteSwiftPackageReference "swift-protobuf" */;
			productName = SwiftProtobuf;
		};
		2FE674AF2C18C16D00B0D2E1 /* SwiftProtobuf */ = {
			isa = XCSwiftPackageProductDependency;
			package = 2FE674B02C18C16D00B0D2E1 /* XCRemoteSwiftPackageReference "swift-protobuf" */;
			productName = SwiftProtobuf;
		};
		2FE674B12C18C16D00B0D2E1 /* SwiftProtobufPluginLibrary */ = {
			isa = XCSwiftPackageProductDependency;
			package = 2FE674B02C18C16D00B0D2E1 /* XCRemoteSwiftPackageReference "swift-protobuf" */;
			productName = SwiftProtobufPluginLibrary;
		};
/* End XCSwiftPackageProductDependency section */
	};
	rootObject = 2F4772CE2BE41E9600EC6E07 /* Project object */;
}
